
Microsoft Visual Studio Solution File, Format Version 12.00
# Visual Studio Version 16
VisualStudioVersion = 16.0.29411.138
MinimumVisualStudioVersion = 10.0.40219.1
Project("{2150E333-8FDC-42A3-9474-1A3956D46DE8}") = "src", "src", "{26E1A61B-FA79-41BF-9C3B-5A04299F356A}"
EndProject
Project("{2150E333-8FDC-42A3-9474-1A3956D46DE8}") = "test", "test", "{EEF15943-96DB-44B5-BA4A-1D11171AD74F}"
EndProject
Project("{9A19103F-16F7-4668-BE54-9A1E7A4F7556}") = "Steeltoe.Extensions.Logging.DynamicLogger", "src\DynamicLogger\Steeltoe.Extensions.Logging.DynamicLogger.csproj", "{BCF90E1F-ADD2-42A2-8601-AB7A5C9FAFC4}"
EndProject
Project("{9A19103F-16F7-4668-BE54-9A1E7A4F7556}") = "Steeltoe.Extensions.Logging.DynamicLogger.Test", "test\DynamicLogger.Test\Steeltoe.Extensions.Logging.DynamicLogger.Test.csproj", "{CBD7C37D-6CDC-4058-9B68-68EDC87837FD}"
EndProject
Project("{2150E333-8FDC-42A3-9474-1A3956D46DE8}") = "config", "config", "{2BFFFBDB-66EE-4F9C-9ABE-DB2A9EE49F12}"
	ProjectSection(SolutionItems) = preProject
		..\..\nuget.config = ..\..\nuget.config
		..\..\sharedproject.props = ..\..\sharedproject.props
		..\..\sharedtest.props = ..\..\sharedtest.props
		..\..\stylecop.json = ..\..\stylecop.json
		..\..\versions.props = ..\..\versions.props
	EndProjectSection
EndProject
Project("{2150E333-8FDC-42A3-9474-1A3956D46DE8}") = "Solution Items", "Solution Items", "{9A1B0D5C-681B-4A1B-8C28-E8AB1936736E}"
	ProjectSection(SolutionItems) = preProject
		README.md = README.md
	EndProjectSection
EndProject
Project("{2150E333-8FDC-42A3-9474-1A3956D46DE8}") = "dependencies", "dependencies", "{6F22E520-D148-4A22-9B56-64840656D1F8}"
EndProject
Project("{9A19103F-16F7-4668-BE54-9A1E7A4F7556}") = "Steeltoe.Common.TestResources", "..\Common\test\Common.TestResources\Steeltoe.Common.TestResources.csproj", "{B78BAA02-862A-4DD3-8E9F-407FEDA3C950}"
EndProject
Project("{9A19103F-16F7-4668-BE54-9A1E7A4F7556}") = "Steeltoe.Extensions.Logging.Abstractions", "src\Abstractions\Steeltoe.Extensions.Logging.Abstractions.csproj", "{7B2CDBAF-E516-4453-A380-2757A5E334A7}"
EndProject
Project("{9A19103F-16F7-4668-BE54-9A1E7A4F7556}") = "Steeltoe.Common", "..\Common\src\Common\Steeltoe.Common.csproj", "{A393D6DA-492C-45C5-90E2-A32D43DE1C52}"
EndProject
Project("{9A19103F-16F7-4668-BE54-9A1E7A4F7556}") = "Steeltoe.Extensions.Logging.DynamicSerilogBase", "src\DynamicSerilogBase\Steeltoe.Extensions.Logging.DynamicSerilogBase.csproj", "{25DEB30C-C081-4C3F-A0FE-84402ECAE423}"
EndProject
Project("{9A19103F-16F7-4668-BE54-9A1E7A4F7556}") = "Steeltoe.Extensions.Logging.DynamicSerilogCore", "src\DynamicSerilogCore\Steeltoe.Extensions.Logging.DynamicSerilogCore.csproj", "{903FAEC8-E8EA-4FB4-A4A4-7C5445E29388}"
EndProject
Project("{9A19103F-16F7-4668-BE54-9A1E7A4F7556}") = "Steeltoe.Extensions.Logging.DynamicSerilogBase.Test", "test\DynamicSerilogBase.Test\Steeltoe.Extensions.Logging.DynamicSerilogBase.Test.csproj", "{0D36EFD8-B98E-4A1C-A367-E17156A21328}"
EndProject
Project("{9A19103F-16F7-4668-BE54-9A1E7A4F7556}") = "Steeltoe.Extensions.Logging.DynamicSerilogCore.Test", "test\DynamicSerilogCore.Test\Steeltoe.Extensions.Logging.DynamicSerilogCore.Test.csproj", "{94617780-911A-4FD8-ADC8-010F49D1EEC7}"
EndProject
Global
	GlobalSection(SolutionConfigurationPlatforms) = preSolution
		Debug|Any CPU = Debug|Any CPU
		Release|Any CPU = Release|Any CPU
	EndGlobalSection
	GlobalSection(ProjectConfigurationPlatforms) = postSolution
		{BCF90E1F-ADD2-42A2-8601-AB7A5C9FAFC4}.Debug|Any CPU.ActiveCfg = Debug|Any CPU
		{BCF90E1F-ADD2-42A2-8601-AB7A5C9FAFC4}.Debug|Any CPU.Build.0 = Debug|Any CPU
		{BCF90E1F-ADD2-42A2-8601-AB7A5C9FAFC4}.Release|Any CPU.ActiveCfg = Release|Any CPU
		{BCF90E1F-ADD2-42A2-8601-AB7A5C9FAFC4}.Release|Any CPU.Build.0 = Release|Any CPU
		{CBD7C37D-6CDC-4058-9B68-68EDC87837FD}.Debug|Any CPU.ActiveCfg = Debug|Any CPU
		{CBD7C37D-6CDC-4058-9B68-68EDC87837FD}.Debug|Any CPU.Build.0 = Debug|Any CPU
		{CBD7C37D-6CDC-4058-9B68-68EDC87837FD}.Release|Any CPU.ActiveCfg = Release|Any CPU
		{CBD7C37D-6CDC-4058-9B68-68EDC87837FD}.Release|Any CPU.Build.0 = Release|Any CPU
		{B78BAA02-862A-4DD3-8E9F-407FEDA3C950}.Debug|Any CPU.ActiveCfg = Debug|Any CPU
		{B78BAA02-862A-4DD3-8E9F-407FEDA3C950}.Debug|Any CPU.Build.0 = Debug|Any CPU
		{B78BAA02-862A-4DD3-8E9F-407FEDA3C950}.Release|Any CPU.ActiveCfg = Release|Any CPU
		{B78BAA02-862A-4DD3-8E9F-407FEDA3C950}.Release|Any CPU.Build.0 = Release|Any CPU
		{7B2CDBAF-E516-4453-A380-2757A5E334A7}.Debug|Any CPU.ActiveCfg = Debug|Any CPU
		{7B2CDBAF-E516-4453-A380-2757A5E334A7}.Debug|Any CPU.Build.0 = Debug|Any CPU
		{7B2CDBAF-E516-4453-A380-2757A5E334A7}.Release|Any CPU.ActiveCfg = Release|Any CPU
		{7B2CDBAF-E516-4453-A380-2757A5E334A7}.Release|Any CPU.Build.0 = Release|Any CPU
		{A393D6DA-492C-45C5-90E2-A32D43DE1C52}.Debug|Any CPU.ActiveCfg = Debug|Any CPU
		{A393D6DA-492C-45C5-90E2-A32D43DE1C52}.Debug|Any CPU.Build.0 = Debug|Any CPU
		{A393D6DA-492C-45C5-90E2-A32D43DE1C52}.Release|Any CPU.ActiveCfg = Release|Any CPU
		{A393D6DA-492C-45C5-90E2-A32D43DE1C52}.Release|Any CPU.Build.0 = Release|Any CPU
		{25DEB30C-C081-4C3F-A0FE-84402ECAE423}.Debug|Any CPU.ActiveCfg = Debug|Any CPU
		{25DEB30C-C081-4C3F-A0FE-84402ECAE423}.Debug|Any CPU.Build.0 = Debug|Any CPU
		{25DEB30C-C081-4C3F-A0FE-84402ECAE423}.Release|Any CPU.ActiveCfg = Release|Any CPU
		{25DEB30C-C081-4C3F-A0FE-84402ECAE423}.Release|Any CPU.Build.0 = Release|Any CPU
		{903FAEC8-E8EA-4FB4-A4A4-7C5445E29388}.Debug|Any CPU.ActiveCfg = Debug|Any CPU
		{903FAEC8-E8EA-4FB4-A4A4-7C5445E29388}.Debug|Any CPU.Build.0 = Debug|Any CPU
		{903FAEC8-E8EA-4FB4-A4A4-7C5445E29388}.Release|Any CPU.ActiveCfg = Release|Any CPU
		{903FAEC8-E8EA-4FB4-A4A4-7C5445E29388}.Release|Any CPU.Build.0 = Release|Any CPU
		{0D36EFD8-B98E-4A1C-A367-E17156A21328}.Debug|Any CPU.ActiveCfg = Debug|Any CPU
		{0D36EFD8-B98E-4A1C-A367-E17156A21328}.Debug|Any CPU.Build.0 = Debug|Any CPU
		{0D36EFD8-B98E-4A1C-A367-E17156A21328}.Release|Any CPU.ActiveCfg = Release|Any CPU
		{0D36EFD8-B98E-4A1C-A367-E17156A21328}.Release|Any CPU.Build.0 = Release|Any CPU
		{94617780-911A-4FD8-ADC8-010F49D1EEC7}.Debug|Any CPU.ActiveCfg = Debug|Any CPU
		{94617780-911A-4FD8-ADC8-010F49D1EEC7}.Debug|Any CPU.Build.0 = Debug|Any CPU
		{94617780-911A-4FD8-ADC8-010F49D1EEC7}.Release|Any CPU.ActiveCfg = Release|Any CPU
		{94617780-911A-4FD8-ADC8-010F49D1EEC7}.Release|Any CPU.Build.0 = Release|Any CPU
	EndGlobalSection
	GlobalSection(SolutionProperties) = preSolution
		HideSolutionNode = FALSE
	EndGlobalSection
	GlobalSection(NestedProjects) = preSolution
		{BCF90E1F-ADD2-42A2-8601-AB7A5C9FAFC4} = {26E1A61B-FA79-41BF-9C3B-5A04299F356A}
		{CBD7C37D-6CDC-4058-9B68-68EDC87837FD} = {EEF15943-96DB-44B5-BA4A-1D11171AD74F}
		{B78BAA02-862A-4DD3-8E9F-407FEDA3C950} = {6F22E520-D148-4A22-9B56-64840656D1F8}
		{7B2CDBAF-E516-4453-A380-2757A5E334A7} = {26E1A61B-FA79-41BF-9C3B-5A04299F356A}
		{25DEB30C-C081-4C3F-A0FE-84402ECAE423} = {26E1A61B-FA79-41BF-9C3B-5A04299F356A}
		{903FAEC8-E8EA-4FB4-A4A4-7C5445E29388} = {26E1A61B-FA79-41BF-9C3B-5A04299F356A}
		{0D36EFD8-B98E-4A1C-A367-E17156A21328} = {EEF15943-96DB-44B5-BA4A-1D11171AD74F}
		{94617780-911A-4FD8-ADC8-010F49D1EEC7} = {EEF15943-96DB-44B5-BA4A-1D11171AD74F}
	EndGlobalSection
	GlobalSection(ExtensibilityGlobals) = postSolution
		SolutionGuid = {F03D9805-6C7E-411E-A8D5-191ABE8D2F66}
	EndGlobalSection
EndGlobal
