
Microsoft Visual Studio Solution File, Format Version 12.00
# Visual Studio Version 16
VisualStudioVersion = 16.0.28729.10
MinimumVisualStudioVersion = 10.0.40219.1
Project("{2150E333-8FDC-42A3-9474-1A3956D46DE8}") = "src", "src", "{B86A4082-6F42-4BFC-A1F2-83CC422AD493}"
EndProject
Project("{2150E333-8FDC-42A3-9474-1A3956D46DE8}") = "test", "test", "{8B4CE682-9C0B-4849-813B-E43BE098FCE2}"
EndProject
Project("{2150E333-8FDC-42A3-9474-1A3956D46DE8}") = "config", "config", "{9764636B-4C42-4F38-8074-99C086B8FB74}"
	ProjectSection(SolutionItems) = preProject
		..\..\nuget.config = ..\..\nuget.config
		..\..\sharedproject.props = ..\..\sharedproject.props
		..\..\sharedtest.props = ..\..\sharedtest.props
		..\..\Steeltoe.ruleset = ..\..\Steeltoe.ruleset
		..\..\stylecop.json = ..\..\stylecop.json
		..\..\targetframework.props = ..\..\targetframework.props
		..\..\versions.props = ..\..\versions.props
	EndProjectSection
EndProject
Project("{2150E333-8FDC-42A3-9474-1A3956D46DE8}") = "Solution Items", "Solution Items", "{2D0A3F62-46FA-4317-BDEB-BE9433B9EBBE}"
	ProjectSection(SolutionItems) = preProject
		README.md = README.md
	EndProjectSection
EndProject
Project("{9A19103F-16F7-4668-BE54-9A1E7A4F7556}") = "Steeltoe.Management.EndpointCore", "src\EndpointCore\Steeltoe.Management.EndpointCore.csproj", "{D544C805-F83B-46D8-9F64-AA783F924DB5}"
EndProject
Project("{9A19103F-16F7-4668-BE54-9A1E7A4F7556}") = "Steeltoe.Management.CloudFoundryCore", "src\CloudFoundryCore\Steeltoe.Management.CloudFoundryCore.csproj", "{B886C97F-548C-4FEF-8E95-950A3EBFE901}"
EndProject
Project("{9A19103F-16F7-4668-BE54-9A1E7A4F7556}") = "Steeltoe.Management.CloudFoundryCore.Test", "test\CloudFoundryCore.Test\Steeltoe.Management.CloudFoundryCore.Test.csproj", "{B94F21CC-3A87-4D9A-8F9F-39BC4B7447D1}"
EndProject
Project("{9A19103F-16F7-4668-BE54-9A1E7A4F7556}") = "Steeltoe.Management.EndpointBase", "src\EndpointBase\Steeltoe.Management.EndpointBase.csproj", "{6560432C-FF23-4E24-BA2F-08EA22C9D1E1}"
EndProject
Project("{9A19103F-16F7-4668-BE54-9A1E7A4F7556}") = "Steeltoe.Management.EndpointBase.Test", "test\EndpointBase.Test\Steeltoe.Management.EndpointBase.Test.csproj", "{E18FE0C4-04F0-46CB-B96A-E9B2210314D6}"
EndProject
Project("{9A19103F-16F7-4668-BE54-9A1E7A4F7556}") = "Steeltoe.Management.Diagnostics", "src\Diagnostics\Steeltoe.Management.Diagnostics.csproj", "{90C54C3B-488B-4449-826F-940A48992522}"
EndProject
Project("{9A19103F-16F7-4668-BE54-9A1E7A4F7556}") = "Steeltoe.Management.TracingCore", "src\TracingCore\Steeltoe.Management.TracingCore.csproj", "{1753EE33-0754-43B2-8A79-CAE080233F65}"
EndProject
Project("{9A19103F-16F7-4668-BE54-9A1E7A4F7556}") = "Steeltoe.Management.TracingCore.Test", "test\TracingCore.Test\Steeltoe.Management.TracingCore.Test.csproj", "{A48BB975-39EB-43E1-9B22-AE1798F8D22E}"
EndProject
Project("{9A19103F-16F7-4668-BE54-9A1E7A4F7556}") = "Steeltoe.Management.TaskCore", "src\TaskCore\Steeltoe.Management.TaskCore.csproj", "{7FEBDFA0-170C-454F-B42E-360FA0A90DD7}"
EndProject
Project("{9A19103F-16F7-4668-BE54-9A1E7A4F7556}") = "Steeltoe.Management.TaskCore.Test", "test\TaskCore.Test\Steeltoe.Management.TaskCore.Test.csproj", "{BED3B6AA-7EAD-42BC-89C7-8DB5BA395909}"
EndProject
Project("{2150E333-8FDC-42A3-9474-1A3956D46DE8}") = "dependencies", "dependencies", "{402D8CB5-C3C3-47E0-BEB3-63D0975E5109}"
EndProject
Project("{9A19103F-16F7-4668-BE54-9A1E7A4F7556}") = "Steeltoe.Common.Http", "..\Common\src\Common.Http\Steeltoe.Common.Http.csproj", "{CFF0B9EA-A2E7-4981-A7C1-085EA0327FD2}"
EndProject
Project("{9A19103F-16F7-4668-BE54-9A1E7A4F7556}") = "Steeltoe.Extensions.Logging.DynamicLogger", "..\Logging\src\DynamicLogger\Steeltoe.Extensions.Logging.DynamicLogger.csproj", "{34EAED24-C851-4F13-819D-EAE88E24B98F}"
EndProject
Project("{9A19103F-16F7-4668-BE54-9A1E7A4F7556}") = "Steeltoe.Extensions.Configuration.CloudFoundryBase", "..\Configuration\src\CloudFoundryBase\Steeltoe.Extensions.Configuration.CloudFoundryBase.csproj", "{E18EE9BB-7195-4E20-9733-064319D2F60C}"
EndProject
Project("{9A19103F-16F7-4668-BE54-9A1E7A4F7556}") = "Steeltoe.Common", "..\Common\src\Common\Steeltoe.Common.csproj", "{E1379BFB-ABE6-4265-B493-397C0A05B0D0}"
EndProject
Project("{9A19103F-16F7-4668-BE54-9A1E7A4F7556}") = "Steeltoe.Common.TestResources", "..\Common\test\Common.TestResources\Steeltoe.Common.TestResources.csproj", "{092BADE5-4E56-4EB4-BA0F-3EA6ECA08943}"
EndProject
Project("{9A19103F-16F7-4668-BE54-9A1E7A4F7556}") = "Steeltoe.Extensions.Configuration.PlaceholderBase", "..\Configuration\src\PlaceholderBase\Steeltoe.Extensions.Configuration.PlaceholderBase.csproj", "{BF78F310-5016-4380-BC3E-06F475C65BAA}"
EndProject
Project("{9A19103F-16F7-4668-BE54-9A1E7A4F7556}") = "Steeltoe.Extensions.Logging.Abstractions", "..\Logging\src\Abstractions\Steeltoe.Extensions.Logging.Abstractions.csproj", "{51A9417F-D03B-4D8A-9D1E-57829A95AB14}"
EndProject
Project("{9A19103F-16F7-4668-BE54-9A1E7A4F7556}") = "Steeltoe.Management.Abstractions", "src\Abstractions\Steeltoe.Management.Abstractions.csproj", "{398C4C80-3E34-40C4-9BE5-D4CDCAD9332B}"
EndProject
Project("{9A19103F-16F7-4668-BE54-9A1E7A4F7556}") = "Steeltoe.Extensions.Configuration.Abstractions", "..\Configuration\src\Abstractions\Steeltoe.Extensions.Configuration.Abstractions.csproj", "{5CE872B3-6CAD-43ED-A47D-F0C20AD4505B}"
EndProject
Project("{9A19103F-16F7-4668-BE54-9A1E7A4F7556}") = "Steeltoe.Discovery.Abstractions", "..\Discovery\src\Abstractions\Steeltoe.Discovery.Abstractions.csproj", "{BE4AA5BA-E583-435D-A6BA-01A11DE100E8}"
EndProject
Project("{9A19103F-16F7-4668-BE54-9A1E7A4F7556}") = "Steeltoe.Common.Abstractions", "..\Common\src\Abstractions\Steeltoe.Common.Abstractions.csproj", "{282B2292-7D12-48DF-A25D-509B79B9FDE1}"
EndProject
Project("{9A19103F-16F7-4668-BE54-9A1E7A4F7556}") = "Steeltoe.Management.OpenTelemetryBase", "src\OpenTelemetryBase\Steeltoe.Management.OpenTelemetryBase.csproj", "{C5A54146-778D-44EE-9F84-38E57963E30A}"
EndProject
Project("{9A19103F-16F7-4668-BE54-9A1E7A4F7556}") = "Steeltoe.Management.TracingBase", "src\TracingBase\Steeltoe.Management.TracingBase.csproj", "{96267423-D9EF-4058-80CA-8E537A32DA99}"
EndProject
Project("{9A19103F-16F7-4668-BE54-9A1E7A4F7556}") = "Steeltoe.Management.TracingBase.Test", "test\TracingBase.Test\Steeltoe.Management.TracingBase.Test.csproj", "{908E5C78-2BB9-41E6-B3D5-68FD539D7A2D}"
EndProject
Project("{9A19103F-16F7-4668-BE54-9A1E7A4F7556}") = "Steeltoe.Management.EndpointCore.Test", "test\EndpointCore.Test\Steeltoe.Management.EndpointCore.Test.csproj", "{30D9BE15-45C2-40E3-8C23-F6467F1DDB9B}"
EndProject
Project("{9A19103F-16F7-4668-BE54-9A1E7A4F7556}") = "Steeltoe.Common.Kubernetes", "..\Common\src\Common.Kubernetes\Steeltoe.Common.Kubernetes.csproj", "{BBA70F84-19A2-47E5-9FA9-83576C6E262D}"
EndProject
Project("{9A19103F-16F7-4668-BE54-9A1E7A4F7556}") = "Steeltoe.Extensions.Logging.DynamicSerilogBase", "..\Logging\src\DynamicSerilogBase\Steeltoe.Extensions.Logging.DynamicSerilogBase.csproj", "{388ADA0B-523A-41D4-983F-006C2CA1C5EA}"
EndProject
Project("{9A19103F-16F7-4668-BE54-9A1E7A4F7556}") = "Steeltoe.Management.KubernetesCore", "src\KubernetesCore\Steeltoe.Management.KubernetesCore.csproj", "{B42F1632-D935-4CCA-9CB8-2F346B21C8E3}"
EndProject
Project("{9A19103F-16F7-4668-BE54-9A1E7A4F7556}") = "Steeltoe.Management.KubernetesCore.Test", "test\KubernetesCore.Test\Steeltoe.Management.KubernetesCore.Test.csproj", "{9C4D7E41-7CED-4463-AD08-1A95BBF2D7DD}"
EndProject
Project("{9A19103F-16F7-4668-BE54-9A1E7A4F7556}") = "Steeltoe.Extensions.Logging.DynamicSerilogCore", "..\Logging\src\DynamicSerilogCore\Steeltoe.Extensions.Logging.DynamicSerilogCore.csproj", "{D9250B38-5792-4534-BC15-E345E95E68F1}"
EndProject
Global
	GlobalSection(SolutionConfigurationPlatforms) = preSolution
		Debug|Any CPU = Debug|Any CPU
		Release|Any CPU = Release|Any CPU
	EndGlobalSection
	GlobalSection(ProjectConfigurationPlatforms) = postSolution
		{D544C805-F83B-46D8-9F64-AA783F924DB5}.Debug|Any CPU.ActiveCfg = Debug|Any CPU
		{D544C805-F83B-46D8-9F64-AA783F924DB5}.Debug|Any CPU.Build.0 = Debug|Any CPU
		{D544C805-F83B-46D8-9F64-AA783F924DB5}.Release|Any CPU.ActiveCfg = Release|Any CPU
		{D544C805-F83B-46D8-9F64-AA783F924DB5}.Release|Any CPU.Build.0 = Release|Any CPU
		{B886C97F-548C-4FEF-8E95-950A3EBFE901}.Debug|Any CPU.ActiveCfg = Debug|Any CPU
		{B886C97F-548C-4FEF-8E95-950A3EBFE901}.Debug|Any CPU.Build.0 = Debug|Any CPU
		{B886C97F-548C-4FEF-8E95-950A3EBFE901}.Release|Any CPU.ActiveCfg = Release|Any CPU
		{B886C97F-548C-4FEF-8E95-950A3EBFE901}.Release|Any CPU.Build.0 = Release|Any CPU
		{B94F21CC-3A87-4D9A-8F9F-39BC4B7447D1}.Debug|Any CPU.ActiveCfg = Debug|Any CPU
		{B94F21CC-3A87-4D9A-8F9F-39BC4B7447D1}.Debug|Any CPU.Build.0 = Debug|Any CPU
		{B94F21CC-3A87-4D9A-8F9F-39BC4B7447D1}.Release|Any CPU.ActiveCfg = Release|Any CPU
		{B94F21CC-3A87-4D9A-8F9F-39BC4B7447D1}.Release|Any CPU.Build.0 = Release|Any CPU
		{6560432C-FF23-4E24-BA2F-08EA22C9D1E1}.Debug|Any CPU.ActiveCfg = Debug|Any CPU
		{6560432C-FF23-4E24-BA2F-08EA22C9D1E1}.Debug|Any CPU.Build.0 = Debug|Any CPU
		{6560432C-FF23-4E24-BA2F-08EA22C9D1E1}.Release|Any CPU.ActiveCfg = Release|Any CPU
		{6560432C-FF23-4E24-BA2F-08EA22C9D1E1}.Release|Any CPU.Build.0 = Release|Any CPU
		{E18FE0C4-04F0-46CB-B96A-E9B2210314D6}.Debug|Any CPU.ActiveCfg = Debug|Any CPU
		{E18FE0C4-04F0-46CB-B96A-E9B2210314D6}.Debug|Any CPU.Build.0 = Debug|Any CPU
		{E18FE0C4-04F0-46CB-B96A-E9B2210314D6}.Release|Any CPU.ActiveCfg = Release|Any CPU
		{E18FE0C4-04F0-46CB-B96A-E9B2210314D6}.Release|Any CPU.Build.0 = Release|Any CPU
		{90C54C3B-488B-4449-826F-940A48992522}.Debug|Any CPU.ActiveCfg = Debug|Any CPU
		{90C54C3B-488B-4449-826F-940A48992522}.Debug|Any CPU.Build.0 = Debug|Any CPU
		{90C54C3B-488B-4449-826F-940A48992522}.Release|Any CPU.ActiveCfg = Release|Any CPU
		{90C54C3B-488B-4449-826F-940A48992522}.Release|Any CPU.Build.0 = Release|Any CPU
		{1753EE33-0754-43B2-8A79-CAE080233F65}.Debug|Any CPU.ActiveCfg = Debug|Any CPU
		{1753EE33-0754-43B2-8A79-CAE080233F65}.Debug|Any CPU.Build.0 = Debug|Any CPU
		{1753EE33-0754-43B2-8A79-CAE080233F65}.Release|Any CPU.ActiveCfg = Release|Any CPU
		{1753EE33-0754-43B2-8A79-CAE080233F65}.Release|Any CPU.Build.0 = Release|Any CPU
		{A48BB975-39EB-43E1-9B22-AE1798F8D22E}.Debug|Any CPU.ActiveCfg = Debug|Any CPU
		{A48BB975-39EB-43E1-9B22-AE1798F8D22E}.Debug|Any CPU.Build.0 = Debug|Any CPU
		{A48BB975-39EB-43E1-9B22-AE1798F8D22E}.Release|Any CPU.ActiveCfg = Release|Any CPU
		{A48BB975-39EB-43E1-9B22-AE1798F8D22E}.Release|Any CPU.Build.0 = Release|Any CPU
		{7FEBDFA0-170C-454F-B42E-360FA0A90DD7}.Debug|Any CPU.ActiveCfg = Debug|Any CPU
		{7FEBDFA0-170C-454F-B42E-360FA0A90DD7}.Debug|Any CPU.Build.0 = Debug|Any CPU
		{7FEBDFA0-170C-454F-B42E-360FA0A90DD7}.Release|Any CPU.ActiveCfg = Release|Any CPU
		{7FEBDFA0-170C-454F-B42E-360FA0A90DD7}.Release|Any CPU.Build.0 = Release|Any CPU
		{BED3B6AA-7EAD-42BC-89C7-8DB5BA395909}.Debug|Any CPU.ActiveCfg = Debug|Any CPU
		{BED3B6AA-7EAD-42BC-89C7-8DB5BA395909}.Debug|Any CPU.Build.0 = Debug|Any CPU
		{BED3B6AA-7EAD-42BC-89C7-8DB5BA395909}.Release|Any CPU.ActiveCfg = Release|Any CPU
		{BED3B6AA-7EAD-42BC-89C7-8DB5BA395909}.Release|Any CPU.Build.0 = Release|Any CPU
		{CFF0B9EA-A2E7-4981-A7C1-085EA0327FD2}.Debug|Any CPU.ActiveCfg = Debug|Any CPU
		{CFF0B9EA-A2E7-4981-A7C1-085EA0327FD2}.Debug|Any CPU.Build.0 = Debug|Any CPU
		{CFF0B9EA-A2E7-4981-A7C1-085EA0327FD2}.Release|Any CPU.ActiveCfg = Release|Any CPU
		{CFF0B9EA-A2E7-4981-A7C1-085EA0327FD2}.Release|Any CPU.Build.0 = Release|Any CPU
		{34EAED24-C851-4F13-819D-EAE88E24B98F}.Debug|Any CPU.ActiveCfg = Debug|Any CPU
		{34EAED24-C851-4F13-819D-EAE88E24B98F}.Debug|Any CPU.Build.0 = Debug|Any CPU
		{34EAED24-C851-4F13-819D-EAE88E24B98F}.Release|Any CPU.ActiveCfg = Release|Any CPU
		{34EAED24-C851-4F13-819D-EAE88E24B98F}.Release|Any CPU.Build.0 = Release|Any CPU
		{E18EE9BB-7195-4E20-9733-064319D2F60C}.Debug|Any CPU.ActiveCfg = Debug|Any CPU
		{E18EE9BB-7195-4E20-9733-064319D2F60C}.Debug|Any CPU.Build.0 = Debug|Any CPU
		{E18EE9BB-7195-4E20-9733-064319D2F60C}.Release|Any CPU.ActiveCfg = Release|Any CPU
		{E18EE9BB-7195-4E20-9733-064319D2F60C}.Release|Any CPU.Build.0 = Release|Any CPU
		{E1379BFB-ABE6-4265-B493-397C0A05B0D0}.Debug|Any CPU.ActiveCfg = Debug|Any CPU
		{E1379BFB-ABE6-4265-B493-397C0A05B0D0}.Debug|Any CPU.Build.0 = Debug|Any CPU
		{E1379BFB-ABE6-4265-B493-397C0A05B0D0}.Release|Any CPU.ActiveCfg = Release|Any CPU
		{E1379BFB-ABE6-4265-B493-397C0A05B0D0}.Release|Any CPU.Build.0 = Release|Any CPU
		{092BADE5-4E56-4EB4-BA0F-3EA6ECA08943}.Debug|Any CPU.ActiveCfg = Debug|Any CPU
		{092BADE5-4E56-4EB4-BA0F-3EA6ECA08943}.Debug|Any CPU.Build.0 = Debug|Any CPU
		{092BADE5-4E56-4EB4-BA0F-3EA6ECA08943}.Release|Any CPU.ActiveCfg = Release|Any CPU
		{092BADE5-4E56-4EB4-BA0F-3EA6ECA08943}.Release|Any CPU.Build.0 = Release|Any CPU
		{BF78F310-5016-4380-BC3E-06F475C65BAA}.Debug|Any CPU.ActiveCfg = Debug|Any CPU
		{BF78F310-5016-4380-BC3E-06F475C65BAA}.Debug|Any CPU.Build.0 = Debug|Any CPU
		{BF78F310-5016-4380-BC3E-06F475C65BAA}.Release|Any CPU.ActiveCfg = Release|Any CPU
		{BF78F310-5016-4380-BC3E-06F475C65BAA}.Release|Any CPU.Build.0 = Release|Any CPU
		{51A9417F-D03B-4D8A-9D1E-57829A95AB14}.Debug|Any CPU.ActiveCfg = Debug|Any CPU
		{51A9417F-D03B-4D8A-9D1E-57829A95AB14}.Debug|Any CPU.Build.0 = Debug|Any CPU
		{51A9417F-D03B-4D8A-9D1E-57829A95AB14}.Release|Any CPU.ActiveCfg = Release|Any CPU
		{51A9417F-D03B-4D8A-9D1E-57829A95AB14}.Release|Any CPU.Build.0 = Release|Any CPU
		{398C4C80-3E34-40C4-9BE5-D4CDCAD9332B}.Debug|Any CPU.ActiveCfg = Debug|Any CPU
		{398C4C80-3E34-40C4-9BE5-D4CDCAD9332B}.Debug|Any CPU.Build.0 = Debug|Any CPU
		{398C4C80-3E34-40C4-9BE5-D4CDCAD9332B}.Release|Any CPU.ActiveCfg = Release|Any CPU
		{398C4C80-3E34-40C4-9BE5-D4CDCAD9332B}.Release|Any CPU.Build.0 = Release|Any CPU
		{5CE872B3-6CAD-43ED-A47D-F0C20AD4505B}.Debug|Any CPU.ActiveCfg = Debug|Any CPU
		{5CE872B3-6CAD-43ED-A47D-F0C20AD4505B}.Debug|Any CPU.Build.0 = Debug|Any CPU
		{5CE872B3-6CAD-43ED-A47D-F0C20AD4505B}.Release|Any CPU.ActiveCfg = Release|Any CPU
		{5CE872B3-6CAD-43ED-A47D-F0C20AD4505B}.Release|Any CPU.Build.0 = Release|Any CPU
		{BE4AA5BA-E583-435D-A6BA-01A11DE100E8}.Debug|Any CPU.ActiveCfg = Debug|Any CPU
		{BE4AA5BA-E583-435D-A6BA-01A11DE100E8}.Debug|Any CPU.Build.0 = Debug|Any CPU
		{BE4AA5BA-E583-435D-A6BA-01A11DE100E8}.Release|Any CPU.ActiveCfg = Release|Any CPU
		{BE4AA5BA-E583-435D-A6BA-01A11DE100E8}.Release|Any CPU.Build.0 = Release|Any CPU
		{282B2292-7D12-48DF-A25D-509B79B9FDE1}.Debug|Any CPU.ActiveCfg = Debug|Any CPU
		{282B2292-7D12-48DF-A25D-509B79B9FDE1}.Debug|Any CPU.Build.0 = Debug|Any CPU
		{282B2292-7D12-48DF-A25D-509B79B9FDE1}.Release|Any CPU.ActiveCfg = Release|Any CPU
		{282B2292-7D12-48DF-A25D-509B79B9FDE1}.Release|Any CPU.Build.0 = Release|Any CPU
		{C5A54146-778D-44EE-9F84-38E57963E30A}.Debug|Any CPU.ActiveCfg = Debug|Any CPU
		{C5A54146-778D-44EE-9F84-38E57963E30A}.Debug|Any CPU.Build.0 = Debug|Any CPU
		{C5A54146-778D-44EE-9F84-38E57963E30A}.Release|Any CPU.ActiveCfg = Release|Any CPU
		{C5A54146-778D-44EE-9F84-38E57963E30A}.Release|Any CPU.Build.0 = Release|Any CPU
		{96267423-D9EF-4058-80CA-8E537A32DA99}.Debug|Any CPU.ActiveCfg = Debug|Any CPU
		{96267423-D9EF-4058-80CA-8E537A32DA99}.Debug|Any CPU.Build.0 = Debug|Any CPU
		{96267423-D9EF-4058-80CA-8E537A32DA99}.Release|Any CPU.ActiveCfg = Release|Any CPU
		{96267423-D9EF-4058-80CA-8E537A32DA99}.Release|Any CPU.Build.0 = Release|Any CPU
		{908E5C78-2BB9-41E6-B3D5-68FD539D7A2D}.Debug|Any CPU.ActiveCfg = Debug|Any CPU
		{908E5C78-2BB9-41E6-B3D5-68FD539D7A2D}.Debug|Any CPU.Build.0 = Debug|Any CPU
		{908E5C78-2BB9-41E6-B3D5-68FD539D7A2D}.Release|Any CPU.ActiveCfg = Release|Any CPU
		{908E5C78-2BB9-41E6-B3D5-68FD539D7A2D}.Release|Any CPU.Build.0 = Release|Any CPU
		{30D9BE15-45C2-40E3-8C23-F6467F1DDB9B}.Debug|Any CPU.ActiveCfg = Debug|Any CPU
		{30D9BE15-45C2-40E3-8C23-F6467F1DDB9B}.Debug|Any CPU.Build.0 = Debug|Any CPU
		{30D9BE15-45C2-40E3-8C23-F6467F1DDB9B}.Release|Any CPU.ActiveCfg = Release|Any CPU
		{30D9BE15-45C2-40E3-8C23-F6467F1DDB9B}.Release|Any CPU.Build.0 = Release|Any CPU
		{BBA70F84-19A2-47E5-9FA9-83576C6E262D}.Debug|Any CPU.ActiveCfg = Debug|Any CPU
		{BBA70F84-19A2-47E5-9FA9-83576C6E262D}.Debug|Any CPU.Build.0 = Debug|Any CPU
		{BBA70F84-19A2-47E5-9FA9-83576C6E262D}.Release|Any CPU.ActiveCfg = Release|Any CPU
		{BBA70F84-19A2-47E5-9FA9-83576C6E262D}.Release|Any CPU.Build.0 = Release|Any CPU
		{388ADA0B-523A-41D4-983F-006C2CA1C5EA}.Debug|Any CPU.ActiveCfg = Debug|Any CPU
		{388ADA0B-523A-41D4-983F-006C2CA1C5EA}.Debug|Any CPU.Build.0 = Debug|Any CPU
		{388ADA0B-523A-41D4-983F-006C2CA1C5EA}.Release|Any CPU.ActiveCfg = Release|Any CPU
		{388ADA0B-523A-41D4-983F-006C2CA1C5EA}.Release|Any CPU.Build.0 = Release|Any CPU
		{B42F1632-D935-4CCA-9CB8-2F346B21C8E3}.Debug|Any CPU.ActiveCfg = Debug|Any CPU
		{B42F1632-D935-4CCA-9CB8-2F346B21C8E3}.Debug|Any CPU.Build.0 = Debug|Any CPU
		{B42F1632-D935-4CCA-9CB8-2F346B21C8E3}.Release|Any CPU.ActiveCfg = Release|Any CPU
		{B42F1632-D935-4CCA-9CB8-2F346B21C8E3}.Release|Any CPU.Build.0 = Release|Any CPU
		{9C4D7E41-7CED-4463-AD08-1A95BBF2D7DD}.Debug|Any CPU.ActiveCfg = Debug|Any CPU
		{9C4D7E41-7CED-4463-AD08-1A95BBF2D7DD}.Debug|Any CPU.Build.0 = Debug|Any CPU
		{9C4D7E41-7CED-4463-AD08-1A95BBF2D7DD}.Release|Any CPU.ActiveCfg = Release|Any CPU
		{9C4D7E41-7CED-4463-AD08-1A95BBF2D7DD}.Release|Any CPU.Build.0 = Release|Any CPU
		{D9250B38-5792-4534-BC15-E345E95E68F1}.Debug|Any CPU.ActiveCfg = Debug|Any CPU
		{D9250B38-5792-4534-BC15-E345E95E68F1}.Debug|Any CPU.Build.0 = Debug|Any CPU
		{D9250B38-5792-4534-BC15-E345E95E68F1}.Release|Any CPU.ActiveCfg = Release|Any CPU
		{D9250B38-5792-4534-BC15-E345E95E68F1}.Release|Any CPU.Build.0 = Release|Any CPU
	EndGlobalSection
	GlobalSection(SolutionProperties) = preSolution
		HideSolutionNode = FALSE
	EndGlobalSection
	GlobalSection(NestedProjects) = preSolution
		{D544C805-F83B-46D8-9F64-AA783F924DB5} = {B86A4082-6F42-4BFC-A1F2-83CC422AD493}
		{B886C97F-548C-4FEF-8E95-950A3EBFE901} = {B86A4082-6F42-4BFC-A1F2-83CC422AD493}
		{B94F21CC-3A87-4D9A-8F9F-39BC4B7447D1} = {8B4CE682-9C0B-4849-813B-E43BE098FCE2}
		{6560432C-FF23-4E24-BA2F-08EA22C9D1E1} = {B86A4082-6F42-4BFC-A1F2-83CC422AD493}
		{E18FE0C4-04F0-46CB-B96A-E9B2210314D6} = {8B4CE682-9C0B-4849-813B-E43BE098FCE2}
		{90C54C3B-488B-4449-826F-940A48992522} = {B86A4082-6F42-4BFC-A1F2-83CC422AD493}
		{1753EE33-0754-43B2-8A79-CAE080233F65} = {B86A4082-6F42-4BFC-A1F2-83CC422AD493}
		{A48BB975-39EB-43E1-9B22-AE1798F8D22E} = {8B4CE682-9C0B-4849-813B-E43BE098FCE2}
		{7FEBDFA0-170C-454F-B42E-360FA0A90DD7} = {B86A4082-6F42-4BFC-A1F2-83CC422AD493}
		{BED3B6AA-7EAD-42BC-89C7-8DB5BA395909} = {8B4CE682-9C0B-4849-813B-E43BE098FCE2}
		{CFF0B9EA-A2E7-4981-A7C1-085EA0327FD2} = {402D8CB5-C3C3-47E0-BEB3-63D0975E5109}
		{34EAED24-C851-4F13-819D-EAE88E24B98F} = {402D8CB5-C3C3-47E0-BEB3-63D0975E5109}
		{E18EE9BB-7195-4E20-9733-064319D2F60C} = {402D8CB5-C3C3-47E0-BEB3-63D0975E5109}
		{E1379BFB-ABE6-4265-B493-397C0A05B0D0} = {402D8CB5-C3C3-47E0-BEB3-63D0975E5109}
		{092BADE5-4E56-4EB4-BA0F-3EA6ECA08943} = {402D8CB5-C3C3-47E0-BEB3-63D0975E5109}
		{BF78F310-5016-4380-BC3E-06F475C65BAA} = {402D8CB5-C3C3-47E0-BEB3-63D0975E5109}
		{51A9417F-D03B-4D8A-9D1E-57829A95AB14} = {402D8CB5-C3C3-47E0-BEB3-63D0975E5109}
		{398C4C80-3E34-40C4-9BE5-D4CDCAD9332B} = {B86A4082-6F42-4BFC-A1F2-83CC422AD493}
		{5CE872B3-6CAD-43ED-A47D-F0C20AD4505B} = {402D8CB5-C3C3-47E0-BEB3-63D0975E5109}
		{BE4AA5BA-E583-435D-A6BA-01A11DE100E8} = {402D8CB5-C3C3-47E0-BEB3-63D0975E5109}
		{282B2292-7D12-48DF-A25D-509B79B9FDE1} = {402D8CB5-C3C3-47E0-BEB3-63D0975E5109}
		{C5A54146-778D-44EE-9F84-38E57963E30A} = {B86A4082-6F42-4BFC-A1F2-83CC422AD493}
		{96267423-D9EF-4058-80CA-8E537A32DA99} = {B86A4082-6F42-4BFC-A1F2-83CC422AD493}
		{908E5C78-2BB9-41E6-B3D5-68FD539D7A2D} = {8B4CE682-9C0B-4849-813B-E43BE098FCE2}
		{30D9BE15-45C2-40E3-8C23-F6467F1DDB9B} = {8B4CE682-9C0B-4849-813B-E43BE098FCE2}
		{BBA70F84-19A2-47E5-9FA9-83576C6E262D} = {402D8CB5-C3C3-47E0-BEB3-63D0975E5109}
		{388ADA0B-523A-41D4-983F-006C2CA1C5EA} = {402D8CB5-C3C3-47E0-BEB3-63D0975E5109}
		{B42F1632-D935-4CCA-9CB8-2F346B21C8E3} = {B86A4082-6F42-4BFC-A1F2-83CC422AD493}
		{9C4D7E41-7CED-4463-AD08-1A95BBF2D7DD} = {8B4CE682-9C0B-4849-813B-E43BE098FCE2}
		{D9250B38-5792-4534-BC15-E345E95E68F1} = {402D8CB5-C3C3-47E0-BEB3-63D0975E5109}
	EndGlobalSection
	GlobalSection(ExtensibilityGlobals) = postSolution
		SolutionGuid = {7949396C-4BFF-4834-9BC2-F3A345E9CCE5}
	EndGlobalSection
EndGlobal
