Microsoft Visual Studio Solution File, Format Version 12.00
# Visual Studio 15
VisualStudioVersion = 15.0.27004.2002
MinimumVisualStudioVersion = 15.0.26124.0
Project("{2150E333-8FDC-42A3-9474-1A3956D46DE8}") = "src", "src", "{9BB0395E-B595-4B95-89ED-F55AF12B4EE7}"
EndProject
Project("{9A19103F-16F7-4668-BE54-9A1E7A4F7556}") = "Steeltoe.CloudFoundry.Connector", "src\Steeltoe.CloudFoundry.Connector\Steeltoe.CloudFoundry.Connector.csproj", "{FC54181A-619A-43F0-989B-85999E750CC6}"
EndProject
Project("{2150E333-8FDC-42A3-9474-1A3956D46DE8}") = "test", "test", "{1CEE3AF7-DC06-4BBE-B28D-62FB1BD4A7A5}"
EndProject
Project("{9A19103F-16F7-4668-BE54-9A1E7A4F7556}") = "Steeltoe.CloudFoundry.Connector.Test", "test\Steeltoe.CloudFoundry.Connector.Test\Steeltoe.CloudFoundry.Connector.Test.csproj", "{63E64B33-4236-4FC9-A9F5-4DF9A0091CB2}"
EndProject
Project("{2150E333-8FDC-42A3-9474-1A3956D46DE8}") = "config", "config", "{3EDCF15E-882C-4AF9-91C6-9A28F2506ACC}"
	ProjectSection(SolutionItems) = preProject
		config\nuget-dev.config = config\nuget-dev.config
		config\nuget-master.config = config\nuget-master.config
		config\nuget-update.config = config\nuget-update.config
		config\nuget.config = config\nuget.config
		config\versions-dev.props = config\versions-dev.props
		config\versions-master.props = config\versions-master.props
		config\versions-update.props = config\versions-update.props
		config\versions.props = config\versions.props
	EndProjectSection
EndProject
Project("{2150E333-8FDC-42A3-9474-1A3956D46DE8}") = "scripts", "scripts", "{FD7D8878-9134-4279-9539-C147326A1C90}"
	ProjectSection(SolutionItems) = preProject
		scripts\appveyor_build.cmd = scripts\appveyor_build.cmd
		scripts\appveyor_install.cmd = scripts\appveyor_install.cmd
		scripts\appveyor_tests.cmd = scripts\appveyor_tests.cmd
		scripts\travis_build.sh = scripts\travis_build.sh
		scripts\travis_install.sh = scripts\travis_install.sh
		scripts\travis_test.sh = scripts\travis_test.sh
	EndProjectSection
EndProject
Project("{2150E333-8FDC-42A3-9474-1A3956D46DE8}") = "Solution Items", "Solution Items", "{D692D991-D48C-4D23-B373-796D425C7D4B}"
	ProjectSection(SolutionItems) = preProject
		.travis.yml = .travis.yml
		appveyor.yml = appveyor.yml
		README.md = README.md
		stylecop.json = stylecop.json
	EndProjectSection
EndProject
Project("{9A19103F-16F7-4668-BE54-9A1E7A4F7556}") = "Steeltoe.CloudFoundry.Connector.EFCore", "src\Steeltoe.CloudFoundry.Connector.EFCore\Steeltoe.CloudFoundry.Connector.EFCore.csproj", "{1130C00D-CE87-43A2-8723-C930D9C8891D}"
EndProject
Project("{9A19103F-16F7-4668-BE54-9A1E7A4F7556}") = "Steeltoe.CloudFoundry.Connector.EFCore.Test", "test\Steeltoe.CloudFoundry.Connector.EFCore.Test\Steeltoe.CloudFoundry.Connector.EFCore.Test.csproj", "{D7BAC24F-1FCC-4941-9016-079C0C5AD25B}"
EndProject
Project("{FAE04EC0-301F-11D3-BF4B-00C04F79EFBC}") = "Steeltoe.CloudFoundry.Connector.EF6", "src\Steeltoe.CLoudFoundry.Connector.EF6\Steeltoe.CloudFoundry.Connector.EF6.csproj", "{6F09F844-8EF2-4214-9388-EC2E687051AA}"
EndProject
Project("{9A19103F-16F7-4668-BE54-9A1E7A4F7556}") = "Steeltoe.CloudFoundry.Connector.EF6.Test", "test\Steeltoe.CloudFoundry.Connector.EF6.Test\Steeltoe.CloudFoundry.Connector.EF6.Test.csproj", "{EAB105DC-CEFA-4B4D-91A1-D43EB4E95A7E}"
EndProject
Project("{9A19103F-16F7-4668-BE54-9A1E7A4F7556}") = "Steeltoe.CloudFoundry.ConnectorCore", "src\Steeltoe.CloudFoundry.ConnectorCore\Steeltoe.CloudFoundry.ConnectorCore.csproj", "{DE66FCE9-0FB0-4079-8753-DBF55A0FE8B8}"
EndProject
Project("{9A19103F-16F7-4668-BE54-9A1E7A4F7556}") = "Steeltoe.CloudFoundry.ConnectorCore.Test", "test\Steeltoe.CloudFoundry.ConnectorCore.Test\Steeltoe.CloudFoundry.ConnectorCore.Test.csproj", "{28DBA1B5-7892-45EC-B4B9-27EF9DD59BC9}"
EndProject
Global
	GlobalSection(SolutionConfigurationPlatforms) = preSolution
		Debug|Any CPU = Debug|Any CPU
		Debug|x64 = Debug|x64
		Debug|x86 = Debug|x86
		Release|Any CPU = Release|Any CPU
		Release|x64 = Release|x64
		Release|x86 = Release|x86
	EndGlobalSection
	GlobalSection(ProjectConfigurationPlatforms) = postSolution
		{FC54181A-619A-43F0-989B-85999E750CC6}.Debug|Any CPU.ActiveCfg = Debug|Any CPU
		{FC54181A-619A-43F0-989B-85999E750CC6}.Debug|Any CPU.Build.0 = Debug|Any CPU
		{FC54181A-619A-43F0-989B-85999E750CC6}.Debug|x64.ActiveCfg = Debug|Any CPU
		{FC54181A-619A-43F0-989B-85999E750CC6}.Debug|x64.Build.0 = Debug|Any CPU
		{FC54181A-619A-43F0-989B-85999E750CC6}.Debug|x86.ActiveCfg = Debug|Any CPU
		{FC54181A-619A-43F0-989B-85999E750CC6}.Debug|x86.Build.0 = Debug|Any CPU
		{FC54181A-619A-43F0-989B-85999E750CC6}.Release|Any CPU.ActiveCfg = Release|Any CPU
		{FC54181A-619A-43F0-989B-85999E750CC6}.Release|Any CPU.Build.0 = Release|Any CPU
		{FC54181A-619A-43F0-989B-85999E750CC6}.Release|x64.ActiveCfg = Release|Any CPU
		{FC54181A-619A-43F0-989B-85999E750CC6}.Release|x64.Build.0 = Release|Any CPU
		{FC54181A-619A-43F0-989B-85999E750CC6}.Release|x86.ActiveCfg = Release|Any CPU
		{FC54181A-619A-43F0-989B-85999E750CC6}.Release|x86.Build.0 = Release|Any CPU
		{63E64B33-4236-4FC9-A9F5-4DF9A0091CB2}.Debug|Any CPU.ActiveCfg = Debug|Any CPU
		{63E64B33-4236-4FC9-A9F5-4DF9A0091CB2}.Debug|Any CPU.Build.0 = Debug|Any CPU
		{63E64B33-4236-4FC9-A9F5-4DF9A0091CB2}.Debug|x64.ActiveCfg = Debug|Any CPU
		{63E64B33-4236-4FC9-A9F5-4DF9A0091CB2}.Debug|x64.Build.0 = Debug|Any CPU
		{63E64B33-4236-4FC9-A9F5-4DF9A0091CB2}.Debug|x86.ActiveCfg = Debug|Any CPU
		{63E64B33-4236-4FC9-A9F5-4DF9A0091CB2}.Debug|x86.Build.0 = Debug|Any CPU
		{63E64B33-4236-4FC9-A9F5-4DF9A0091CB2}.Release|Any CPU.ActiveCfg = Release|Any CPU
		{63E64B33-4236-4FC9-A9F5-4DF9A0091CB2}.Release|Any CPU.Build.0 = Release|Any CPU
		{63E64B33-4236-4FC9-A9F5-4DF9A0091CB2}.Release|x64.ActiveCfg = Release|Any CPU
		{63E64B33-4236-4FC9-A9F5-4DF9A0091CB2}.Release|x64.Build.0 = Release|Any CPU
		{63E64B33-4236-4FC9-A9F5-4DF9A0091CB2}.Release|x86.ActiveCfg = Release|Any CPU
		{63E64B33-4236-4FC9-A9F5-4DF9A0091CB2}.Release|x86.Build.0 = Release|Any CPU
		{1130C00D-CE87-43A2-8723-C930D9C8891D}.Debug|Any CPU.ActiveCfg = Debug|Any CPU
		{1130C00D-CE87-43A2-8723-C930D9C8891D}.Debug|Any CPU.Build.0 = Debug|Any CPU
		{1130C00D-CE87-43A2-8723-C930D9C8891D}.Debug|x64.ActiveCfg = Debug|Any CPU
		{1130C00D-CE87-43A2-8723-C930D9C8891D}.Debug|x64.Build.0 = Debug|Any CPU
		{1130C00D-CE87-43A2-8723-C930D9C8891D}.Debug|x86.ActiveCfg = Debug|Any CPU
		{1130C00D-CE87-43A2-8723-C930D9C8891D}.Debug|x86.Build.0 = Debug|Any CPU
		{1130C00D-CE87-43A2-8723-C930D9C8891D}.Release|Any CPU.ActiveCfg = Release|Any CPU
		{1130C00D-CE87-43A2-8723-C930D9C8891D}.Release|Any CPU.Build.0 = Release|Any CPU
		{1130C00D-CE87-43A2-8723-C930D9C8891D}.Release|x64.ActiveCfg = Release|Any CPU
		{1130C00D-CE87-43A2-8723-C930D9C8891D}.Release|x64.Build.0 = Release|Any CPU
		{1130C00D-CE87-43A2-8723-C930D9C8891D}.Release|x86.ActiveCfg = Release|Any CPU
		{1130C00D-CE87-43A2-8723-C930D9C8891D}.Release|x86.Build.0 = Release|Any CPU
		{D7BAC24F-1FCC-4941-9016-079C0C5AD25B}.Debug|Any CPU.ActiveCfg = Debug|Any CPU
		{D7BAC24F-1FCC-4941-9016-079C0C5AD25B}.Debug|Any CPU.Build.0 = Debug|Any CPU
		{D7BAC24F-1FCC-4941-9016-079C0C5AD25B}.Debug|x64.ActiveCfg = Debug|Any CPU
		{D7BAC24F-1FCC-4941-9016-079C0C5AD25B}.Debug|x64.Build.0 = Debug|Any CPU
		{D7BAC24F-1FCC-4941-9016-079C0C5AD25B}.Debug|x86.ActiveCfg = Debug|Any CPU
		{D7BAC24F-1FCC-4941-9016-079C0C5AD25B}.Debug|x86.Build.0 = Debug|Any CPU
		{D7BAC24F-1FCC-4941-9016-079C0C5AD25B}.Release|Any CPU.ActiveCfg = Release|Any CPU
		{D7BAC24F-1FCC-4941-9016-079C0C5AD25B}.Release|Any CPU.Build.0 = Release|Any CPU
		{D7BAC24F-1FCC-4941-9016-079C0C5AD25B}.Release|x64.ActiveCfg = Release|Any CPU
		{D7BAC24F-1FCC-4941-9016-079C0C5AD25B}.Release|x64.Build.0 = Release|Any CPU
		{D7BAC24F-1FCC-4941-9016-079C0C5AD25B}.Release|x86.ActiveCfg = Release|Any CPU
		{D7BAC24F-1FCC-4941-9016-079C0C5AD25B}.Release|x86.Build.0 = Release|Any CPU
		{6F09F844-8EF2-4214-9388-EC2E687051AA}.Debug|Any CPU.ActiveCfg = Debug|Any CPU
		{6F09F844-8EF2-4214-9388-EC2E687051AA}.Debug|Any CPU.Build.0 = Debug|Any CPU
		{6F09F844-8EF2-4214-9388-EC2E687051AA}.Debug|x64.ActiveCfg = Debug|Any CPU
		{6F09F844-8EF2-4214-9388-EC2E687051AA}.Debug|x64.Build.0 = Debug|Any CPU
		{6F09F844-8EF2-4214-9388-EC2E687051AA}.Debug|x86.ActiveCfg = Debug|Any CPU
		{6F09F844-8EF2-4214-9388-EC2E687051AA}.Debug|x86.Build.0 = Debug|Any CPU
		{6F09F844-8EF2-4214-9388-EC2E687051AA}.Release|Any CPU.ActiveCfg = Release|Any CPU
		{6F09F844-8EF2-4214-9388-EC2E687051AA}.Release|Any CPU.Build.0 = Release|Any CPU
		{6F09F844-8EF2-4214-9388-EC2E687051AA}.Release|x64.ActiveCfg = Release|Any CPU
		{6F09F844-8EF2-4214-9388-EC2E687051AA}.Release|x64.Build.0 = Release|Any CPU
		{6F09F844-8EF2-4214-9388-EC2E687051AA}.Release|x86.ActiveCfg = Release|Any CPU
		{6F09F844-8EF2-4214-9388-EC2E687051AA}.Release|x86.Build.0 = Release|Any CPU
		{EAB105DC-CEFA-4B4D-91A1-D43EB4E95A7E}.Debug|Any CPU.ActiveCfg = Debug|Any CPU
		{EAB105DC-CEFA-4B4D-91A1-D43EB4E95A7E}.Debug|Any CPU.Build.0 = Debug|Any CPU
		{EAB105DC-CEFA-4B4D-91A1-D43EB4E95A7E}.Debug|x64.ActiveCfg = Debug|Any CPU
		{EAB105DC-CEFA-4B4D-91A1-D43EB4E95A7E}.Debug|x64.Build.0 = Debug|Any CPU
		{EAB105DC-CEFA-4B4D-91A1-D43EB4E95A7E}.Debug|x86.ActiveCfg = Debug|Any CPU
		{EAB105DC-CEFA-4B4D-91A1-D43EB4E95A7E}.Debug|x86.Build.0 = Debug|Any CPU
		{EAB105DC-CEFA-4B4D-91A1-D43EB4E95A7E}.Release|Any CPU.ActiveCfg = Release|Any CPU
		{EAB105DC-CEFA-4B4D-91A1-D43EB4E95A7E}.Release|Any CPU.Build.0 = Release|Any CPU
		{EAB105DC-CEFA-4B4D-91A1-D43EB4E95A7E}.Release|x64.ActiveCfg = Release|Any CPU
		{EAB105DC-CEFA-4B4D-91A1-D43EB4E95A7E}.Release|x64.Build.0 = Release|Any CPU
		{EAB105DC-CEFA-4B4D-91A1-D43EB4E95A7E}.Release|x86.ActiveCfg = Release|Any CPU
		{EAB105DC-CEFA-4B4D-91A1-D43EB4E95A7E}.Release|x86.Build.0 = Release|Any CPU
		{DE66FCE9-0FB0-4079-8753-DBF55A0FE8B8}.Debug|Any CPU.ActiveCfg = Debug|Any CPU
		{DE66FCE9-0FB0-4079-8753-DBF55A0FE8B8}.Debug|Any CPU.Build.0 = Debug|Any CPU
		{DE66FCE9-0FB0-4079-8753-DBF55A0FE8B8}.Debug|x64.ActiveCfg = Debug|Any CPU
		{DE66FCE9-0FB0-4079-8753-DBF55A0FE8B8}.Debug|x64.Build.0 = Debug|Any CPU
		{DE66FCE9-0FB0-4079-8753-DBF55A0FE8B8}.Debug|x86.ActiveCfg = Debug|Any CPU
		{DE66FCE9-0FB0-4079-8753-DBF55A0FE8B8}.Debug|x86.Build.0 = Debug|Any CPU
		{DE66FCE9-0FB0-4079-8753-DBF55A0FE8B8}.Release|Any CPU.ActiveCfg = Release|Any CPU
		{DE66FCE9-0FB0-4079-8753-DBF55A0FE8B8}.Release|Any CPU.Build.0 = Release|Any CPU
		{DE66FCE9-0FB0-4079-8753-DBF55A0FE8B8}.Release|x64.ActiveCfg = Release|Any CPU
		{DE66FCE9-0FB0-4079-8753-DBF55A0FE8B8}.Release|x64.Build.0 = Release|Any CPU
		{DE66FCE9-0FB0-4079-8753-DBF55A0FE8B8}.Release|x86.ActiveCfg = Release|Any CPU
		{DE66FCE9-0FB0-4079-8753-DBF55A0FE8B8}.Release|x86.Build.0 = Release|Any CPU
		{28DBA1B5-7892-45EC-B4B9-27EF9DD59BC9}.Debug|Any CPU.ActiveCfg = Debug|Any CPU
		{28DBA1B5-7892-45EC-B4B9-27EF9DD59BC9}.Debug|Any CPU.Build.0 = Debug|Any CPU
		{28DBA1B5-7892-45EC-B4B9-27EF9DD59BC9}.Debug|x64.ActiveCfg = Debug|Any CPU
		{28DBA1B5-7892-45EC-B4B9-27EF9DD59BC9}.Debug|x64.Build.0 = Debug|Any CPU
		{28DBA1B5-7892-45EC-B4B9-27EF9DD59BC9}.Debug|x86.ActiveCfg = Debug|Any CPU
		{28DBA1B5-7892-45EC-B4B9-27EF9DD59BC9}.Debug|x86.Build.0 = Debug|Any CPU
		{28DBA1B5-7892-45EC-B4B9-27EF9DD59BC9}.Release|Any CPU.ActiveCfg = Release|Any CPU
		{28DBA1B5-7892-45EC-B4B9-27EF9DD59BC9}.Release|Any CPU.Build.0 = Release|Any CPU
		{28DBA1B5-7892-45EC-B4B9-27EF9DD59BC9}.Release|x64.ActiveCfg = Release|Any CPU
		{28DBA1B5-7892-45EC-B4B9-27EF9DD59BC9}.Release|x64.Build.0 = Release|Any CPU
		{28DBA1B5-7892-45EC-B4B9-27EF9DD59BC9}.Release|x86.ActiveCfg = Release|Any CPU
		{28DBA1B5-7892-45EC-B4B9-27EF9DD59BC9}.Release|x86.Build.0 = Release|Any CPU
	EndGlobalSection
	GlobalSection(SolutionProperties) = preSolution
		HideSolutionNode = FALSE
	EndGlobalSection
	GlobalSection(NestedProjects) = preSolution
		{FC54181A-619A-43F0-989B-85999E750CC6} = {9BB0395E-B595-4B95-89ED-F55AF12B4EE7}
		{63E64B33-4236-4FC9-A9F5-4DF9A0091CB2} = {1CEE3AF7-DC06-4BBE-B28D-62FB1BD4A7A5}
		{1130C00D-CE87-43A2-8723-C930D9C8891D} = {9BB0395E-B595-4B95-89ED-F55AF12B4EE7}
		{D7BAC24F-1FCC-4941-9016-079C0C5AD25B} = {1CEE3AF7-DC06-4BBE-B28D-62FB1BD4A7A5}
		{6F09F844-8EF2-4214-9388-EC2E687051AA} = {9BB0395E-B595-4B95-89ED-F55AF12B4EE7}
		{EAB105DC-CEFA-4B4D-91A1-D43EB4E95A7E} = {1CEE3AF7-DC06-4BBE-B28D-62FB1BD4A7A5}
		{DE66FCE9-0FB0-4079-8753-DBF55A0FE8B8} = {9BB0395E-B595-4B95-89ED-F55AF12B4EE7}
		{28DBA1B5-7892-45EC-B4B9-27EF9DD59BC9} = {1CEE3AF7-DC06-4BBE-B28D-62FB1BD4A7A5}
	EndGlobalSection
	GlobalSection(ExtensibilityGlobals) = postSolution
		SolutionGuid = {112EBBFA-82B9-483E-B258-8611B70B3A3A}
	EndGlobalSection
EndGlobal
