Microsoft Visual Studio Solution File, Format Version 12.00
# Visual Studio 15
VisualStudioVersion = 15.0.26730.10
MinimumVisualStudioVersion = 15.0.26124.0
Project("{2150E333-8FDC-42A3-9474-1A3956D46DE8}") = "src", "src", "{9BB0395E-B595-4B95-89ED-F55AF12B4EE7}"
EndProject
Project("{9A19103F-16F7-4668-BE54-9A1E7A4F7556}") = "Steeltoe.CloudFoundry.Connector", "src\Steeltoe.CloudFoundry.Connector\Steeltoe.CloudFoundry.Connector.csproj", "{FC54181A-619A-43F0-989B-85999E750CC6}"
EndProject
Project("{9A19103F-16F7-4668-BE54-9A1E7A4F7556}") = "Steeltoe.CloudFoundry.Connector.MySql", "src\Steeltoe.CloudFoundry.Connector.MySql\Steeltoe.CloudFoundry.Connector.MySql.csproj", "{45719CF3-AB6E-495E-9E06-D3A2C909C281}"
EndProject
Project("{9A19103F-16F7-4668-BE54-9A1E7A4F7556}") = "Steeltoe.CloudFoundry.Connector.OAuth", "src\Steeltoe.CloudFoundry.Connector.OAuth\Steeltoe.CloudFoundry.Connector.OAuth.csproj", "{ED1FEF2C-2212-4D29-9E28-C2BA3855D1E9}"
EndProject
Project("{9A19103F-16F7-4668-BE54-9A1E7A4F7556}") = "Steeltoe.CloudFoundry.Connector.PostgreSql", "src\Steeltoe.CloudFoundry.Connector.PostgreSql\Steeltoe.CloudFoundry.Connector.PostgreSql.csproj", "{E242E5AE-0DF1-4870-AB63-741D89248FE1}"
EndProject
Project("{9A19103F-16F7-4668-BE54-9A1E7A4F7556}") = "Steeltoe.CloudFoundry.Connector.Rabbit", "src\Steeltoe.CloudFoundry.Connector.Rabbit\Steeltoe.CloudFoundry.Connector.Rabbit.csproj", "{16F5E1F9-133E-4031-99A5-F5AB4A31757B}"
EndProject
Project("{9A19103F-16F7-4668-BE54-9A1E7A4F7556}") = "Steeltoe.CloudFoundry.Connector.Redis", "src\Steeltoe.CloudFoundry.Connector.Redis\Steeltoe.CloudFoundry.Connector.Redis.csproj", "{A1A19B79-A24E-455C-8F66-F179A39E789B}"
EndProject
Project("{2150E333-8FDC-42A3-9474-1A3956D46DE8}") = "test", "test", "{1CEE3AF7-DC06-4BBE-B28D-62FB1BD4A7A5}"
EndProject
Project("{9A19103F-16F7-4668-BE54-9A1E7A4F7556}") = "Steeltoe.CloudFoundry.Connector.MySql.Test", "test\Steeltoe.CloudFoundry.Connector.MySql.Test\Steeltoe.CloudFoundry.Connector.MySql.Test.csproj", "{6D6911CA-946F-491C-9F79-ED4F90585630}"
EndProject
Project("{9A19103F-16F7-4668-BE54-9A1E7A4F7556}") = "Steeltoe.CloudFoundry.Connector.OAuth.Test", "test\Steeltoe.CloudFoundry.Connector.OAuth.Test\Steeltoe.CloudFoundry.Connector.OAuth.Test.csproj", "{0171473F-936C-4710-B5FD-74BCD9EEFBD9}"
EndProject
Project("{9A19103F-16F7-4668-BE54-9A1E7A4F7556}") = "Steeltoe.CloudFoundry.Connector.PostgreSql.Test", "test\Steeltoe.CloudFoundry.Connector.PostgreSql.Test\Steeltoe.CloudFoundry.Connector.PostgreSql.Test.csproj", "{0D204D32-72A3-4CE8-9583-A0E69FC5F626}"
EndProject
Project("{9A19103F-16F7-4668-BE54-9A1E7A4F7556}") = "Steeltoe.CloudFoundry.Connector.Rabbit.Test", "test\Steeltoe.CloudFoundry.Connector.Rabbit.Test\Steeltoe.CloudFoundry.Connector.Rabbit.Test.csproj", "{54FA1848-A7B5-4EA9-BDA4-966F610B8B94}"
EndProject
Project("{9A19103F-16F7-4668-BE54-9A1E7A4F7556}") = "Steeltoe.CloudFoundry.Connector.Redis.Test", "test\Steeltoe.CloudFoundry.Connector.Redis.Test\Steeltoe.CloudFoundry.Connector.Redis.Test.csproj", "{8E13F243-42F3-40B7-B795-359E7F91BC25}"
EndProject
Project("{9A19103F-16F7-4668-BE54-9A1E7A4F7556}") = "Steeltoe.CloudFoundry.Connector.Test", "test\Steeltoe.CloudFoundry.Connector.Test\Steeltoe.CloudFoundry.Connector.Test.csproj", "{63E64B33-4236-4FC9-A9F5-4DF9A0091CB2}"
EndProject
Project("{FAE04EC0-301F-11D3-BF4B-00C04F79EFBC}") = "Steeltoe.CloudFoundry.Connector.Hystrix", "src\Steeltoe.CloudFoundry.Connector.Hystrix\Steeltoe.CloudFoundry.Connector.Hystrix.csproj", "{C247B7DD-DCA9-4003-B727-6B650952B2D5}"
EndProject
Project("{FAE04EC0-301F-11D3-BF4B-00C04F79EFBC}") = "Steeltoe.CloudFoundry.Connector.Hystrix.Test", "test\Steeltoe.CloudFoundry.Connector.Hystrix.Test\Steeltoe.CloudFoundry.Connector.Hystrix.Test.csproj", "{8CA7BB64-5A46-4F91-BDA7-0D77BA552AC3}"
EndProject
Project("{FAE04EC0-301F-11D3-BF4B-00C04F79EFBC}") = "Steeltoe.CloudFoundry.Connector.SqlServer", "src\Steeltoe.CloudFoundry.Connector.SqlServer\Steeltoe.CloudFoundry.Connector.SqlServer.csproj", "{1547C8CD-8D81-450D-8964-9A5FD98E12A5}"
EndProject
Global
	GlobalSection(SolutionConfigurationPlatforms) = preSolution
		Debug|Any CPU = Debug|Any CPU
		Debug|x64 = Debug|x64
		Debug|x86 = Debug|x86
		Release|Any CPU = Release|Any CPU
		Release|x64 = Release|x64
		Release|x86 = Release|x86
	EndGlobalSection
	GlobalSection(ProjectConfigurationPlatforms) = postSolution
		{FC54181A-619A-43F0-989B-85999E750CC6}.Debug|Any CPU.ActiveCfg = Debug|Any CPU
		{FC54181A-619A-43F0-989B-85999E750CC6}.Debug|Any CPU.Build.0 = Debug|Any CPU
		{FC54181A-619A-43F0-989B-85999E750CC6}.Debug|x64.ActiveCfg = Debug|Any CPU
		{FC54181A-619A-43F0-989B-85999E750CC6}.Debug|x64.Build.0 = Debug|Any CPU
		{FC54181A-619A-43F0-989B-85999E750CC6}.Debug|x86.ActiveCfg = Debug|Any CPU
		{FC54181A-619A-43F0-989B-85999E750CC6}.Debug|x86.Build.0 = Debug|Any CPU
		{FC54181A-619A-43F0-989B-85999E750CC6}.Release|Any CPU.ActiveCfg = Release|Any CPU
		{FC54181A-619A-43F0-989B-85999E750CC6}.Release|Any CPU.Build.0 = Release|Any CPU
		{FC54181A-619A-43F0-989B-85999E750CC6}.Release|x64.ActiveCfg = Release|Any CPU
		{FC54181A-619A-43F0-989B-85999E750CC6}.Release|x64.Build.0 = Release|Any CPU
		{FC54181A-619A-43F0-989B-85999E750CC6}.Release|x86.ActiveCfg = Release|Any CPU
		{FC54181A-619A-43F0-989B-85999E750CC6}.Release|x86.Build.0 = Release|Any CPU
		{45719CF3-AB6E-495E-9E06-D3A2C909C281}.Debug|Any CPU.ActiveCfg = Debug|Any CPU
		{45719CF3-AB6E-495E-9E06-D3A2C909C281}.Debug|Any CPU.Build.0 = Debug|Any CPU
		{45719CF3-AB6E-495E-9E06-D3A2C909C281}.Debug|x64.ActiveCfg = Debug|Any CPU
		{45719CF3-AB6E-495E-9E06-D3A2C909C281}.Debug|x64.Build.0 = Debug|Any CPU
		{45719CF3-AB6E-495E-9E06-D3A2C909C281}.Debug|x86.ActiveCfg = Debug|Any CPU
		{45719CF3-AB6E-495E-9E06-D3A2C909C281}.Debug|x86.Build.0 = Debug|Any CPU
		{45719CF3-AB6E-495E-9E06-D3A2C909C281}.Release|Any CPU.ActiveCfg = Release|Any CPU
		{45719CF3-AB6E-495E-9E06-D3A2C909C281}.Release|Any CPU.Build.0 = Release|Any CPU
		{45719CF3-AB6E-495E-9E06-D3A2C909C281}.Release|x64.ActiveCfg = Release|Any CPU
		{45719CF3-AB6E-495E-9E06-D3A2C909C281}.Release|x64.Build.0 = Release|Any CPU
		{45719CF3-AB6E-495E-9E06-D3A2C909C281}.Release|x86.ActiveCfg = Release|Any CPU
		{45719CF3-AB6E-495E-9E06-D3A2C909C281}.Release|x86.Build.0 = Release|Any CPU
		{ED1FEF2C-2212-4D29-9E28-C2BA3855D1E9}.Debug|Any CPU.ActiveCfg = Debug|Any CPU
		{ED1FEF2C-2212-4D29-9E28-C2BA3855D1E9}.Debug|Any CPU.Build.0 = Debug|Any CPU
		{ED1FEF2C-2212-4D29-9E28-C2BA3855D1E9}.Debug|x64.ActiveCfg = Debug|Any CPU
		{ED1FEF2C-2212-4D29-9E28-C2BA3855D1E9}.Debug|x64.Build.0 = Debug|Any CPU
		{ED1FEF2C-2212-4D29-9E28-C2BA3855D1E9}.Debug|x86.ActiveCfg = Debug|Any CPU
		{ED1FEF2C-2212-4D29-9E28-C2BA3855D1E9}.Debug|x86.Build.0 = Debug|Any CPU
		{ED1FEF2C-2212-4D29-9E28-C2BA3855D1E9}.Release|Any CPU.ActiveCfg = Release|Any CPU
		{ED1FEF2C-2212-4D29-9E28-C2BA3855D1E9}.Release|Any CPU.Build.0 = Release|Any CPU
		{ED1FEF2C-2212-4D29-9E28-C2BA3855D1E9}.Release|x64.ActiveCfg = Release|Any CPU
		{ED1FEF2C-2212-4D29-9E28-C2BA3855D1E9}.Release|x64.Build.0 = Release|Any CPU
		{ED1FEF2C-2212-4D29-9E28-C2BA3855D1E9}.Release|x86.ActiveCfg = Release|Any CPU
		{ED1FEF2C-2212-4D29-9E28-C2BA3855D1E9}.Release|x86.Build.0 = Release|Any CPU
		{E242E5AE-0DF1-4870-AB63-741D89248FE1}.Debug|Any CPU.ActiveCfg = Debug|Any CPU
		{E242E5AE-0DF1-4870-AB63-741D89248FE1}.Debug|Any CPU.Build.0 = Debug|Any CPU
		{E242E5AE-0DF1-4870-AB63-741D89248FE1}.Debug|x64.ActiveCfg = Debug|Any CPU
		{E242E5AE-0DF1-4870-AB63-741D89248FE1}.Debug|x64.Build.0 = Debug|Any CPU
		{E242E5AE-0DF1-4870-AB63-741D89248FE1}.Debug|x86.ActiveCfg = Debug|Any CPU
		{E242E5AE-0DF1-4870-AB63-741D89248FE1}.Debug|x86.Build.0 = Debug|Any CPU
		{E242E5AE-0DF1-4870-AB63-741D89248FE1}.Release|Any CPU.ActiveCfg = Release|Any CPU
		{E242E5AE-0DF1-4870-AB63-741D89248FE1}.Release|Any CPU.Build.0 = Release|Any CPU
		{E242E5AE-0DF1-4870-AB63-741D89248FE1}.Release|x64.ActiveCfg = Release|Any CPU
		{E242E5AE-0DF1-4870-AB63-741D89248FE1}.Release|x64.Build.0 = Release|Any CPU
		{E242E5AE-0DF1-4870-AB63-741D89248FE1}.Release|x86.ActiveCfg = Release|Any CPU
		{E242E5AE-0DF1-4870-AB63-741D89248FE1}.Release|x86.Build.0 = Release|Any CPU
		{16F5E1F9-133E-4031-99A5-F5AB4A31757B}.Debug|Any CPU.ActiveCfg = Debug|Any CPU
		{16F5E1F9-133E-4031-99A5-F5AB4A31757B}.Debug|Any CPU.Build.0 = Debug|Any CPU
		{16F5E1F9-133E-4031-99A5-F5AB4A31757B}.Debug|x64.ActiveCfg = Debug|Any CPU
		{16F5E1F9-133E-4031-99A5-F5AB4A31757B}.Debug|x64.Build.0 = Debug|Any CPU
		{16F5E1F9-133E-4031-99A5-F5AB4A31757B}.Debug|x86.ActiveCfg = Debug|Any CPU
		{16F5E1F9-133E-4031-99A5-F5AB4A31757B}.Debug|x86.Build.0 = Debug|Any CPU
		{16F5E1F9-133E-4031-99A5-F5AB4A31757B}.Release|Any CPU.ActiveCfg = Release|Any CPU
		{16F5E1F9-133E-4031-99A5-F5AB4A31757B}.Release|Any CPU.Build.0 = Release|Any CPU
		{16F5E1F9-133E-4031-99A5-F5AB4A31757B}.Release|x64.ActiveCfg = Release|Any CPU
		{16F5E1F9-133E-4031-99A5-F5AB4A31757B}.Release|x64.Build.0 = Release|Any CPU
		{16F5E1F9-133E-4031-99A5-F5AB4A31757B}.Release|x86.ActiveCfg = Release|Any CPU
		{16F5E1F9-133E-4031-99A5-F5AB4A31757B}.Release|x86.Build.0 = Release|Any CPU
		{A1A19B79-A24E-455C-8F66-F179A39E789B}.Debug|Any CPU.ActiveCfg = Debug|Any CPU
		{A1A19B79-A24E-455C-8F66-F179A39E789B}.Debug|Any CPU.Build.0 = Debug|Any CPU
		{A1A19B79-A24E-455C-8F66-F179A39E789B}.Debug|x64.ActiveCfg = Debug|Any CPU
		{A1A19B79-A24E-455C-8F66-F179A39E789B}.Debug|x64.Build.0 = Debug|Any CPU
		{A1A19B79-A24E-455C-8F66-F179A39E789B}.Debug|x86.ActiveCfg = Debug|Any CPU
		{A1A19B79-A24E-455C-8F66-F179A39E789B}.Debug|x86.Build.0 = Debug|Any CPU
		{A1A19B79-A24E-455C-8F66-F179A39E789B}.Release|Any CPU.ActiveCfg = Release|Any CPU
		{A1A19B79-A24E-455C-8F66-F179A39E789B}.Release|Any CPU.Build.0 = Release|Any CPU
		{A1A19B79-A24E-455C-8F66-F179A39E789B}.Release|x64.ActiveCfg = Release|Any CPU
		{A1A19B79-A24E-455C-8F66-F179A39E789B}.Release|x64.Build.0 = Release|Any CPU
		{A1A19B79-A24E-455C-8F66-F179A39E789B}.Release|x86.ActiveCfg = Release|Any CPU
		{A1A19B79-A24E-455C-8F66-F179A39E789B}.Release|x86.Build.0 = Release|Any CPU
		{6D6911CA-946F-491C-9F79-ED4F90585630}.Debug|Any CPU.ActiveCfg = Debug|Any CPU
		{6D6911CA-946F-491C-9F79-ED4F90585630}.Debug|Any CPU.Build.0 = Debug|Any CPU
		{6D6911CA-946F-491C-9F79-ED4F90585630}.Debug|x64.ActiveCfg = Debug|Any CPU
		{6D6911CA-946F-491C-9F79-ED4F90585630}.Debug|x64.Build.0 = Debug|Any CPU
		{6D6911CA-946F-491C-9F79-ED4F90585630}.Debug|x86.ActiveCfg = Debug|Any CPU
		{6D6911CA-946F-491C-9F79-ED4F90585630}.Debug|x86.Build.0 = Debug|Any CPU
		{6D6911CA-946F-491C-9F79-ED4F90585630}.Release|Any CPU.ActiveCfg = Release|Any CPU
		{6D6911CA-946F-491C-9F79-ED4F90585630}.Release|Any CPU.Build.0 = Release|Any CPU
		{6D6911CA-946F-491C-9F79-ED4F90585630}.Release|x64.ActiveCfg = Release|Any CPU
		{6D6911CA-946F-491C-9F79-ED4F90585630}.Release|x64.Build.0 = Release|Any CPU
		{6D6911CA-946F-491C-9F79-ED4F90585630}.Release|x86.ActiveCfg = Release|Any CPU
		{6D6911CA-946F-491C-9F79-ED4F90585630}.Release|x86.Build.0 = Release|Any CPU
		{0171473F-936C-4710-B5FD-74BCD9EEFBD9}.Debug|Any CPU.ActiveCfg = Debug|Any CPU
		{0171473F-936C-4710-B5FD-74BCD9EEFBD9}.Debug|Any CPU.Build.0 = Debug|Any CPU
		{0171473F-936C-4710-B5FD-74BCD9EEFBD9}.Debug|x64.ActiveCfg = Debug|Any CPU
		{0171473F-936C-4710-B5FD-74BCD9EEFBD9}.Debug|x64.Build.0 = Debug|Any CPU
		{0171473F-936C-4710-B5FD-74BCD9EEFBD9}.Debug|x86.ActiveCfg = Debug|Any CPU
		{0171473F-936C-4710-B5FD-74BCD9EEFBD9}.Debug|x86.Build.0 = Debug|Any CPU
		{0171473F-936C-4710-B5FD-74BCD9EEFBD9}.Release|Any CPU.ActiveCfg = Release|Any CPU
		{0171473F-936C-4710-B5FD-74BCD9EEFBD9}.Release|Any CPU.Build.0 = Release|Any CPU
		{0171473F-936C-4710-B5FD-74BCD9EEFBD9}.Release|x64.ActiveCfg = Release|Any CPU
		{0171473F-936C-4710-B5FD-74BCD9EEFBD9}.Release|x64.Build.0 = Release|Any CPU
		{0171473F-936C-4710-B5FD-74BCD9EEFBD9}.Release|x86.ActiveCfg = Release|Any CPU
		{0171473F-936C-4710-B5FD-74BCD9EEFBD9}.Release|x86.Build.0 = Release|Any CPU
		{0D204D32-72A3-4CE8-9583-A0E69FC5F626}.Debug|Any CPU.ActiveCfg = Debug|Any CPU
		{0D204D32-72A3-4CE8-9583-A0E69FC5F626}.Debug|Any CPU.Build.0 = Debug|Any CPU
		{0D204D32-72A3-4CE8-9583-A0E69FC5F626}.Debug|x64.ActiveCfg = Debug|Any CPU
		{0D204D32-72A3-4CE8-9583-A0E69FC5F626}.Debug|x64.Build.0 = Debug|Any CPU
		{0D204D32-72A3-4CE8-9583-A0E69FC5F626}.Debug|x86.ActiveCfg = Debug|Any CPU
		{0D204D32-72A3-4CE8-9583-A0E69FC5F626}.Debug|x86.Build.0 = Debug|Any CPU
		{0D204D32-72A3-4CE8-9583-A0E69FC5F626}.Release|Any CPU.ActiveCfg = Release|Any CPU
		{0D204D32-72A3-4CE8-9583-A0E69FC5F626}.Release|Any CPU.Build.0 = Release|Any CPU
		{0D204D32-72A3-4CE8-9583-A0E69FC5F626}.Release|x64.ActiveCfg = Release|Any CPU
		{0D204D32-72A3-4CE8-9583-A0E69FC5F626}.Release|x64.Build.0 = Release|Any CPU
		{0D204D32-72A3-4CE8-9583-A0E69FC5F626}.Release|x86.ActiveCfg = Release|Any CPU
		{0D204D32-72A3-4CE8-9583-A0E69FC5F626}.Release|x86.Build.0 = Release|Any CPU
		{54FA1848-A7B5-4EA9-BDA4-966F610B8B94}.Debug|Any CPU.ActiveCfg = Debug|Any CPU
		{54FA1848-A7B5-4EA9-BDA4-966F610B8B94}.Debug|Any CPU.Build.0 = Debug|Any CPU
		{54FA1848-A7B5-4EA9-BDA4-966F610B8B94}.Debug|x64.ActiveCfg = Debug|Any CPU
		{54FA1848-A7B5-4EA9-BDA4-966F610B8B94}.Debug|x64.Build.0 = Debug|Any CPU
		{54FA1848-A7B5-4EA9-BDA4-966F610B8B94}.Debug|x86.ActiveCfg = Debug|Any CPU
		{54FA1848-A7B5-4EA9-BDA4-966F610B8B94}.Debug|x86.Build.0 = Debug|Any CPU
		{54FA1848-A7B5-4EA9-BDA4-966F610B8B94}.Release|Any CPU.ActiveCfg = Release|Any CPU
		{54FA1848-A7B5-4EA9-BDA4-966F610B8B94}.Release|Any CPU.Build.0 = Release|Any CPU
		{54FA1848-A7B5-4EA9-BDA4-966F610B8B94}.Release|x64.ActiveCfg = Release|Any CPU
		{54FA1848-A7B5-4EA9-BDA4-966F610B8B94}.Release|x64.Build.0 = Release|Any CPU
		{54FA1848-A7B5-4EA9-BDA4-966F610B8B94}.Release|x86.ActiveCfg = Release|Any CPU
		{54FA1848-A7B5-4EA9-BDA4-966F610B8B94}.Release|x86.Build.0 = Release|Any CPU
		{8E13F243-42F3-40B7-B795-359E7F91BC25}.Debug|Any CPU.ActiveCfg = Debug|Any CPU
		{8E13F243-42F3-40B7-B795-359E7F91BC25}.Debug|Any CPU.Build.0 = Debug|Any CPU
		{8E13F243-42F3-40B7-B795-359E7F91BC25}.Debug|x64.ActiveCfg = Debug|Any CPU
		{8E13F243-42F3-40B7-B795-359E7F91BC25}.Debug|x64.Build.0 = Debug|Any CPU
		{8E13F243-42F3-40B7-B795-359E7F91BC25}.Debug|x86.ActiveCfg = Debug|Any CPU
		{8E13F243-42F3-40B7-B795-359E7F91BC25}.Debug|x86.Build.0 = Debug|Any CPU
		{8E13F243-42F3-40B7-B795-359E7F91BC25}.Release|Any CPU.ActiveCfg = Release|Any CPU
		{8E13F243-42F3-40B7-B795-359E7F91BC25}.Release|Any CPU.Build.0 = Release|Any CPU
		{8E13F243-42F3-40B7-B795-359E7F91BC25}.Release|x64.ActiveCfg = Release|Any CPU
		{8E13F243-42F3-40B7-B795-359E7F91BC25}.Release|x64.Build.0 = Release|Any CPU
		{8E13F243-42F3-40B7-B795-359E7F91BC25}.Release|x86.ActiveCfg = Release|Any CPU
		{8E13F243-42F3-40B7-B795-359E7F91BC25}.Release|x86.Build.0 = Release|Any CPU
		{63E64B33-4236-4FC9-A9F5-4DF9A0091CB2}.Debug|Any CPU.ActiveCfg = Debug|Any CPU
		{63E64B33-4236-4FC9-A9F5-4DF9A0091CB2}.Debug|Any CPU.Build.0 = Debug|Any CPU
		{63E64B33-4236-4FC9-A9F5-4DF9A0091CB2}.Debug|x64.ActiveCfg = Debug|Any CPU
		{63E64B33-4236-4FC9-A9F5-4DF9A0091CB2}.Debug|x64.Build.0 = Debug|Any CPU
		{63E64B33-4236-4FC9-A9F5-4DF9A0091CB2}.Debug|x86.ActiveCfg = Debug|Any CPU
		{63E64B33-4236-4FC9-A9F5-4DF9A0091CB2}.Debug|x86.Build.0 = Debug|Any CPU
		{63E64B33-4236-4FC9-A9F5-4DF9A0091CB2}.Release|Any CPU.ActiveCfg = Release|Any CPU
		{63E64B33-4236-4FC9-A9F5-4DF9A0091CB2}.Release|Any CPU.Build.0 = Release|Any CPU
		{63E64B33-4236-4FC9-A9F5-4DF9A0091CB2}.Release|x64.ActiveCfg = Release|Any CPU
		{63E64B33-4236-4FC9-A9F5-4DF9A0091CB2}.Release|x64.Build.0 = Release|Any CPU
		{63E64B33-4236-4FC9-A9F5-4DF9A0091CB2}.Release|x86.ActiveCfg = Release|Any CPU
		{63E64B33-4236-4FC9-A9F5-4DF9A0091CB2}.Release|x86.Build.0 = Release|Any CPU
		{C247B7DD-DCA9-4003-B727-6B650952B2D5}.Debug|Any CPU.ActiveCfg = Debug|Any CPU
		{C247B7DD-DCA9-4003-B727-6B650952B2D5}.Debug|Any CPU.Build.0 = Debug|Any CPU
		{C247B7DD-DCA9-4003-B727-6B650952B2D5}.Debug|x64.ActiveCfg = Debug|Any CPU
		{C247B7DD-DCA9-4003-B727-6B650952B2D5}.Debug|x64.Build.0 = Debug|Any CPU
		{C247B7DD-DCA9-4003-B727-6B650952B2D5}.Debug|x86.ActiveCfg = Debug|Any CPU
		{C247B7DD-DCA9-4003-B727-6B650952B2D5}.Debug|x86.Build.0 = Debug|Any CPU
		{C247B7DD-DCA9-4003-B727-6B650952B2D5}.Release|Any CPU.ActiveCfg = Release|Any CPU
		{C247B7DD-DCA9-4003-B727-6B650952B2D5}.Release|Any CPU.Build.0 = Release|Any CPU
		{C247B7DD-DCA9-4003-B727-6B650952B2D5}.Release|x64.ActiveCfg = Release|Any CPU
		{C247B7DD-DCA9-4003-B727-6B650952B2D5}.Release|x64.Build.0 = Release|Any CPU
		{C247B7DD-DCA9-4003-B727-6B650952B2D5}.Release|x86.ActiveCfg = Release|Any CPU
		{C247B7DD-DCA9-4003-B727-6B650952B2D5}.Release|x86.Build.0 = Release|Any CPU
		{8CA7BB64-5A46-4F91-BDA7-0D77BA552AC3}.Debug|Any CPU.ActiveCfg = Debug|Any CPU
		{8CA7BB64-5A46-4F91-BDA7-0D77BA552AC3}.Debug|Any CPU.Build.0 = Debug|Any CPU
		{8CA7BB64-5A46-4F91-BDA7-0D77BA552AC3}.Debug|x64.ActiveCfg = Debug|Any CPU
		{8CA7BB64-5A46-4F91-BDA7-0D77BA552AC3}.Debug|x64.Build.0 = Debug|Any CPU
		{8CA7BB64-5A46-4F91-BDA7-0D77BA552AC3}.Debug|x86.ActiveCfg = Debug|Any CPU
		{8CA7BB64-5A46-4F91-BDA7-0D77BA552AC3}.Debug|x86.Build.0 = Debug|Any CPU
		{8CA7BB64-5A46-4F91-BDA7-0D77BA552AC3}.Release|Any CPU.ActiveCfg = Release|Any CPU
		{8CA7BB64-5A46-4F91-BDA7-0D77BA552AC3}.Release|Any CPU.Build.0 = Release|Any CPU
		{8CA7BB64-5A46-4F91-BDA7-0D77BA552AC3}.Release|x64.ActiveCfg = Release|Any CPU
		{8CA7BB64-5A46-4F91-BDA7-0D77BA552AC3}.Release|x64.Build.0 = Release|Any CPU
		{8CA7BB64-5A46-4F91-BDA7-0D77BA552AC3}.Release|x86.ActiveCfg = Release|Any CPU
		{8CA7BB64-5A46-4F91-BDA7-0D77BA552AC3}.Release|x86.Build.0 = Release|Any CPU
		{1547C8CD-8D81-450D-8964-9A5FD98E12A5}.Debug|Any CPU.ActiveCfg = Debug|Any CPU
		{1547C8CD-8D81-450D-8964-9A5FD98E12A5}.Debug|Any CPU.Build.0 = Debug|Any CPU
		{1547C8CD-8D81-450D-8964-9A5FD98E12A5}.Debug|x64.ActiveCfg = Debug|Any CPU
		{1547C8CD-8D81-450D-8964-9A5FD98E12A5}.Debug|x64.Build.0 = Debug|Any CPU
		{1547C8CD-8D81-450D-8964-9A5FD98E12A5}.Debug|x86.ActiveCfg = Debug|Any CPU
		{1547C8CD-8D81-450D-8964-9A5FD98E12A5}.Debug|x86.Build.0 = Debug|Any CPU
		{1547C8CD-8D81-450D-8964-9A5FD98E12A5}.Release|Any CPU.ActiveCfg = Release|Any CPU
		{1547C8CD-8D81-450D-8964-9A5FD98E12A5}.Release|Any CPU.Build.0 = Release|Any CPU
		{1547C8CD-8D81-450D-8964-9A5FD98E12A5}.Release|x64.ActiveCfg = Release|Any CPU
		{1547C8CD-8D81-450D-8964-9A5FD98E12A5}.Release|x64.Build.0 = Release|Any CPU
		{1547C8CD-8D81-450D-8964-9A5FD98E12A5}.Release|x86.ActiveCfg = Release|Any CPU
		{1547C8CD-8D81-450D-8964-9A5FD98E12A5}.Release|x86.Build.0 = Release|Any CPU
	EndGlobalSection
	GlobalSection(SolutionProperties) = preSolution
		HideSolutionNode = FALSE
	EndGlobalSection
	GlobalSection(NestedProjects) = preSolution
		{FC54181A-619A-43F0-989B-85999E750CC6} = {9BB0395E-B595-4B95-89ED-F55AF12B4EE7}
		{45719CF3-AB6E-495E-9E06-D3A2C909C281} = {9BB0395E-B595-4B95-89ED-F55AF12B4EE7}
		{ED1FEF2C-2212-4D29-9E28-C2BA3855D1E9} = {9BB0395E-B595-4B95-89ED-F55AF12B4EE7}
		{E242E5AE-0DF1-4870-AB63-741D89248FE1} = {9BB0395E-B595-4B95-89ED-F55AF12B4EE7}
		{16F5E1F9-133E-4031-99A5-F5AB4A31757B} = {9BB0395E-B595-4B95-89ED-F55AF12B4EE7}
		{A1A19B79-A24E-455C-8F66-F179A39E789B} = {9BB0395E-B595-4B95-89ED-F55AF12B4EE7}
		{6D6911CA-946F-491C-9F79-ED4F90585630} = {1CEE3AF7-DC06-4BBE-B28D-62FB1BD4A7A5}
		{0171473F-936C-4710-B5FD-74BCD9EEFBD9} = {1CEE3AF7-DC06-4BBE-B28D-62FB1BD4A7A5}
		{0D204D32-72A3-4CE8-9583-A0E69FC5F626} = {1CEE3AF7-DC06-4BBE-B28D-62FB1BD4A7A5}
		{54FA1848-A7B5-4EA9-BDA4-966F610B8B94} = {1CEE3AF7-DC06-4BBE-B28D-62FB1BD4A7A5}
		{8E13F243-42F3-40B7-B795-359E7F91BC25} = {1CEE3AF7-DC06-4BBE-B28D-62FB1BD4A7A5}
		{63E64B33-4236-4FC9-A9F5-4DF9A0091CB2} = {1CEE3AF7-DC06-4BBE-B28D-62FB1BD4A7A5}
		{C247B7DD-DCA9-4003-B727-6B650952B2D5} = {9BB0395E-B595-4B95-89ED-F55AF12B4EE7}
		{8CA7BB64-5A46-4F91-BDA7-0D77BA552AC3} = {1CEE3AF7-DC06-4BBE-B28D-62FB1BD4A7A5}
		{1547C8CD-8D81-450D-8964-9A5FD98E12A5} = {9BB0395E-B595-4B95-89ED-F55AF12B4EE7}
	EndGlobalSection
	GlobalSection(ExtensibilityGlobals) = postSolution
		SolutionGuid = {9CB88A54-DEBC-4FE2-833E-B8FF9602D0B2}
	EndGlobalSection
EndGlobal
