Microsoft Visual Studio Solution File, Format Version 12.00
# Visual Studio 15
VisualStudioVersion = 15.0.26403.7
MinimumVisualStudioVersion = 15.0.26124.0
Project("{2150E333-8FDC-42A3-9474-1A3956D46DE8}") = "src", "src", "{A0CD0464-8E5B-42DD-8464-13FC8E6F35FF}"
EndProject
Project("{FAE04EC0-301F-11D3-BF4B-00C04F79EFBC}") = "Steeltoe.Discovery.Client", "src\Steeltoe.Discovery.Client\Steeltoe.Discovery.Client.csproj", "{91404FB7-3E75-4ED5-98BC-A3A1AC254DCA}"
EndProject
Project("{FAE04EC0-301F-11D3-BF4B-00C04F79EFBC}") = "Steeltoe.Discovery.Eureka.Client", "src\Steeltoe.Discovery.Eureka.Client\Steeltoe.Discovery.Eureka.Client.csproj", "{A05A7403-D287-4352-81EE-3266E71A895C}"
EndProject
Project("{2150E333-8FDC-42A3-9474-1A3956D46DE8}") = "test", "test", "{482BD4E0-A909-403B-B83A-D1D6377E0022}"
EndProject
Project("{FAE04EC0-301F-11D3-BF4B-00C04F79EFBC}") = "Steeltoe.Discovery.Client.Test", "test\Steeltoe.Discovery.Client.Test\Steeltoe.Discovery.Client.Test.csproj", "{04A48209-1BAF-4EA9-92AE-77D063323CEB}"
EndProject
Project("{FAE04EC0-301F-11D3-BF4B-00C04F79EFBC}") = "Steeltoe.Discovery.Eureka.Client.Test", "test\Steeltoe.Discovery.Eureka.Client.Test\Steeltoe.Discovery.Eureka.Client.Test.csproj", "{0D6188DE-6400-49EB-B494-97F523E74E46}"
EndProject
Global
	GlobalSection(SolutionConfigurationPlatforms) = preSolution
		Debug|Any CPU = Debug|Any CPU
		Debug|x64 = Debug|x64
		Debug|x86 = Debug|x86
		Release|Any CPU = Release|Any CPU
		Release|x64 = Release|x64
		Release|x86 = Release|x86
	EndGlobalSection
	GlobalSection(ProjectConfigurationPlatforms) = postSolution
		{91404FB7-3E75-4ED5-98BC-A3A1AC254DCA}.Debug|Any CPU.ActiveCfg = Debug|Any CPU
		{91404FB7-3E75-4ED5-98BC-A3A1AC254DCA}.Debug|Any CPU.Build.0 = Debug|Any CPU
		{91404FB7-3E75-4ED5-98BC-A3A1AC254DCA}.Debug|x64.ActiveCfg = Debug|Any CPU
		{91404FB7-3E75-4ED5-98BC-A3A1AC254DCA}.Debug|x64.Build.0 = Debug|Any CPU
		{91404FB7-3E75-4ED5-98BC-A3A1AC254DCA}.Debug|x86.ActiveCfg = Debug|Any CPU
		{91404FB7-3E75-4ED5-98BC-A3A1AC254DCA}.Debug|x86.Build.0 = Debug|Any CPU
		{91404FB7-3E75-4ED5-98BC-A3A1AC254DCA}.Release|Any CPU.ActiveCfg = Release|Any CPU
		{91404FB7-3E75-4ED5-98BC-A3A1AC254DCA}.Release|Any CPU.Build.0 = Release|Any CPU
		{91404FB7-3E75-4ED5-98BC-A3A1AC254DCA}.Release|x64.ActiveCfg = Release|Any CPU
		{91404FB7-3E75-4ED5-98BC-A3A1AC254DCA}.Release|x64.Build.0 = Release|Any CPU
		{91404FB7-3E75-4ED5-98BC-A3A1AC254DCA}.Release|x86.ActiveCfg = Release|Any CPU
		{91404FB7-3E75-4ED5-98BC-A3A1AC254DCA}.Release|x86.Build.0 = Release|Any CPU
		{A05A7403-D287-4352-81EE-3266E71A895C}.Debug|Any CPU.ActiveCfg = Debug|Any CPU
		{A05A7403-D287-4352-81EE-3266E71A895C}.Debug|Any CPU.Build.0 = Debug|Any CPU
		{A05A7403-D287-4352-81EE-3266E71A895C}.Debug|x64.ActiveCfg = Debug|Any CPU
		{A05A7403-D287-4352-81EE-3266E71A895C}.Debug|x64.Build.0 = Debug|Any CPU
		{A05A7403-D287-4352-81EE-3266E71A895C}.Debug|x86.ActiveCfg = Debug|Any CPU
		{A05A7403-D287-4352-81EE-3266E71A895C}.Debug|x86.Build.0 = Debug|Any CPU
		{A05A7403-D287-4352-81EE-3266E71A895C}.Release|Any CPU.ActiveCfg = Release|Any CPU
		{A05A7403-D287-4352-81EE-3266E71A895C}.Release|Any CPU.Build.0 = Release|Any CPU
		{A05A7403-D287-4352-81EE-3266E71A895C}.Release|x64.ActiveCfg = Release|Any CPU
		{A05A7403-D287-4352-81EE-3266E71A895C}.Release|x64.Build.0 = Release|Any CPU
		{A05A7403-D287-4352-81EE-3266E71A895C}.Release|x86.ActiveCfg = Release|Any CPU
		{A05A7403-D287-4352-81EE-3266E71A895C}.Release|x86.Build.0 = Release|Any CPU
		{04A48209-1BAF-4EA9-92AE-77D063323CEB}.Debug|Any CPU.ActiveCfg = Debug|Any CPU
		{04A48209-1BAF-4EA9-92AE-77D063323CEB}.Debug|Any CPU.Build.0 = Debug|Any CPU
		{04A48209-1BAF-4EA9-92AE-77D063323CEB}.Debug|x64.ActiveCfg = Debug|Any CPU
		{04A48209-1BAF-4EA9-92AE-77D063323CEB}.Debug|x64.Build.0 = Debug|Any CPU
		{04A48209-1BAF-4EA9-92AE-77D063323CEB}.Debug|x86.ActiveCfg = Debug|Any CPU
		{04A48209-1BAF-4EA9-92AE-77D063323CEB}.Debug|x86.Build.0 = Debug|Any CPU
		{04A48209-1BAF-4EA9-92AE-77D063323CEB}.Release|Any CPU.ActiveCfg = Release|Any CPU
		{04A48209-1BAF-4EA9-92AE-77D063323CEB}.Release|Any CPU.Build.0 = Release|Any CPU
		{04A48209-1BAF-4EA9-92AE-77D063323CEB}.Release|x64.ActiveCfg = Release|Any CPU
		{04A48209-1BAF-4EA9-92AE-77D063323CEB}.Release|x64.Build.0 = Release|Any CPU
		{04A48209-1BAF-4EA9-92AE-77D063323CEB}.Release|x86.ActiveCfg = Release|Any CPU
		{04A48209-1BAF-4EA9-92AE-77D063323CEB}.Release|x86.Build.0 = Release|Any CPU
		{0D6188DE-6400-49EB-B494-97F523E74E46}.Debug|Any CPU.ActiveCfg = Debug|Any CPU
		{0D6188DE-6400-49EB-B494-97F523E74E46}.Debug|Any CPU.Build.0 = Debug|Any CPU
		{0D6188DE-6400-49EB-B494-97F523E74E46}.Debug|x64.ActiveCfg = Debug|Any CPU
		{0D6188DE-6400-49EB-B494-97F523E74E46}.Debug|x64.Build.0 = Debug|Any CPU
		{0D6188DE-6400-49EB-B494-97F523E74E46}.Debug|x86.ActiveCfg = Debug|Any CPU
		{0D6188DE-6400-49EB-B494-97F523E74E46}.Debug|x86.Build.0 = Debug|Any CPU
		{0D6188DE-6400-49EB-B494-97F523E74E46}.Release|Any CPU.ActiveCfg = Release|Any CPU
		{0D6188DE-6400-49EB-B494-97F523E74E46}.Release|Any CPU.Build.0 = Release|Any CPU
		{0D6188DE-6400-49EB-B494-97F523E74E46}.Release|x64.ActiveCfg = Release|Any CPU
		{0D6188DE-6400-49EB-B494-97F523E74E46}.Release|x64.Build.0 = Release|Any CPU
		{0D6188DE-6400-49EB-B494-97F523E74E46}.Release|x86.ActiveCfg = Release|Any CPU
		{0D6188DE-6400-49EB-B494-97F523E74E46}.Release|x86.Build.0 = Release|Any CPU
	EndGlobalSection
	GlobalSection(SolutionProperties) = preSolution
		HideSolutionNode = FALSE
	EndGlobalSection
	GlobalSection(NestedProjects) = preSolution
		{91404FB7-3E75-4ED5-98BC-A3A1AC254DCA} = {A0CD0464-8E5B-42DD-8464-13FC8E6F35FF}
		{A05A7403-D287-4352-81EE-3266E71A895C} = {A0CD0464-8E5B-42DD-8464-13FC8E6F35FF}
		{04A48209-1BAF-4EA9-92AE-77D063323CEB} = {482BD4E0-A909-403B-B83A-D1D6377E0022}
		{0D6188DE-6400-49EB-B494-97F523E74E46} = {482BD4E0-A909-403B-B83A-D1D6377E0022}
	EndGlobalSection
EndGlobal
