
Microsoft Visual Studio Solution File, Format Version 12.00
# Visual Studio 15
VisualStudioVersion = 15.0.27130.2020
MinimumVisualStudioVersion = 10.0.40219.1
Project("{2150E333-8FDC-42A3-9474-1A3956D46DE8}") = "src", "src", "{B86A4082-6F42-4BFC-A1F2-83CC422AD493}"
EndProject
Project("{2150E333-8FDC-42A3-9474-1A3956D46DE8}") = "test", "test", "{8B4CE682-9C0B-4849-813B-E43BE098FCE2}"
EndProject
Project("{2150E333-8FDC-42A3-9474-1A3956D46DE8}") = "config", "config", "{9764636B-4C42-4F38-8074-99C086B8FB74}"
	ProjectSection(SolutionItems) = preProject
		config\versions-dev.props = config\versions-dev.props
		config\versions-master.props = config\versions-master.props
		config\versions.props = config\versions.props
	EndProjectSection
EndProject
Project("{2150E333-8FDC-42A3-9474-1A3956D46DE8}") = "Solution Items", "Solution Items", "{2D0A3F62-46FA-4317-BDEB-BE9433B9EBBE}"
	ProjectSection(SolutionItems) = preProject
		.appveyor.yml = .appveyor.yml
		.travis.yml = .travis.yml
		stylecop.json = stylecop.json
	EndProjectSection
EndProject
Project("{9A19103F-16F7-4668-BE54-9A1E7A4F7556}") = "Steeltoe.Management.EndpointCore", "src\Steeltoe.Management.EndpointCore\Steeltoe.Management.EndpointCore.csproj", "{D544C805-F83B-46D8-9F64-AA783F924DB5}"
EndProject
Project("{9A19103F-16F7-4668-BE54-9A1E7A4F7556}") = "Steeltoe.Management.CloudFoundryCore", "src\Steeltoe.Management.CloudFoundryCore\Steeltoe.Management.CloudFoundryCore.csproj", "{B886C97F-548C-4FEF-8E95-950A3EBFE901}"
EndProject
Project("{9A19103F-16F7-4668-BE54-9A1E7A4F7556}") = "Steeltoe.Management.CloudFoundryCore.Test", "test\Steeltoe.Management.CloudFoundryCore.Test\Steeltoe.Management.CloudFoundryCore.Test.csproj", "{B94F21CC-3A87-4D9A-8F9F-39BC4B7447D1}"
EndProject
Project("{9A19103F-16F7-4668-BE54-9A1E7A4F7556}") = "Steeltoe.Management.EndpointCore.Test", "test\Steeltoe.Management.EndpointCore.Test\Steeltoe.Management.EndpointCore.Test.csproj", "{D1E2C1E0-8DF9-403B-A8C8-81C2A259B563}"
EndProject
Project("{9A19103F-16F7-4668-BE54-9A1E7A4F7556}") = "Steeltoe.Management.EndpointBase", "src\Steeltoe.Management.EndpointBase\Steeltoe.Management.EndpointBase.csproj", "{6560432C-FF23-4E24-BA2F-08EA22C9D1E1}"
EndProject
Project("{9A19103F-16F7-4668-BE54-9A1E7A4F7556}") = "Steeltoe.Management.EndpointBase.Test", "test\Steeltoe.Management.EndpointBase.Test\Steeltoe.Management.EndpointBase.Test.csproj", "{E18FE0C4-04F0-46CB-B96A-E9B2210314D6}"
EndProject
Project("{9A19103F-16F7-4668-BE54-9A1E7A4F7556}") = "Steeltoe.Management.Diagnostics", "src\Steeltoe.Management.Diagnostics\Steeltoe.Management.Diagnostics.csproj", "{90C54C3B-488B-4449-826F-940A48992522}"
EndProject
Global
	GlobalSection(SolutionConfigurationPlatforms) = preSolution
		Debug|Any CPU = Debug|Any CPU
		Release|Any CPU = Release|Any CPU
	EndGlobalSection
	GlobalSection(ProjectConfigurationPlatforms) = postSolution
		{D544C805-F83B-46D8-9F64-AA783F924DB5}.Debug|Any CPU.ActiveCfg = Debug|Any CPU
		{D544C805-F83B-46D8-9F64-AA783F924DB5}.Debug|Any CPU.Build.0 = Debug|Any CPU
		{D544C805-F83B-46D8-9F64-AA783F924DB5}.Release|Any CPU.ActiveCfg = Release|Any CPU
		{D544C805-F83B-46D8-9F64-AA783F924DB5}.Release|Any CPU.Build.0 = Release|Any CPU
		{B886C97F-548C-4FEF-8E95-950A3EBFE901}.Debug|Any CPU.ActiveCfg = Debug|Any CPU
		{B886C97F-548C-4FEF-8E95-950A3EBFE901}.Debug|Any CPU.Build.0 = Debug|Any CPU
		{B886C97F-548C-4FEF-8E95-950A3EBFE901}.Release|Any CPU.ActiveCfg = Release|Any CPU
		{B886C97F-548C-4FEF-8E95-950A3EBFE901}.Release|Any CPU.Build.0 = Release|Any CPU
		{B94F21CC-3A87-4D9A-8F9F-39BC4B7447D1}.Debug|Any CPU.ActiveCfg = Debug|Any CPU
		{B94F21CC-3A87-4D9A-8F9F-39BC4B7447D1}.Debug|Any CPU.Build.0 = Debug|Any CPU
		{B94F21CC-3A87-4D9A-8F9F-39BC4B7447D1}.Release|Any CPU.ActiveCfg = Release|Any CPU
		{B94F21CC-3A87-4D9A-8F9F-39BC4B7447D1}.Release|Any CPU.Build.0 = Release|Any CPU
		{D1E2C1E0-8DF9-403B-A8C8-81C2A259B563}.Debug|Any CPU.ActiveCfg = Debug|Any CPU
		{D1E2C1E0-8DF9-403B-A8C8-81C2A259B563}.Debug|Any CPU.Build.0 = Debug|Any CPU
		{D1E2C1E0-8DF9-403B-A8C8-81C2A259B563}.Release|Any CPU.ActiveCfg = Release|Any CPU
		{D1E2C1E0-8DF9-403B-A8C8-81C2A259B563}.Release|Any CPU.Build.0 = Release|Any CPU
		{6560432C-FF23-4E24-BA2F-08EA22C9D1E1}.Debug|Any CPU.ActiveCfg = Debug|Any CPU
		{6560432C-FF23-4E24-BA2F-08EA22C9D1E1}.Debug|Any CPU.Build.0 = Debug|Any CPU
		{6560432C-FF23-4E24-BA2F-08EA22C9D1E1}.Release|Any CPU.ActiveCfg = Release|Any CPU
		{6560432C-FF23-4E24-BA2F-08EA22C9D1E1}.Release|Any CPU.Build.0 = Release|Any CPU
		{E18FE0C4-04F0-46CB-B96A-E9B2210314D6}.Debug|Any CPU.ActiveCfg = Debug|Any CPU
		{E18FE0C4-04F0-46CB-B96A-E9B2210314D6}.Debug|Any CPU.Build.0 = Debug|Any CPU
		{E18FE0C4-04F0-46CB-B96A-E9B2210314D6}.Release|Any CPU.ActiveCfg = Release|Any CPU
		{E18FE0C4-04F0-46CB-B96A-E9B2210314D6}.Release|Any CPU.Build.0 = Release|Any CPU
		{90C54C3B-488B-4449-826F-940A48992522}.Debug|Any CPU.ActiveCfg = Debug|Any CPU
		{90C54C3B-488B-4449-826F-940A48992522}.Debug|Any CPU.Build.0 = Debug|Any CPU
		{90C54C3B-488B-4449-826F-940A48992522}.Release|Any CPU.ActiveCfg = Release|Any CPU
		{90C54C3B-488B-4449-826F-940A48992522}.Release|Any CPU.Build.0 = Release|Any CPU
	EndGlobalSection
	GlobalSection(SolutionProperties) = preSolution
		HideSolutionNode = FALSE
	EndGlobalSection
	GlobalSection(NestedProjects) = preSolution
		{D544C805-F83B-46D8-9F64-AA783F924DB5} = {B86A4082-6F42-4BFC-A1F2-83CC422AD493}
		{B886C97F-548C-4FEF-8E95-950A3EBFE901} = {B86A4082-6F42-4BFC-A1F2-83CC422AD493}
		{B94F21CC-3A87-4D9A-8F9F-39BC4B7447D1} = {8B4CE682-9C0B-4849-813B-E43BE098FCE2}
		{D1E2C1E0-8DF9-403B-A8C8-81C2A259B563} = {8B4CE682-9C0B-4849-813B-E43BE098FCE2}
		{6560432C-FF23-4E24-BA2F-08EA22C9D1E1} = {B86A4082-6F42-4BFC-A1F2-83CC422AD493}
		{E18FE0C4-04F0-46CB-B96A-E9B2210314D6} = {8B4CE682-9C0B-4849-813B-E43BE098FCE2}
		{90C54C3B-488B-4449-826F-940A48992522} = {B86A4082-6F42-4BFC-A1F2-83CC422AD493}
	EndGlobalSection
	GlobalSection(ExtensibilityGlobals) = postSolution
		SolutionGuid = {7949396C-4BFF-4834-9BC2-F3A345E9CCE5}
	EndGlobalSection
EndGlobal
