
Microsoft Visual Studio Solution File, Format Version 12.00
# Visual Studio 14
VisualStudioVersion = 14.0.25420.1
MinimumVisualStudioVersion = 10.0.40219.1
Project("{2150E333-8FDC-42A3-9474-1A3956D46DE8}") = "src", "src", "{FAD86FF9-64CE-4915-8146-DC4A33C31004}"
EndProject
Project("{2150E333-8FDC-42A3-9474-1A3956D46DE8}") = "test", "test", "{43A46D73-271A-414B-92DE-F6ACD13FA117}"
EndProject
Project("{8BB2217D-0F2D-49D1-97BC-3654ED321F3B}") = "Steeltoe.Security.Authentication.CloudFoundry", "src\Steeltoe.Security.Authentication.CloudFoundry\Steeltoe.Security.Authentication.CloudFoundry.xproj", "{CC60F638-A791-4694-998C-2B1559D37207}"
EndProject
Project("{8BB2217D-0F2D-49D1-97BC-3654ED321F3B}") = "Steeltoe.Security.Authentication.CloudFoundry.Test", "test\Steeltoe.Security.Authentication.CloudFoundry.Test\Steeltoe.Security.Authentication.CloudFoundry.Test.xproj", "{0B258F76-09D9-44FE-8232-CBF33F68242C}"
EndProject
Global
	GlobalSection(SolutionConfigurationPlatforms) = preSolution
		Debug|Any CPU = Debug|Any CPU
		Release|Any CPU = Release|Any CPU
	EndGlobalSection
	GlobalSection(ProjectConfigurationPlatforms) = postSolution
		{CC60F638-A791-4694-998C-2B1559D37207}.Debug|Any CPU.ActiveCfg = Debug|Any CPU
		{CC60F638-A791-4694-998C-2B1559D37207}.Debug|Any CPU.Build.0 = Debug|Any CPU
		{CC60F638-A791-4694-998C-2B1559D37207}.Release|Any CPU.ActiveCfg = Release|Any CPU
		{CC60F638-A791-4694-998C-2B1559D37207}.Release|Any CPU.Build.0 = Release|Any CPU
		{0B258F76-09D9-44FE-8232-CBF33F68242C}.Debug|Any CPU.ActiveCfg = Debug|Any CPU
		{0B258F76-09D9-44FE-8232-CBF33F68242C}.Debug|Any CPU.Build.0 = Debug|Any CPU
		{0B258F76-09D9-44FE-8232-CBF33F68242C}.Release|Any CPU.ActiveCfg = Release|Any CPU
		{0B258F76-09D9-44FE-8232-CBF33F68242C}.Release|Any CPU.Build.0 = Release|Any CPU
	EndGlobalSection
	GlobalSection(SolutionProperties) = preSolution
		HideSolutionNode = FALSE
	EndGlobalSection
	GlobalSection(NestedProjects) = preSolution
		{CC60F638-A791-4694-998C-2B1559D37207} = {FAD86FF9-64CE-4915-8146-DC4A33C31004}
		{0B258F76-09D9-44FE-8232-CBF33F68242C} = {43A46D73-271A-414B-92DE-F6ACD13FA117}
	EndGlobalSection
EndGlobal
