Microsoft Visual Studio Solution File, Format Version 12.00
# Visual Studio 15
VisualStudioVersion = 15.0.27130.2010
MinimumVisualStudioVersion = 15.0.26124.0
Project("{2150E333-8FDC-42A3-9474-1A3956D46DE8}") = "src", "src", "{7608EFF0-BADC-4259-A760-FA312F9887CD}"
EndProject
Project("{2150E333-8FDC-42A3-9474-1A3956D46DE8}") = "test", "test", "{BA3B33D3-64A5-4219-B4C2-787C4BD505F7}"
EndProject
Project("{2150E333-8FDC-42A3-9474-1A3956D46DE8}") = "config", "config", "{851768A8-7E3B-49DF-9DA2-512FAC8118C5}"
	ProjectSection(SolutionItems) = preProject
		config\versions-dev.props = config\versions-dev.props
		config\versions-master.props = config\versions-master.props
		config\versions.props = config\versions.props
	EndProjectSection
EndProject
Project("{2150E333-8FDC-42A3-9474-1A3956D46DE8}") = "Solution Items", "Solution Items", "{6EBD5C70-1AC2-4163-90B8-BD8D76CF8B26}"
	ProjectSection(SolutionItems) = preProject
		.appveyor.yml = .appveyor.yml
		.travis.yml = .travis.yml
		nuget.config = nuget.config
		README.md = README.md
		stylecop.json = stylecop.json
	EndProjectSection
EndProject
Project("{9A19103F-16F7-4668-BE54-9A1E7A4F7556}") = "Steeltoe.Security.Authentication.CloudFoundryCore", "src\Steeltoe.Security.Authentication.CloudFoundryCore\Steeltoe.Security.Authentication.CloudFoundryCore.csproj", "{C2EDCFE9-B3C5-466C-B1DA-C62D896C8F9E}"
EndProject
Project("{9A19103F-16F7-4668-BE54-9A1E7A4F7556}") = "Steeltoe.Security.DataProtection.RedisCore", "src\Steeltoe.Security.DataProtection.RedisCore\Steeltoe.Security.DataProtection.RedisCore.csproj", "{CFA2306E-770A-4136-B232-41FC75FCC335}"
EndProject
Project("{9A19103F-16F7-4668-BE54-9A1E7A4F7556}") = "Steeltoe.Security.Authentication.CloudFoundryCore.Test", "test\Steeltoe.Security.Authentication.CloudFoundryCore.Test\Steeltoe.Security.Authentication.CloudFoundryCore.Test.csproj", "{DB10D179-F064-4AD9-8713-4635B2364BBA}"
EndProject
Project("{9A19103F-16F7-4668-BE54-9A1E7A4F7556}") = "Steeltoe.Security.DataProtection.RedisCore.Test", "test\Steeltoe.Security.DataProtection.RedisCore.Test\Steeltoe.Security.DataProtection.RedisCore.Test.csproj", "{4A9E583F-3C55-4B06-996A-2245DE10A489}"
EndProject
Project("{9A19103F-16F7-4668-BE54-9A1E7A4F7556}") = "Steeltoe.Security.Authentication.CloudFoundryOwin", "src\Steeltoe.Security.Authentication.CloudFoundryOwin\Steeltoe.Security.Authentication.CloudFoundryOwin.csproj", "{1FB2F094-036C-4BB7-AE89-B7E7EEB26BAE}"
EndProject
Project("{9A19103F-16F7-4668-BE54-9A1E7A4F7556}") = "Steeltoe.Security.Authentication.CloudFoundryWcf", "src\Steeltoe.Security.Authentication.CloudFoundryWcf\Steeltoe.Security.Authentication.CloudFoundryWcf.csproj", "{60A920F6-C5E5-4857-B0CD-92161143427A}"
EndProject
Project("{9A19103F-16F7-4668-BE54-9A1E7A4F7556}") = "Steeltoe.Security.DataProtection.CredHubCore", "src\Steeltoe.Security.DataProtection.CredHubCore\Steeltoe.Security.DataProtection.CredHubCore.csproj", "{2C058652-DE6E-4A33-8D11-F9F5AB9E481A}"
EndProject
Project("{9A19103F-16F7-4668-BE54-9A1E7A4F7556}") = "Steeltoe.Security.DataProtection.CredHubCore.Test", "test\Steeltoe.Security.DataProtection.CredHubCore.Test\Steeltoe.Security.DataProtection.CredHubCore.Test.csproj", "{B5EDB484-9639-4F81-9E8E-639EA866ECA6}"
EndProject
Project("{9A19103F-16F7-4668-BE54-9A1E7A4F7556}") = "Steeltoe.Security.DataProtection.CredHubBase", "src\Steeltoe.Security.DataProtection.CredHubBase\Steeltoe.Security.DataProtection.CredHubBase.csproj", "{E698B09A-4865-49B4-A132-DD91701CF1C9}"
EndProject
Project("{9A19103F-16F7-4668-BE54-9A1E7A4F7556}") = "Steeltoe.Security.DataProtection.CredHubBase.Test", "test\Steeltoe.Security.DataProtection.CredHubBase.Test\Steeltoe.Security.DataProtection.CredHubBase.Test.csproj", "{5F0D59A7-FB7D-4CA6-8DC4-2BDF50D176AF}"
EndProject
Global
	GlobalSection(SolutionConfigurationPlatforms) = preSolution
		Debug|Any CPU = Debug|Any CPU
		Release|Any CPU = Release|Any CPU
	EndGlobalSection
	GlobalSection(ProjectConfigurationPlatforms) = postSolution
		{C2EDCFE9-B3C5-466C-B1DA-C62D896C8F9E}.Debug|Any CPU.ActiveCfg = Debug|Any CPU
		{C2EDCFE9-B3C5-466C-B1DA-C62D896C8F9E}.Debug|Any CPU.Build.0 = Debug|Any CPU
		{C2EDCFE9-B3C5-466C-B1DA-C62D896C8F9E}.Release|Any CPU.ActiveCfg = Release|Any CPU
		{C2EDCFE9-B3C5-466C-B1DA-C62D896C8F9E}.Release|Any CPU.Build.0 = Release|Any CPU
		{CFA2306E-770A-4136-B232-41FC75FCC335}.Debug|Any CPU.ActiveCfg = Debug|Any CPU
		{CFA2306E-770A-4136-B232-41FC75FCC335}.Debug|Any CPU.Build.0 = Debug|Any CPU
		{CFA2306E-770A-4136-B232-41FC75FCC335}.Release|Any CPU.ActiveCfg = Release|Any CPU
		{CFA2306E-770A-4136-B232-41FC75FCC335}.Release|Any CPU.Build.0 = Release|Any CPU
		{DB10D179-F064-4AD9-8713-4635B2364BBA}.Debug|Any CPU.ActiveCfg = Debug|Any CPU
		{DB10D179-F064-4AD9-8713-4635B2364BBA}.Debug|Any CPU.Build.0 = Debug|Any CPU
		{DB10D179-F064-4AD9-8713-4635B2364BBA}.Release|Any CPU.ActiveCfg = Release|Any CPU
		{DB10D179-F064-4AD9-8713-4635B2364BBA}.Release|Any CPU.Build.0 = Release|Any CPU
		{4A9E583F-3C55-4B06-996A-2245DE10A489}.Debug|Any CPU.ActiveCfg = Debug|Any CPU
		{4A9E583F-3C55-4B06-996A-2245DE10A489}.Debug|Any CPU.Build.0 = Debug|Any CPU
		{4A9E583F-3C55-4B06-996A-2245DE10A489}.Release|Any CPU.ActiveCfg = Release|Any CPU
		{4A9E583F-3C55-4B06-996A-2245DE10A489}.Release|Any CPU.Build.0 = Release|Any CPU
		{1FB2F094-036C-4BB7-AE89-B7E7EEB26BAE}.Debug|Any CPU.ActiveCfg = Debug|Any CPU
		{1FB2F094-036C-4BB7-AE89-B7E7EEB26BAE}.Debug|Any CPU.Build.0 = Debug|Any CPU
		{1FB2F094-036C-4BB7-AE89-B7E7EEB26BAE}.Release|Any CPU.ActiveCfg = Release|Any CPU
		{1FB2F094-036C-4BB7-AE89-B7E7EEB26BAE}.Release|Any CPU.Build.0 = Release|Any CPU
		{60A920F6-C5E5-4857-B0CD-92161143427A}.Debug|Any CPU.ActiveCfg = Debug|Any CPU
		{60A920F6-C5E5-4857-B0CD-92161143427A}.Debug|Any CPU.Build.0 = Debug|Any CPU
		{60A920F6-C5E5-4857-B0CD-92161143427A}.Release|Any CPU.ActiveCfg = Release|Any CPU
		{60A920F6-C5E5-4857-B0CD-92161143427A}.Release|Any CPU.Build.0 = Release|Any CPU
		{2C058652-DE6E-4A33-8D11-F9F5AB9E481A}.Debug|Any CPU.ActiveCfg = Debug|Any CPU
		{2C058652-DE6E-4A33-8D11-F9F5AB9E481A}.Debug|Any CPU.Build.0 = Debug|Any CPU
		{2C058652-DE6E-4A33-8D11-F9F5AB9E481A}.Release|Any CPU.ActiveCfg = Release|Any CPU
		{2C058652-DE6E-4A33-8D11-F9F5AB9E481A}.Release|Any CPU.Build.0 = Release|Any CPU
		{B5EDB484-9639-4F81-9E8E-639EA866ECA6}.Debug|Any CPU.ActiveCfg = Debug|Any CPU
		{B5EDB484-9639-4F81-9E8E-639EA866ECA6}.Debug|Any CPU.Build.0 = Debug|Any CPU
		{B5EDB484-9639-4F81-9E8E-639EA866ECA6}.Release|Any CPU.ActiveCfg = Release|Any CPU
		{B5EDB484-9639-4F81-9E8E-639EA866ECA6}.Release|Any CPU.Build.0 = Release|Any CPU
		{E698B09A-4865-49B4-A132-DD91701CF1C9}.Debug|Any CPU.ActiveCfg = Debug|Any CPU
		{E698B09A-4865-49B4-A132-DD91701CF1C9}.Debug|Any CPU.Build.0 = Debug|Any CPU
		{E698B09A-4865-49B4-A132-DD91701CF1C9}.Release|Any CPU.ActiveCfg = Release|Any CPU
		{E698B09A-4865-49B4-A132-DD91701CF1C9}.Release|Any CPU.Build.0 = Release|Any CPU
		{5F0D59A7-FB7D-4CA6-8DC4-2BDF50D176AF}.Debug|Any CPU.ActiveCfg = Debug|Any CPU
		{5F0D59A7-FB7D-4CA6-8DC4-2BDF50D176AF}.Debug|Any CPU.Build.0 = Debug|Any CPU
		{5F0D59A7-FB7D-4CA6-8DC4-2BDF50D176AF}.Release|Any CPU.ActiveCfg = Release|Any CPU
		{5F0D59A7-FB7D-4CA6-8DC4-2BDF50D176AF}.Release|Any CPU.Build.0 = Release|Any CPU
	EndGlobalSection
	GlobalSection(SolutionProperties) = preSolution
		HideSolutionNode = FALSE
	EndGlobalSection
	GlobalSection(NestedProjects) = preSolution
		{C2EDCFE9-B3C5-466C-B1DA-C62D896C8F9E} = {7608EFF0-BADC-4259-A760-FA312F9887CD}
		{CFA2306E-770A-4136-B232-41FC75FCC335} = {7608EFF0-BADC-4259-A760-FA312F9887CD}
		{DB10D179-F064-4AD9-8713-4635B2364BBA} = {BA3B33D3-64A5-4219-B4C2-787C4BD505F7}
		{4A9E583F-3C55-4B06-996A-2245DE10A489} = {BA3B33D3-64A5-4219-B4C2-787C4BD505F7}
		{1FB2F094-036C-4BB7-AE89-B7E7EEB26BAE} = {7608EFF0-BADC-4259-A760-FA312F9887CD}
		{60A920F6-C5E5-4857-B0CD-92161143427A} = {7608EFF0-BADC-4259-A760-FA312F9887CD}
		{2C058652-DE6E-4A33-8D11-F9F5AB9E481A} = {7608EFF0-BADC-4259-A760-FA312F9887CD}
		{B5EDB484-9639-4F81-9E8E-639EA866ECA6} = {BA3B33D3-64A5-4219-B4C2-787C4BD505F7}
		{E698B09A-4865-49B4-A132-DD91701CF1C9} = {7608EFF0-BADC-4259-A760-FA312F9887CD}
		{5F0D59A7-FB7D-4CA6-8DC4-2BDF50D176AF} = {BA3B33D3-64A5-4219-B4C2-787C4BD505F7}
	EndGlobalSection
	GlobalSection(ExtensibilityGlobals) = postSolution
		SolutionGuid = {BED45957-EDAD-4686-B959-BD5DA962F7B0}
	EndGlobalSection
EndGlobal
