Microsoft Visual Studio Solution File, Format Version 12.00
# Visual Studio Version 16
VisualStudioVersion = 16.0.28729.10
MinimumVisualStudioVersion = 15.0.26124.0
Project("{2150E333-8FDC-42A3-9474-1A3956D46DE8}") = "src", "src", "{9BB0395E-B595-4B95-89ED-F55AF12B4EE7}"
EndProject
Project("{2150E333-8FDC-42A3-9474-1A3956D46DE8}") = "test", "test", "{1CEE3AF7-DC06-4BBE-B28D-62FB1BD4A7A5}"
EndProject
Project("{2150E333-8FDC-42A3-9474-1A3956D46DE8}") = "config", "config", "{3EDCF15E-882C-4AF9-91C6-9A28F2506ACC}"
	ProjectSection(SolutionItems) = preProject
		..\..\nuget.config = ..\..\nuget.config
		..\..\sharedproject.props = ..\..\sharedproject.props
		..\..\sharedtest.props = ..\..\sharedtest.props
		..\..\stylecop.json = ..\..\stylecop.json
		..\..\targetframework.props = ..\..\targetframework.props
		..\..\versions.props = ..\..\versions.props
	EndProjectSection
EndProject
Project("{2150E333-8FDC-42A3-9474-1A3956D46DE8}") = "Solution Items", "Solution Items", "{D692D991-D48C-4D23-B373-796D425C7D4B}"
	ProjectSection(SolutionItems) = preProject
		README.md = README.md
	EndProjectSection
EndProject
Project("{9A19103F-16F7-4668-BE54-9A1E7A4F7556}") = "Steeltoe.CloudFoundry.Connector.EFCore", "src\Connector.EFCore\Steeltoe.CloudFoundry.Connector.EFCore.csproj", "{1130C00D-CE87-43A2-8723-C930D9C8891D}"
EndProject
Project("{9A19103F-16F7-4668-BE54-9A1E7A4F7556}") = "Steeltoe.CloudFoundry.Connector.EFCore.Test", "test\Connector.EFCore.Test\Steeltoe.CloudFoundry.Connector.EFCore.Test.csproj", "{D7BAC24F-1FCC-4941-9016-079C0C5AD25B}"
EndProject
Project("{9A19103F-16F7-4668-BE54-9A1E7A4F7556}") = "Steeltoe.CloudFoundry.ConnectorCore", "src\ConnectorCore\Steeltoe.CloudFoundry.ConnectorCore.csproj", "{DE66FCE9-0FB0-4079-8753-DBF55A0FE8B8}"
EndProject
Project("{9A19103F-16F7-4668-BE54-9A1E7A4F7556}") = "Steeltoe.CloudFoundry.ConnectorCore.Test", "test\ConnectorCore.Test\Steeltoe.CloudFoundry.ConnectorCore.Test.csproj", "{28DBA1B5-7892-45EC-B4B9-27EF9DD59BC9}"
EndProject
Project("{9A19103F-16F7-4668-BE54-9A1E7A4F7556}") = "Steeltoe.CloudFoundry.Connector.EF6Core", "src\Connector.EF6Core\Steeltoe.CloudFoundry.Connector.EF6Core.csproj", "{43012B18-D80D-4581-A85A-80F69DBD0431}"
EndProject
Project("{9A19103F-16F7-4668-BE54-9A1E7A4F7556}") = "Steeltoe.CloudFoundry.Connector.EF6Core.Test", "test\Connector.EF6Core.Net4Test\Steeltoe.CloudFoundry.Connector.EF6Core.Test.csproj", "{D7296042-50AA-4570-BD5F-15DEAD416EDF}"
EndProject
Project("{9A19103F-16F7-4668-BE54-9A1E7A4F7556}") = "Steeltoe.CloudFoundry.ConnectorBase", "src\ConnectorBase\Steeltoe.CloudFoundry.ConnectorBase.csproj", "{F9A2807C-292F-49EB-B23A-FBB04527BA5C}"
EndProject
Project("{9A19103F-16F7-4668-BE54-9A1E7A4F7556}") = "Steeltoe.CloudFoundry.ConnectorBase.Test", "test\ConnectorBase.Test\Steeltoe.CloudFoundry.ConnectorBase.Test.csproj", "{B40DE919-FBC0-4CC6-B36F-98364FCA4203}"
EndProject
Project("{2150E333-8FDC-42A3-9474-1A3956D46DE8}") = "dependencies", "dependencies", "{4F6282E5-97B9-4655-8E67-7DF32320FE0C}"
EndProject
Project("{9A19103F-16F7-4668-BE54-9A1E7A4F7556}") = "Steeltoe.Extensions.Configuration.CloudFoundryCore", "..\Configuration\src\CloudFoundryCore\Steeltoe.Extensions.Configuration.CloudFoundryCore.csproj", "{6FB46EFB-B870-4383-B52A-39579E31688F}"
EndProject
Project("{9A19103F-16F7-4668-BE54-9A1E7A4F7556}") = "Steeltoe.Common", "..\Common\src\Common\Steeltoe.Common.csproj", "{A3361A9F-3AE0-4A11-92EB-84A698EB3ACE}"
EndProject
Project("{9A19103F-16F7-4668-BE54-9A1E7A4F7556}") = "Steeltoe.Extensions.Configuration.CloudFoundryBase", "..\Configuration\src\CloudFoundryBase\Steeltoe.Extensions.Configuration.CloudFoundryBase.csproj", "{8790B73A-E0B2-4A52-9E92-1EF337D8EE1D}"
EndProject
Global
	GlobalSection(SolutionConfigurationPlatforms) = preSolution
		Debug|Any CPU = Debug|Any CPU
		Debug|x64 = Debug|x64
		Debug|x86 = Debug|x86
		Release|Any CPU = Release|Any CPU
		Release|x64 = Release|x64
		Release|x86 = Release|x86
	EndGlobalSection
	GlobalSection(ProjectConfigurationPlatforms) = postSolution
		{1130C00D-CE87-43A2-8723-C930D9C8891D}.Debug|Any CPU.ActiveCfg = Debug|Any CPU
		{1130C00D-CE87-43A2-8723-C930D9C8891D}.Debug|Any CPU.Build.0 = Debug|Any CPU
		{1130C00D-CE87-43A2-8723-C930D9C8891D}.Debug|x64.ActiveCfg = Debug|Any CPU
		{1130C00D-CE87-43A2-8723-C930D9C8891D}.Debug|x64.Build.0 = Debug|Any CPU
		{1130C00D-CE87-43A2-8723-C930D9C8891D}.Debug|x86.ActiveCfg = Debug|Any CPU
		{1130C00D-CE87-43A2-8723-C930D9C8891D}.Debug|x86.Build.0 = Debug|Any CPU
		{1130C00D-CE87-43A2-8723-C930D9C8891D}.Release|Any CPU.ActiveCfg = Release|Any CPU
		{1130C00D-CE87-43A2-8723-C930D9C8891D}.Release|Any CPU.Build.0 = Release|Any CPU
		{1130C00D-CE87-43A2-8723-C930D9C8891D}.Release|x64.ActiveCfg = Release|Any CPU
		{1130C00D-CE87-43A2-8723-C930D9C8891D}.Release|x64.Build.0 = Release|Any CPU
		{1130C00D-CE87-43A2-8723-C930D9C8891D}.Release|x86.ActiveCfg = Release|Any CPU
		{1130C00D-CE87-43A2-8723-C930D9C8891D}.Release|x86.Build.0 = Release|Any CPU
		{D7BAC24F-1FCC-4941-9016-079C0C5AD25B}.Debug|Any CPU.ActiveCfg = Debug|Any CPU
		{D7BAC24F-1FCC-4941-9016-079C0C5AD25B}.Debug|Any CPU.Build.0 = Debug|Any CPU
		{D7BAC24F-1FCC-4941-9016-079C0C5AD25B}.Debug|x64.ActiveCfg = Debug|Any CPU
		{D7BAC24F-1FCC-4941-9016-079C0C5AD25B}.Debug|x64.Build.0 = Debug|Any CPU
		{D7BAC24F-1FCC-4941-9016-079C0C5AD25B}.Debug|x86.ActiveCfg = Debug|Any CPU
		{D7BAC24F-1FCC-4941-9016-079C0C5AD25B}.Debug|x86.Build.0 = Debug|Any CPU
		{D7BAC24F-1FCC-4941-9016-079C0C5AD25B}.Release|Any CPU.ActiveCfg = Release|Any CPU
		{D7BAC24F-1FCC-4941-9016-079C0C5AD25B}.Release|Any CPU.Build.0 = Release|Any CPU
		{D7BAC24F-1FCC-4941-9016-079C0C5AD25B}.Release|x64.ActiveCfg = Release|Any CPU
		{D7BAC24F-1FCC-4941-9016-079C0C5AD25B}.Release|x64.Build.0 = Release|Any CPU
		{D7BAC24F-1FCC-4941-9016-079C0C5AD25B}.Release|x86.ActiveCfg = Release|Any CPU
		{D7BAC24F-1FCC-4941-9016-079C0C5AD25B}.Release|x86.Build.0 = Release|Any CPU
		{DE66FCE9-0FB0-4079-8753-DBF55A0FE8B8}.Debug|Any CPU.ActiveCfg = Debug|Any CPU
		{DE66FCE9-0FB0-4079-8753-DBF55A0FE8B8}.Debug|Any CPU.Build.0 = Debug|Any CPU
		{DE66FCE9-0FB0-4079-8753-DBF55A0FE8B8}.Debug|x64.ActiveCfg = Debug|Any CPU
		{DE66FCE9-0FB0-4079-8753-DBF55A0FE8B8}.Debug|x64.Build.0 = Debug|Any CPU
		{DE66FCE9-0FB0-4079-8753-DBF55A0FE8B8}.Debug|x86.ActiveCfg = Debug|Any CPU
		{DE66FCE9-0FB0-4079-8753-DBF55A0FE8B8}.Debug|x86.Build.0 = Debug|Any CPU
		{DE66FCE9-0FB0-4079-8753-DBF55A0FE8B8}.Release|Any CPU.ActiveCfg = Release|Any CPU
		{DE66FCE9-0FB0-4079-8753-DBF55A0FE8B8}.Release|Any CPU.Build.0 = Release|Any CPU
		{DE66FCE9-0FB0-4079-8753-DBF55A0FE8B8}.Release|x64.ActiveCfg = Release|Any CPU
		{DE66FCE9-0FB0-4079-8753-DBF55A0FE8B8}.Release|x64.Build.0 = Release|Any CPU
		{DE66FCE9-0FB0-4079-8753-DBF55A0FE8B8}.Release|x86.ActiveCfg = Release|Any CPU
		{DE66FCE9-0FB0-4079-8753-DBF55A0FE8B8}.Release|x86.Build.0 = Release|Any CPU
		{28DBA1B5-7892-45EC-B4B9-27EF9DD59BC9}.Debug|Any CPU.ActiveCfg = Debug|Any CPU
		{28DBA1B5-7892-45EC-B4B9-27EF9DD59BC9}.Debug|Any CPU.Build.0 = Debug|Any CPU
		{28DBA1B5-7892-45EC-B4B9-27EF9DD59BC9}.Debug|x64.ActiveCfg = Debug|Any CPU
		{28DBA1B5-7892-45EC-B4B9-27EF9DD59BC9}.Debug|x64.Build.0 = Debug|Any CPU
		{28DBA1B5-7892-45EC-B4B9-27EF9DD59BC9}.Debug|x86.ActiveCfg = Debug|Any CPU
		{28DBA1B5-7892-45EC-B4B9-27EF9DD59BC9}.Debug|x86.Build.0 = Debug|Any CPU
		{28DBA1B5-7892-45EC-B4B9-27EF9DD59BC9}.Release|Any CPU.ActiveCfg = Release|Any CPU
		{28DBA1B5-7892-45EC-B4B9-27EF9DD59BC9}.Release|Any CPU.Build.0 = Release|Any CPU
		{28DBA1B5-7892-45EC-B4B9-27EF9DD59BC9}.Release|x64.ActiveCfg = Release|Any CPU
		{28DBA1B5-7892-45EC-B4B9-27EF9DD59BC9}.Release|x64.Build.0 = Release|Any CPU
		{28DBA1B5-7892-45EC-B4B9-27EF9DD59BC9}.Release|x86.ActiveCfg = Release|Any CPU
		{28DBA1B5-7892-45EC-B4B9-27EF9DD59BC9}.Release|x86.Build.0 = Release|Any CPU
		{43012B18-D80D-4581-A85A-80F69DBD0431}.Debug|Any CPU.ActiveCfg = Debug|Any CPU
		{43012B18-D80D-4581-A85A-80F69DBD0431}.Debug|Any CPU.Build.0 = Debug|Any CPU
		{43012B18-D80D-4581-A85A-80F69DBD0431}.Debug|x64.ActiveCfg = Debug|Any CPU
		{43012B18-D80D-4581-A85A-80F69DBD0431}.Debug|x64.Build.0 = Debug|Any CPU
		{43012B18-D80D-4581-A85A-80F69DBD0431}.Debug|x86.ActiveCfg = Debug|Any CPU
		{43012B18-D80D-4581-A85A-80F69DBD0431}.Debug|x86.Build.0 = Debug|Any CPU
		{43012B18-D80D-4581-A85A-80F69DBD0431}.Release|Any CPU.ActiveCfg = Release|Any CPU
		{43012B18-D80D-4581-A85A-80F69DBD0431}.Release|Any CPU.Build.0 = Release|Any CPU
		{43012B18-D80D-4581-A85A-80F69DBD0431}.Release|x64.ActiveCfg = Release|Any CPU
		{43012B18-D80D-4581-A85A-80F69DBD0431}.Release|x64.Build.0 = Release|Any CPU
		{43012B18-D80D-4581-A85A-80F69DBD0431}.Release|x86.ActiveCfg = Release|Any CPU
		{43012B18-D80D-4581-A85A-80F69DBD0431}.Release|x86.Build.0 = Release|Any CPU
		{D7296042-50AA-4570-BD5F-15DEAD416EDF}.Debug|Any CPU.ActiveCfg = Debug|Any CPU
		{D7296042-50AA-4570-BD5F-15DEAD416EDF}.Debug|Any CPU.Build.0 = Debug|Any CPU
		{D7296042-50AA-4570-BD5F-15DEAD416EDF}.Debug|x64.ActiveCfg = Debug|Any CPU
		{D7296042-50AA-4570-BD5F-15DEAD416EDF}.Debug|x64.Build.0 = Debug|Any CPU
		{D7296042-50AA-4570-BD5F-15DEAD416EDF}.Debug|x86.ActiveCfg = Debug|Any CPU
		{D7296042-50AA-4570-BD5F-15DEAD416EDF}.Debug|x86.Build.0 = Debug|Any CPU
		{D7296042-50AA-4570-BD5F-15DEAD416EDF}.Release|Any CPU.ActiveCfg = Release|Any CPU
		{D7296042-50AA-4570-BD5F-15DEAD416EDF}.Release|Any CPU.Build.0 = Release|Any CPU
		{D7296042-50AA-4570-BD5F-15DEAD416EDF}.Release|x64.ActiveCfg = Release|Any CPU
		{D7296042-50AA-4570-BD5F-15DEAD416EDF}.Release|x64.Build.0 = Release|Any CPU
		{D7296042-50AA-4570-BD5F-15DEAD416EDF}.Release|x86.ActiveCfg = Release|Any CPU
		{D7296042-50AA-4570-BD5F-15DEAD416EDF}.Release|x86.Build.0 = Release|Any CPU
		{F9A2807C-292F-49EB-B23A-FBB04527BA5C}.Debug|Any CPU.ActiveCfg = Debug|Any CPU
		{F9A2807C-292F-49EB-B23A-FBB04527BA5C}.Debug|Any CPU.Build.0 = Debug|Any CPU
		{F9A2807C-292F-49EB-B23A-FBB04527BA5C}.Debug|x64.ActiveCfg = Debug|Any CPU
		{F9A2807C-292F-49EB-B23A-FBB04527BA5C}.Debug|x64.Build.0 = Debug|Any CPU
		{F9A2807C-292F-49EB-B23A-FBB04527BA5C}.Debug|x86.ActiveCfg = Debug|Any CPU
		{F9A2807C-292F-49EB-B23A-FBB04527BA5C}.Debug|x86.Build.0 = Debug|Any CPU
		{F9A2807C-292F-49EB-B23A-FBB04527BA5C}.Release|Any CPU.ActiveCfg = Release|Any CPU
		{F9A2807C-292F-49EB-B23A-FBB04527BA5C}.Release|Any CPU.Build.0 = Release|Any CPU
		{F9A2807C-292F-49EB-B23A-FBB04527BA5C}.Release|x64.ActiveCfg = Release|Any CPU
		{F9A2807C-292F-49EB-B23A-FBB04527BA5C}.Release|x64.Build.0 = Release|Any CPU
		{F9A2807C-292F-49EB-B23A-FBB04527BA5C}.Release|x86.ActiveCfg = Release|Any CPU
		{F9A2807C-292F-49EB-B23A-FBB04527BA5C}.Release|x86.Build.0 = Release|Any CPU
		{B40DE919-FBC0-4CC6-B36F-98364FCA4203}.Debug|Any CPU.ActiveCfg = Debug|Any CPU
		{B40DE919-FBC0-4CC6-B36F-98364FCA4203}.Debug|Any CPU.Build.0 = Debug|Any CPU
		{B40DE919-FBC0-4CC6-B36F-98364FCA4203}.Debug|x64.ActiveCfg = Debug|Any CPU
		{B40DE919-FBC0-4CC6-B36F-98364FCA4203}.Debug|x64.Build.0 = Debug|Any CPU
		{B40DE919-FBC0-4CC6-B36F-98364FCA4203}.Debug|x86.ActiveCfg = Debug|Any CPU
		{B40DE919-FBC0-4CC6-B36F-98364FCA4203}.Debug|x86.Build.0 = Debug|Any CPU
		{B40DE919-FBC0-4CC6-B36F-98364FCA4203}.Release|Any CPU.ActiveCfg = Release|Any CPU
		{B40DE919-FBC0-4CC6-B36F-98364FCA4203}.Release|Any CPU.Build.0 = Release|Any CPU
		{B40DE919-FBC0-4CC6-B36F-98364FCA4203}.Release|x64.ActiveCfg = Release|Any CPU
		{B40DE919-FBC0-4CC6-B36F-98364FCA4203}.Release|x64.Build.0 = Release|Any CPU
		{B40DE919-FBC0-4CC6-B36F-98364FCA4203}.Release|x86.ActiveCfg = Release|Any CPU
		{B40DE919-FBC0-4CC6-B36F-98364FCA4203}.Release|x86.Build.0 = Release|Any CPU
		{6FB46EFB-B870-4383-B52A-39579E31688F}.Debug|Any CPU.ActiveCfg = Debug|Any CPU
		{6FB46EFB-B870-4383-B52A-39579E31688F}.Debug|Any CPU.Build.0 = Debug|Any CPU
		{6FB46EFB-B870-4383-B52A-39579E31688F}.Debug|x64.ActiveCfg = Debug|Any CPU
		{6FB46EFB-B870-4383-B52A-39579E31688F}.Debug|x64.Build.0 = Debug|Any CPU
		{6FB46EFB-B870-4383-B52A-39579E31688F}.Debug|x86.ActiveCfg = Debug|Any CPU
		{6FB46EFB-B870-4383-B52A-39579E31688F}.Debug|x86.Build.0 = Debug|Any CPU
		{6FB46EFB-B870-4383-B52A-39579E31688F}.Release|Any CPU.ActiveCfg = Release|Any CPU
		{6FB46EFB-B870-4383-B52A-39579E31688F}.Release|Any CPU.Build.0 = Release|Any CPU
		{6FB46EFB-B870-4383-B52A-39579E31688F}.Release|x64.ActiveCfg = Release|Any CPU
		{6FB46EFB-B870-4383-B52A-39579E31688F}.Release|x64.Build.0 = Release|Any CPU
		{6FB46EFB-B870-4383-B52A-39579E31688F}.Release|x86.ActiveCfg = Release|Any CPU
		{6FB46EFB-B870-4383-B52A-39579E31688F}.Release|x86.Build.0 = Release|Any CPU
		{A3361A9F-3AE0-4A11-92EB-84A698EB3ACE}.Debug|Any CPU.ActiveCfg = Debug|Any CPU
		{A3361A9F-3AE0-4A11-92EB-84A698EB3ACE}.Debug|Any CPU.Build.0 = Debug|Any CPU
		{A3361A9F-3AE0-4A11-92EB-84A698EB3ACE}.Debug|x64.ActiveCfg = Debug|Any CPU
		{A3361A9F-3AE0-4A11-92EB-84A698EB3ACE}.Debug|x64.Build.0 = Debug|Any CPU
		{A3361A9F-3AE0-4A11-92EB-84A698EB3ACE}.Debug|x86.ActiveCfg = Debug|Any CPU
		{A3361A9F-3AE0-4A11-92EB-84A698EB3ACE}.Debug|x86.Build.0 = Debug|Any CPU
		{A3361A9F-3AE0-4A11-92EB-84A698EB3ACE}.Release|Any CPU.ActiveCfg = Release|Any CPU
		{A3361A9F-3AE0-4A11-92EB-84A698EB3ACE}.Release|Any CPU.Build.0 = Release|Any CPU
		{A3361A9F-3AE0-4A11-92EB-84A698EB3ACE}.Release|x64.ActiveCfg = Release|Any CPU
		{A3361A9F-3AE0-4A11-92EB-84A698EB3ACE}.Release|x64.Build.0 = Release|Any CPU
		{A3361A9F-3AE0-4A11-92EB-84A698EB3ACE}.Release|x86.ActiveCfg = Release|Any CPU
		{A3361A9F-3AE0-4A11-92EB-84A698EB3ACE}.Release|x86.Build.0 = Release|Any CPU
		{8790B73A-E0B2-4A52-9E92-1EF337D8EE1D}.Debug|Any CPU.ActiveCfg = Debug|Any CPU
		{8790B73A-E0B2-4A52-9E92-1EF337D8EE1D}.Debug|Any CPU.Build.0 = Debug|Any CPU
		{8790B73A-E0B2-4A52-9E92-1EF337D8EE1D}.Debug|x64.ActiveCfg = Debug|Any CPU
		{8790B73A-E0B2-4A52-9E92-1EF337D8EE1D}.Debug|x64.Build.0 = Debug|Any CPU
		{8790B73A-E0B2-4A52-9E92-1EF337D8EE1D}.Debug|x86.ActiveCfg = Debug|Any CPU
		{8790B73A-E0B2-4A52-9E92-1EF337D8EE1D}.Debug|x86.Build.0 = Debug|Any CPU
		{8790B73A-E0B2-4A52-9E92-1EF337D8EE1D}.Release|Any CPU.ActiveCfg = Release|Any CPU
		{8790B73A-E0B2-4A52-9E92-1EF337D8EE1D}.Release|Any CPU.Build.0 = Release|Any CPU
		{8790B73A-E0B2-4A52-9E92-1EF337D8EE1D}.Release|x64.ActiveCfg = Release|Any CPU
		{8790B73A-E0B2-4A52-9E92-1EF337D8EE1D}.Release|x64.Build.0 = Release|Any CPU
		{8790B73A-E0B2-4A52-9E92-1EF337D8EE1D}.Release|x86.ActiveCfg = Release|Any CPU
		{8790B73A-E0B2-4A52-9E92-1EF337D8EE1D}.Release|x86.Build.0 = Release|Any CPU
	EndGlobalSection
	GlobalSection(SolutionProperties) = preSolution
		HideSolutionNode = FALSE
	EndGlobalSection
	GlobalSection(NestedProjects) = preSolution
		{1130C00D-CE87-43A2-8723-C930D9C8891D} = {9BB0395E-B595-4B95-89ED-F55AF12B4EE7}
		{D7BAC24F-1FCC-4941-9016-079C0C5AD25B} = {1CEE3AF7-DC06-4BBE-B28D-62FB1BD4A7A5}
		{DE66FCE9-0FB0-4079-8753-DBF55A0FE8B8} = {9BB0395E-B595-4B95-89ED-F55AF12B4EE7}
		{28DBA1B5-7892-45EC-B4B9-27EF9DD59BC9} = {1CEE3AF7-DC06-4BBE-B28D-62FB1BD4A7A5}
		{43012B18-D80D-4581-A85A-80F69DBD0431} = {9BB0395E-B595-4B95-89ED-F55AF12B4EE7}
		{D7296042-50AA-4570-BD5F-15DEAD416EDF} = {1CEE3AF7-DC06-4BBE-B28D-62FB1BD4A7A5}
		{F9A2807C-292F-49EB-B23A-FBB04527BA5C} = {9BB0395E-B595-4B95-89ED-F55AF12B4EE7}
		{B40DE919-FBC0-4CC6-B36F-98364FCA4203} = {1CEE3AF7-DC06-4BBE-B28D-62FB1BD4A7A5}
		{6FB46EFB-B870-4383-B52A-39579E31688F} = {4F6282E5-97B9-4655-8E67-7DF32320FE0C}
		{A3361A9F-3AE0-4A11-92EB-84A698EB3ACE} = {4F6282E5-97B9-4655-8E67-7DF32320FE0C}
		{8790B73A-E0B2-4A52-9E92-1EF337D8EE1D} = {4F6282E5-97B9-4655-8E67-7DF32320FE0C}
	EndGlobalSection
	GlobalSection(ExtensibilityGlobals) = postSolution
		SolutionGuid = {112EBBFA-82B9-483E-B258-8611B70B3A3A}
	EndGlobalSection
EndGlobal
