
Microsoft Visual Studio Solution File, Format Version 12.00
# Visual Studio Version 16
VisualStudioVersion = 16.0.28729.10
MinimumVisualStudioVersion = 10.0.40219.1
Project("{2150E333-8FDC-42A3-9474-1A3956D46DE8}") = "src", "src", "{8C0E6601-CC7E-4A02-91B1-1E2BF93DBF9E}"
EndProject
Project("{2150E333-8FDC-42A3-9474-1A3956D46DE8}") = "test", "test", "{17EC73D7-89DD-4A26-BC01-F34900140409}"
EndProject
Project("{2150E333-8FDC-42A3-9474-1A3956D46DE8}") = "config", "config", "{2D89EFD8-0718-443C-B615-AF6C4D6DFB8D}"
	ProjectSection(SolutionItems) = preProject
		..\..\nuget.config = ..\..\nuget.config
		..\..\sharedproject.props = ..\..\sharedproject.props
		..\..\sharedtest.props = ..\..\sharedtest.props
		..\..\stylecop.json = ..\..\stylecop.json
		..\..\versions.props = ..\..\versions.props
	EndProjectSection
EndProject
Project("{9A19103F-16F7-4668-BE54-9A1E7A4F7556}") = "Steeltoe.Extensions.Configuration.CloudFoundryCore", "src\CloudFoundryCore\Steeltoe.Extensions.Configuration.CloudFoundryCore.csproj", "{E65847A5-6D5C-4510-AFF6-D12FD3146555}"
EndProject
Project("{9A19103F-16F7-4668-BE54-9A1E7A4F7556}") = "Steeltoe.Extensions.Configuration.CloudFoundryCore.Test", "test\CloudFoundryCore.Test\Steeltoe.Extensions.Configuration.CloudFoundryCore.Test.csproj", "{30130916-223A-444F-B321-5FF023F5B73A}"
EndProject
Project("{9A19103F-16F7-4668-BE54-9A1E7A4F7556}") = "Steeltoe.Extensions.Configuration.ConfigServer.ITest", "test\ConfigServer.ITest\Steeltoe.Extensions.Configuration.ConfigServer.ITest.csproj", "{CDFBDF7F-A64D-4B2C-A06C-1BF62B449918}"
EndProject
Project("{9A19103F-16F7-4668-BE54-9A1E7A4F7556}") = "Steeltoe.Extensions.Configuration.ConfigServerCore", "src\ConfigServerCore\Steeltoe.Extensions.Configuration.ConfigServerCore.csproj", "{FBC24547-609E-4FEE-A21E-E91C1E931BEC}"
EndProject
Project("{9A19103F-16F7-4668-BE54-9A1E7A4F7556}") = "Steeltoe.Extensions.Configuration.ConfigServerCore.Test", "test\ConfigServerCore.Test\Steeltoe.Extensions.Configuration.ConfigServerCore.Test.csproj", "{03343080-05E7-4EF1-9262-3F5DD98C7F94}"
EndProject
Project("{2150E333-8FDC-42A3-9474-1A3956D46DE8}") = "Solution Items", "Solution Items", "{FCAA7882-AB30-4C61-9C14-989D77A69E33}"
	ProjectSection(SolutionItems) = preProject
		..\..\azure-pipelines.yml = ..\..\azure-pipelines.yml
		README.md = README.md
	EndProjectSection
EndProject
Project("{9A19103F-16F7-4668-BE54-9A1E7A4F7556}") = "Steeltoe.Extensions.Configuration.CloudFoundryBase", "src\CloudFoundryBase\Steeltoe.Extensions.Configuration.CloudFoundryBase.csproj", "{BC8D2130-282B-4360-ACBE-866A8D59E841}"
EndProject
Project("{9A19103F-16F7-4668-BE54-9A1E7A4F7556}") = "Steeltoe.Extensions.Configuration.ConfigServerBase", "src\ConfigServerBase\Steeltoe.Extensions.Configuration.ConfigServerBase.csproj", "{6D3D6602-D8C1-4E81-8044-74D4A32983BC}"
EndProject
Project("{9A19103F-16F7-4668-BE54-9A1E7A4F7556}") = "Steeltoe.Extensions.Configuration.CloudFoundryBase.Test", "test\CloudFoundryBase.Test\Steeltoe.Extensions.Configuration.CloudFoundryBase.Test.csproj", "{9B3305D7-0814-4806-B071-12933F7E5E66}"
EndProject
Project("{9A19103F-16F7-4668-BE54-9A1E7A4F7556}") = "Steeltoe.Extensions.Configuration.ConfigServerBase.Test", "test\ConfigServerBase.Test\Steeltoe.Extensions.Configuration.ConfigServerBase.Test.csproj", "{E54D6EFE-AAF4-460F-A06A-961EC66121DA}"
EndProject
Project("{9A19103F-16F7-4668-BE54-9A1E7A4F7556}") = "Steeltoe.Extensions.Configuration.PlaceholderBase", "src\PlaceholderBase\Steeltoe.Extensions.Configuration.PlaceholderBase.csproj", "{A82C8CEE-BF1F-4CBE-9DC7-C8E16489CD6B}"
EndProject
Project("{9A19103F-16F7-4668-BE54-9A1E7A4F7556}") = "Steeltoe.Extensions.Configuration.PlaceholderBase.Test", "test\PlaceholderBase.Test\Steeltoe.Extensions.Configuration.PlaceholderBase.Test.csproj", "{9F52A57F-8133-434E-A42B-CB9859001042}"
EndProject
Project("{9A19103F-16F7-4668-BE54-9A1E7A4F7556}") = "Steeltoe.Extensions.Configuration.PlaceholderCore", "src\PlaceholderCore\Steeltoe.Extensions.Configuration.PlaceholderCore.csproj", "{D0154ED3-B274-4C3F-BB05-9EB838184BAD}"
EndProject
Project("{9A19103F-16F7-4668-BE54-9A1E7A4F7556}") = "Steeltoe.Extensions.Configuration.PlaceholderCore.Test", "test\PlaceholderCore.Test\Steeltoe.Extensions.Configuration.PlaceholderCore.Test.csproj", "{65B05CBE-D2DD-485D-8B5B-931185F432F8}"
EndProject
Project("{9A19103F-16F7-4668-BE54-9A1E7A4F7556}") = "Steeltoe.Extensions.Configuration.RandomValueBase", "src\RandomValueBase\Steeltoe.Extensions.Configuration.RandomValueBase.csproj", "{A512025B-72F4-4D72-8504-0FDCB2EEE4AD}"
EndProject
Project("{9A19103F-16F7-4668-BE54-9A1E7A4F7556}") = "Steeltoe.Extensions.Configuration.RandomValueBase.Test", "test\RandomValuesBase.Test\Steeltoe.Extensions.Configuration.RandomValueBase.Test.csproj", "{CF0D5CE0-ADAF-44B7-9AF9-C1C5644FC0B3}"
EndProject
Project("{2150E333-8FDC-42A3-9474-1A3956D46DE8}") = "dependencies", "dependencies", "{DA72FD0C-6B60-455A-9A07-7CA9D9064402}"
EndProject
Project("{9A19103F-16F7-4668-BE54-9A1E7A4F7556}") = "Steeltoe.Common", "..\Common\src\Common\Steeltoe.Common.csproj", "{03570766-26F8-4C25-AABB-A83FAC007CD8}"
EndProject
Project("{9A19103F-16F7-4668-BE54-9A1E7A4F7556}") = "Steeltoe.Common.Http", "..\Common\src\Common.Http\Steeltoe.Common.Http.csproj", "{6B3A7468-43CB-46B0-B286-BB78EA855776}"
EndProject
Project("{9A19103F-16F7-4668-BE54-9A1E7A4F7556}") = "Steeltoe.Common.TestResources", "..\Common\test\Common.TestResources\Steeltoe.Common.TestResources.csproj", "{E56065C1-8400-4308-8145-F22DE901DD6A}"
EndProject
Project("{9A19103F-16F7-4668-BE54-9A1E7A4F7556}") = "Steeltoe.Extensions.Configuration.Abstractions", "src\Abstractions\Steeltoe.Extensions.Configuration.Abstractions.csproj", "{74220B81-17A4-41A6-970F-666B3E46F08B}"
EndProject
Project("{9A19103F-16F7-4668-BE54-9A1E7A4F7556}") = "Steeltoe.Connector.Abstractions", "..\Connectors\src\Abstractions\Steeltoe.Connector.Abstractions.csproj", "{E4ECFA96-F9C1-4097-9FD4-4C818C8867CD}"
EndProject
Project("{9A19103F-16F7-4668-BE54-9A1E7A4F7556}") = "Steeltoe.Extensions.Configuration.KubernetesBase", "src\KubernetesBase\Steeltoe.Extensions.Configuration.KubernetesBase.csproj", "{796D483D-19B5-473B-A88C-C28E470ECEE4}"
EndProject
Project("{9A19103F-16F7-4668-BE54-9A1E7A4F7556}") = "Steeltoe.Extensions.Configuration.KubernetesBase.Test", "test\KubernetesBase.Test\Steeltoe.Extensions.Configuration.KubernetesBase.Test.csproj", "{6615411E-9FDB-4D54-97C8-6330213DC240}"
EndProject
Project("{9A19103F-16F7-4668-BE54-9A1E7A4F7556}") = "Steeltoe.Extensions.Configuration.KubernetesCore", "src\KubernetesCore\Steeltoe.Extensions.Configuration.KubernetesCore.csproj", "{AD7090F3-3118-4B8A-9CB6-32ECDF0D8815}"
EndProject
Project("{9A19103F-16F7-4668-BE54-9A1E7A4F7556}") = "Steeltoe.Extensions.Configuration.KubernetesCore.Test", "test\KubernetesCore.Test\Steeltoe.Extensions.Configuration.KubernetesCore.Test.csproj", "{83E6F364-36C7-4FAC-B43A-771FD6E60EEC}"
EndProject
Project("{9A19103F-16F7-4668-BE54-9A1E7A4F7556}") = "Steeltoe.Common.Abstractions", "..\Common\src\Abstractions\Steeltoe.Common.Abstractions.csproj", "{752FCD11-DC90-4F83-AA04-CA6BEEAAAE3E}"
EndProject
Project("{9A19103F-16F7-4668-BE54-9A1E7A4F7556}") = "Steeltoe.Discovery.Abstractions", "..\Discovery\src\Abstractions\Steeltoe.Discovery.Abstractions.csproj", "{A5FE676F-2C5A-40F2-BEA2-D03C8D5C05AB}"
EndProject
Project("{9A19103F-16F7-4668-BE54-9A1E7A4F7556}") = "Steeltoe.Common.Security", "..\Common\src\Common.Security\Steeltoe.Common.Security.csproj", "{6E06F0EF-4A90-43D1-AA61-FC5E09EB0877}"
EndProject
Project("{9A19103F-16F7-4668-BE54-9A1E7A4F7556}") = "Steeltoe.Common.Kubernetes", "..\Common\src\Common.Kubernetes\Steeltoe.Common.Kubernetes.csproj", "{6332A007-D01B-4CF9-BE09-BFB954FC9306}"
EndProject
Project("{9A19103F-16F7-4668-BE54-9A1E7A4F7556}") = "Steeltoe.Discovery.Eureka", "..\Discovery\src\Eureka\Steeltoe.Discovery.Eureka.csproj", "{C2F6F69B-4E0C-46D8-BAA6-A4A3BDEE4E8C}"
EndProject
Project("{9A19103F-16F7-4668-BE54-9A1E7A4F7556}") = "Steeltoe.Extensions.Configuration.SpringBootBase", "src\SpringBootBase\Steeltoe.Extensions.Configuration.SpringBootBase.csproj", "{BBE564CB-CA97-46C4-BE5C-5F718FDE700A}"
EndProject
Project("{9A19103F-16F7-4668-BE54-9A1E7A4F7556}") = "Steeltoe.Extensions.Configuration.SpringBootBase.Test", "test\SpringBootBase.Test\Steeltoe.Extensions.Configuration.SpringBootBase.Test.csproj", "{BA56CBD5-A9B0-4EE0-974C-33FAE072A8AB}"
EndProject
Project("{9A19103F-16F7-4668-BE54-9A1E7A4F7556}") = "Steeltoe.Extensions.Configuration.SpringBootCore", "src\SpringBootCore\Steeltoe.Extensions.Configuration.SpringBootCore.csproj", "{9CB2D71B-1BE7-4927-87D8-7EB1469E2855}"
EndProject
Project("{9A19103F-16F7-4668-BE54-9A1E7A4F7556}") = "Steeltoe.Extensions.Configuration.SpringBootCore.Test", "test\SpringBootCore.Test\Steeltoe.Extensions.Configuration.SpringBootCore.Test.csproj", "{5AA87F5D-CD54-47CA-91BE-DA41733D44A8}"
EndProject
Project("{9A19103F-16F7-4668-BE54-9A1E7A4F7556}") = "Steeltoe.Management.EndpointBase", "..\Management\src\EndpointBase\Steeltoe.Management.EndpointBase.csproj", "{8A0ED31C-4228-4322-901B-827138F72722}"
EndProject
Project("{9A19103F-16F7-4668-BE54-9A1E7A4F7556}") = "Steeltoe.Management.OpenTelemetryBase", "..\Management\src\OpenTelemetryBase\Steeltoe.Management.OpenTelemetryBase.csproj", "{22A69DF6-566C-4043-8156-95E801ED232A}"
EndProject
Project("{9A19103F-16F7-4668-BE54-9A1E7A4F7556}") = "Steeltoe.Management.Abstractions", "..\Management\src\Abstractions\Steeltoe.Management.Abstractions.csproj", "{5DE83707-A7A6-4624-B8A3-4EB7CFD00D70}"
EndProject
Project("{9A19103F-16F7-4668-BE54-9A1E7A4F7556}") = "Steeltoe.Management.Diagnostics", "..\Management\src\Diagnostics\Steeltoe.Management.Diagnostics.csproj", "{F0AE06D6-C815-421E-BCEA-DA4FF9BE8357}"
EndProject
Project("{FAE04EC0-301F-11D3-BF4B-00C04F79EFBC}") = "Steeltoe.Common.Utils", "..\Common\src\Common.Utils\Steeltoe.Common.Utils.csproj", "{F3D90FC9-FAB5-49EB-9A4D-BBF28F8116AA}"
EndProject
Global
	GlobalSection(SolutionConfigurationPlatforms) = preSolution
		Debug|Any CPU = Debug|Any CPU
		Release|Any CPU = Release|Any CPU
	EndGlobalSection
	GlobalSection(ProjectConfigurationPlatforms) = postSolution
		{E65847A5-6D5C-4510-AFF6-D12FD3146555}.Debug|Any CPU.ActiveCfg = Debug|Any CPU
		{E65847A5-6D5C-4510-AFF6-D12FD3146555}.Debug|Any CPU.Build.0 = Debug|Any CPU
		{E65847A5-6D5C-4510-AFF6-D12FD3146555}.Release|Any CPU.ActiveCfg = Release|Any CPU
		{E65847A5-6D5C-4510-AFF6-D12FD3146555}.Release|Any CPU.Build.0 = Release|Any CPU
		{30130916-223A-444F-B321-5FF023F5B73A}.Debug|Any CPU.ActiveCfg = Debug|Any CPU
		{30130916-223A-444F-B321-5FF023F5B73A}.Debug|Any CPU.Build.0 = Debug|Any CPU
		{30130916-223A-444F-B321-5FF023F5B73A}.Release|Any CPU.ActiveCfg = Release|Any CPU
		{30130916-223A-444F-B321-5FF023F5B73A}.Release|Any CPU.Build.0 = Release|Any CPU
		{CDFBDF7F-A64D-4B2C-A06C-1BF62B449918}.Debug|Any CPU.ActiveCfg = Debug|Any CPU
		{CDFBDF7F-A64D-4B2C-A06C-1BF62B449918}.Debug|Any CPU.Build.0 = Debug|Any CPU
		{CDFBDF7F-A64D-4B2C-A06C-1BF62B449918}.Release|Any CPU.ActiveCfg = Release|Any CPU
		{CDFBDF7F-A64D-4B2C-A06C-1BF62B449918}.Release|Any CPU.Build.0 = Release|Any CPU
		{FBC24547-609E-4FEE-A21E-E91C1E931BEC}.Debug|Any CPU.ActiveCfg = Debug|Any CPU
		{FBC24547-609E-4FEE-A21E-E91C1E931BEC}.Debug|Any CPU.Build.0 = Debug|Any CPU
		{FBC24547-609E-4FEE-A21E-E91C1E931BEC}.Release|Any CPU.ActiveCfg = Release|Any CPU
		{FBC24547-609E-4FEE-A21E-E91C1E931BEC}.Release|Any CPU.Build.0 = Release|Any CPU
		{03343080-05E7-4EF1-9262-3F5DD98C7F94}.Debug|Any CPU.ActiveCfg = Debug|Any CPU
		{03343080-05E7-4EF1-9262-3F5DD98C7F94}.Debug|Any CPU.Build.0 = Debug|Any CPU
		{03343080-05E7-4EF1-9262-3F5DD98C7F94}.Release|Any CPU.ActiveCfg = Release|Any CPU
		{03343080-05E7-4EF1-9262-3F5DD98C7F94}.Release|Any CPU.Build.0 = Release|Any CPU
		{BC8D2130-282B-4360-ACBE-866A8D59E841}.Debug|Any CPU.ActiveCfg = Debug|Any CPU
		{BC8D2130-282B-4360-ACBE-866A8D59E841}.Debug|Any CPU.Build.0 = Debug|Any CPU
		{BC8D2130-282B-4360-ACBE-866A8D59E841}.Release|Any CPU.ActiveCfg = Release|Any CPU
		{BC8D2130-282B-4360-ACBE-866A8D59E841}.Release|Any CPU.Build.0 = Release|Any CPU
		{6D3D6602-D8C1-4E81-8044-74D4A32983BC}.Debug|Any CPU.ActiveCfg = Debug|Any CPU
		{6D3D6602-D8C1-4E81-8044-74D4A32983BC}.Debug|Any CPU.Build.0 = Debug|Any CPU
		{6D3D6602-D8C1-4E81-8044-74D4A32983BC}.Release|Any CPU.ActiveCfg = Release|Any CPU
		{6D3D6602-D8C1-4E81-8044-74D4A32983BC}.Release|Any CPU.Build.0 = Release|Any CPU
		{9B3305D7-0814-4806-B071-12933F7E5E66}.Debug|Any CPU.ActiveCfg = Debug|Any CPU
		{9B3305D7-0814-4806-B071-12933F7E5E66}.Debug|Any CPU.Build.0 = Debug|Any CPU
		{9B3305D7-0814-4806-B071-12933F7E5E66}.Release|Any CPU.ActiveCfg = Release|Any CPU
		{9B3305D7-0814-4806-B071-12933F7E5E66}.Release|Any CPU.Build.0 = Release|Any CPU
		{E54D6EFE-AAF4-460F-A06A-961EC66121DA}.Debug|Any CPU.ActiveCfg = Debug|Any CPU
		{E54D6EFE-AAF4-460F-A06A-961EC66121DA}.Debug|Any CPU.Build.0 = Debug|Any CPU
		{E54D6EFE-AAF4-460F-A06A-961EC66121DA}.Release|Any CPU.ActiveCfg = Release|Any CPU
		{E54D6EFE-AAF4-460F-A06A-961EC66121DA}.Release|Any CPU.Build.0 = Release|Any CPU
		{A82C8CEE-BF1F-4CBE-9DC7-C8E16489CD6B}.Debug|Any CPU.ActiveCfg = Debug|Any CPU
		{A82C8CEE-BF1F-4CBE-9DC7-C8E16489CD6B}.Debug|Any CPU.Build.0 = Debug|Any CPU
		{A82C8CEE-BF1F-4CBE-9DC7-C8E16489CD6B}.Release|Any CPU.ActiveCfg = Release|Any CPU
		{A82C8CEE-BF1F-4CBE-9DC7-C8E16489CD6B}.Release|Any CPU.Build.0 = Release|Any CPU
		{9F52A57F-8133-434E-A42B-CB9859001042}.Debug|Any CPU.ActiveCfg = Debug|Any CPU
		{9F52A57F-8133-434E-A42B-CB9859001042}.Debug|Any CPU.Build.0 = Debug|Any CPU
		{9F52A57F-8133-434E-A42B-CB9859001042}.Release|Any CPU.ActiveCfg = Release|Any CPU
		{9F52A57F-8133-434E-A42B-CB9859001042}.Release|Any CPU.Build.0 = Release|Any CPU
		{D0154ED3-B274-4C3F-BB05-9EB838184BAD}.Debug|Any CPU.ActiveCfg = Debug|Any CPU
		{D0154ED3-B274-4C3F-BB05-9EB838184BAD}.Debug|Any CPU.Build.0 = Debug|Any CPU
		{D0154ED3-B274-4C3F-BB05-9EB838184BAD}.Release|Any CPU.ActiveCfg = Release|Any CPU
		{D0154ED3-B274-4C3F-BB05-9EB838184BAD}.Release|Any CPU.Build.0 = Release|Any CPU
		{65B05CBE-D2DD-485D-8B5B-931185F432F8}.Debug|Any CPU.ActiveCfg = Debug|Any CPU
		{65B05CBE-D2DD-485D-8B5B-931185F432F8}.Debug|Any CPU.Build.0 = Debug|Any CPU
		{65B05CBE-D2DD-485D-8B5B-931185F432F8}.Release|Any CPU.ActiveCfg = Release|Any CPU
		{65B05CBE-D2DD-485D-8B5B-931185F432F8}.Release|Any CPU.Build.0 = Release|Any CPU
		{A512025B-72F4-4D72-8504-0FDCB2EEE4AD}.Debug|Any CPU.ActiveCfg = Debug|Any CPU
		{A512025B-72F4-4D72-8504-0FDCB2EEE4AD}.Debug|Any CPU.Build.0 = Debug|Any CPU
		{A512025B-72F4-4D72-8504-0FDCB2EEE4AD}.Release|Any CPU.ActiveCfg = Release|Any CPU
		{A512025B-72F4-4D72-8504-0FDCB2EEE4AD}.Release|Any CPU.Build.0 = Release|Any CPU
		{CF0D5CE0-ADAF-44B7-9AF9-C1C5644FC0B3}.Debug|Any CPU.ActiveCfg = Debug|Any CPU
		{CF0D5CE0-ADAF-44B7-9AF9-C1C5644FC0B3}.Debug|Any CPU.Build.0 = Debug|Any CPU
		{CF0D5CE0-ADAF-44B7-9AF9-C1C5644FC0B3}.Release|Any CPU.ActiveCfg = Release|Any CPU
		{CF0D5CE0-ADAF-44B7-9AF9-C1C5644FC0B3}.Release|Any CPU.Build.0 = Release|Any CPU
		{03570766-26F8-4C25-AABB-A83FAC007CD8}.Debug|Any CPU.ActiveCfg = Debug|Any CPU
		{03570766-26F8-4C25-AABB-A83FAC007CD8}.Debug|Any CPU.Build.0 = Debug|Any CPU
		{03570766-26F8-4C25-AABB-A83FAC007CD8}.Release|Any CPU.ActiveCfg = Release|Any CPU
		{03570766-26F8-4C25-AABB-A83FAC007CD8}.Release|Any CPU.Build.0 = Release|Any CPU
		{6B3A7468-43CB-46B0-B286-BB78EA855776}.Debug|Any CPU.ActiveCfg = Debug|Any CPU
		{6B3A7468-43CB-46B0-B286-BB78EA855776}.Debug|Any CPU.Build.0 = Debug|Any CPU
		{6B3A7468-43CB-46B0-B286-BB78EA855776}.Release|Any CPU.ActiveCfg = Release|Any CPU
		{6B3A7468-43CB-46B0-B286-BB78EA855776}.Release|Any CPU.Build.0 = Release|Any CPU
		{E56065C1-8400-4308-8145-F22DE901DD6A}.Debug|Any CPU.ActiveCfg = Debug|Any CPU
		{E56065C1-8400-4308-8145-F22DE901DD6A}.Debug|Any CPU.Build.0 = Debug|Any CPU
		{E56065C1-8400-4308-8145-F22DE901DD6A}.Release|Any CPU.ActiveCfg = Release|Any CPU
		{E56065C1-8400-4308-8145-F22DE901DD6A}.Release|Any CPU.Build.0 = Release|Any CPU
		{74220B81-17A4-41A6-970F-666B3E46F08B}.Debug|Any CPU.ActiveCfg = Debug|Any CPU
		{74220B81-17A4-41A6-970F-666B3E46F08B}.Debug|Any CPU.Build.0 = Debug|Any CPU
		{74220B81-17A4-41A6-970F-666B3E46F08B}.Release|Any CPU.ActiveCfg = Release|Any CPU
		{74220B81-17A4-41A6-970F-666B3E46F08B}.Release|Any CPU.Build.0 = Release|Any CPU
		{E4ECFA96-F9C1-4097-9FD4-4C818C8867CD}.Debug|Any CPU.ActiveCfg = Debug|Any CPU
		{E4ECFA96-F9C1-4097-9FD4-4C818C8867CD}.Debug|Any CPU.Build.0 = Debug|Any CPU
		{E4ECFA96-F9C1-4097-9FD4-4C818C8867CD}.Release|Any CPU.ActiveCfg = Release|Any CPU
		{E4ECFA96-F9C1-4097-9FD4-4C818C8867CD}.Release|Any CPU.Build.0 = Release|Any CPU
		{796D483D-19B5-473B-A88C-C28E470ECEE4}.Debug|Any CPU.ActiveCfg = Debug|Any CPU
		{796D483D-19B5-473B-A88C-C28E470ECEE4}.Debug|Any CPU.Build.0 = Debug|Any CPU
		{796D483D-19B5-473B-A88C-C28E470ECEE4}.Release|Any CPU.ActiveCfg = Release|Any CPU
		{796D483D-19B5-473B-A88C-C28E470ECEE4}.Release|Any CPU.Build.0 = Release|Any CPU
		{6615411E-9FDB-4D54-97C8-6330213DC240}.Debug|Any CPU.ActiveCfg = Debug|Any CPU
		{6615411E-9FDB-4D54-97C8-6330213DC240}.Debug|Any CPU.Build.0 = Debug|Any CPU
		{6615411E-9FDB-4D54-97C8-6330213DC240}.Release|Any CPU.ActiveCfg = Release|Any CPU
		{6615411E-9FDB-4D54-97C8-6330213DC240}.Release|Any CPU.Build.0 = Release|Any CPU
		{AD7090F3-3118-4B8A-9CB6-32ECDF0D8815}.Debug|Any CPU.ActiveCfg = Debug|Any CPU
		{AD7090F3-3118-4B8A-9CB6-32ECDF0D8815}.Debug|Any CPU.Build.0 = Debug|Any CPU
		{AD7090F3-3118-4B8A-9CB6-32ECDF0D8815}.Release|Any CPU.ActiveCfg = Release|Any CPU
		{AD7090F3-3118-4B8A-9CB6-32ECDF0D8815}.Release|Any CPU.Build.0 = Release|Any CPU
		{83E6F364-36C7-4FAC-B43A-771FD6E60EEC}.Debug|Any CPU.ActiveCfg = Debug|Any CPU
		{83E6F364-36C7-4FAC-B43A-771FD6E60EEC}.Debug|Any CPU.Build.0 = Debug|Any CPU
		{83E6F364-36C7-4FAC-B43A-771FD6E60EEC}.Release|Any CPU.ActiveCfg = Release|Any CPU
		{83E6F364-36C7-4FAC-B43A-771FD6E60EEC}.Release|Any CPU.Build.0 = Release|Any CPU
		{752FCD11-DC90-4F83-AA04-CA6BEEAAAE3E}.Debug|Any CPU.ActiveCfg = Debug|Any CPU
		{752FCD11-DC90-4F83-AA04-CA6BEEAAAE3E}.Debug|Any CPU.Build.0 = Debug|Any CPU
		{752FCD11-DC90-4F83-AA04-CA6BEEAAAE3E}.Release|Any CPU.ActiveCfg = Release|Any CPU
		{752FCD11-DC90-4F83-AA04-CA6BEEAAAE3E}.Release|Any CPU.Build.0 = Release|Any CPU
		{A5FE676F-2C5A-40F2-BEA2-D03C8D5C05AB}.Debug|Any CPU.ActiveCfg = Debug|Any CPU
		{A5FE676F-2C5A-40F2-BEA2-D03C8D5C05AB}.Debug|Any CPU.Build.0 = Debug|Any CPU
		{A5FE676F-2C5A-40F2-BEA2-D03C8D5C05AB}.Release|Any CPU.ActiveCfg = Release|Any CPU
		{A5FE676F-2C5A-40F2-BEA2-D03C8D5C05AB}.Release|Any CPU.Build.0 = Release|Any CPU
		{6E06F0EF-4A90-43D1-AA61-FC5E09EB0877}.Debug|Any CPU.ActiveCfg = Debug|Any CPU
		{6E06F0EF-4A90-43D1-AA61-FC5E09EB0877}.Debug|Any CPU.Build.0 = Debug|Any CPU
		{6E06F0EF-4A90-43D1-AA61-FC5E09EB0877}.Release|Any CPU.ActiveCfg = Release|Any CPU
		{6E06F0EF-4A90-43D1-AA61-FC5E09EB0877}.Release|Any CPU.Build.0 = Release|Any CPU
		{6332A007-D01B-4CF9-BE09-BFB954FC9306}.Debug|Any CPU.ActiveCfg = Debug|Any CPU
		{6332A007-D01B-4CF9-BE09-BFB954FC9306}.Debug|Any CPU.Build.0 = Debug|Any CPU
		{6332A007-D01B-4CF9-BE09-BFB954FC9306}.Release|Any CPU.ActiveCfg = Release|Any CPU
		{6332A007-D01B-4CF9-BE09-BFB954FC9306}.Release|Any CPU.Build.0 = Release|Any CPU
		{C2F6F69B-4E0C-46D8-BAA6-A4A3BDEE4E8C}.Debug|Any CPU.ActiveCfg = Debug|Any CPU
		{C2F6F69B-4E0C-46D8-BAA6-A4A3BDEE4E8C}.Debug|Any CPU.Build.0 = Debug|Any CPU
		{C2F6F69B-4E0C-46D8-BAA6-A4A3BDEE4E8C}.Release|Any CPU.ActiveCfg = Release|Any CPU
		{C2F6F69B-4E0C-46D8-BAA6-A4A3BDEE4E8C}.Release|Any CPU.Build.0 = Release|Any CPU
		{BBE564CB-CA97-46C4-BE5C-5F718FDE700A}.Debug|Any CPU.ActiveCfg = Debug|Any CPU
		{BBE564CB-CA97-46C4-BE5C-5F718FDE700A}.Debug|Any CPU.Build.0 = Debug|Any CPU
		{BBE564CB-CA97-46C4-BE5C-5F718FDE700A}.Release|Any CPU.ActiveCfg = Release|Any CPU
		{BBE564CB-CA97-46C4-BE5C-5F718FDE700A}.Release|Any CPU.Build.0 = Release|Any CPU
		{BA56CBD5-A9B0-4EE0-974C-33FAE072A8AB}.Debug|Any CPU.ActiveCfg = Debug|Any CPU
		{BA56CBD5-A9B0-4EE0-974C-33FAE072A8AB}.Debug|Any CPU.Build.0 = Debug|Any CPU
		{BA56CBD5-A9B0-4EE0-974C-33FAE072A8AB}.Release|Any CPU.ActiveCfg = Release|Any CPU
		{BA56CBD5-A9B0-4EE0-974C-33FAE072A8AB}.Release|Any CPU.Build.0 = Release|Any CPU
		{9CB2D71B-1BE7-4927-87D8-7EB1469E2855}.Debug|Any CPU.ActiveCfg = Debug|Any CPU
		{9CB2D71B-1BE7-4927-87D8-7EB1469E2855}.Debug|Any CPU.Build.0 = Debug|Any CPU
		{9CB2D71B-1BE7-4927-87D8-7EB1469E2855}.Release|Any CPU.ActiveCfg = Release|Any CPU
		{9CB2D71B-1BE7-4927-87D8-7EB1469E2855}.Release|Any CPU.Build.0 = Release|Any CPU
		{5AA87F5D-CD54-47CA-91BE-DA41733D44A8}.Debug|Any CPU.ActiveCfg = Debug|Any CPU
		{5AA87F5D-CD54-47CA-91BE-DA41733D44A8}.Debug|Any CPU.Build.0 = Debug|Any CPU
		{5AA87F5D-CD54-47CA-91BE-DA41733D44A8}.Release|Any CPU.ActiveCfg = Release|Any CPU
		{5AA87F5D-CD54-47CA-91BE-DA41733D44A8}.Release|Any CPU.Build.0 = Release|Any CPU
		{8A0ED31C-4228-4322-901B-827138F72722}.Debug|Any CPU.ActiveCfg = Debug|Any CPU
		{8A0ED31C-4228-4322-901B-827138F72722}.Debug|Any CPU.Build.0 = Debug|Any CPU
		{8A0ED31C-4228-4322-901B-827138F72722}.Release|Any CPU.ActiveCfg = Release|Any CPU
		{8A0ED31C-4228-4322-901B-827138F72722}.Release|Any CPU.Build.0 = Release|Any CPU
		{22A69DF6-566C-4043-8156-95E801ED232A}.Debug|Any CPU.ActiveCfg = Debug|Any CPU
		{22A69DF6-566C-4043-8156-95E801ED232A}.Debug|Any CPU.Build.0 = Debug|Any CPU
		{22A69DF6-566C-4043-8156-95E801ED232A}.Release|Any CPU.ActiveCfg = Release|Any CPU
		{22A69DF6-566C-4043-8156-95E801ED232A}.Release|Any CPU.Build.0 = Release|Any CPU
		{5DE83707-A7A6-4624-B8A3-4EB7CFD00D70}.Debug|Any CPU.ActiveCfg = Debug|Any CPU
		{5DE83707-A7A6-4624-B8A3-4EB7CFD00D70}.Debug|Any CPU.Build.0 = Debug|Any CPU
		{5DE83707-A7A6-4624-B8A3-4EB7CFD00D70}.Release|Any CPU.ActiveCfg = Release|Any CPU
		{5DE83707-A7A6-4624-B8A3-4EB7CFD00D70}.Release|Any CPU.Build.0 = Release|Any CPU
		{F0AE06D6-C815-421E-BCEA-DA4FF9BE8357}.Debug|Any CPU.ActiveCfg = Debug|Any CPU
		{F0AE06D6-C815-421E-BCEA-DA4FF9BE8357}.Debug|Any CPU.Build.0 = Debug|Any CPU
		{F0AE06D6-C815-421E-BCEA-DA4FF9BE8357}.Release|Any CPU.ActiveCfg = Release|Any CPU
		{F0AE06D6-C815-421E-BCEA-DA4FF9BE8357}.Release|Any CPU.Build.0 = Release|Any CPU
		{F3D90FC9-FAB5-49EB-9A4D-BBF28F8116AA}.Debug|Any CPU.ActiveCfg = Debug|Any CPU
		{F3D90FC9-FAB5-49EB-9A4D-BBF28F8116AA}.Debug|Any CPU.Build.0 = Debug|Any CPU
		{F3D90FC9-FAB5-49EB-9A4D-BBF28F8116AA}.Release|Any CPU.ActiveCfg = Release|Any CPU
		{F3D90FC9-FAB5-49EB-9A4D-BBF28F8116AA}.Release|Any CPU.Build.0 = Release|Any CPU
	EndGlobalSection
	GlobalSection(SolutionProperties) = preSolution
		HideSolutionNode = FALSE
	EndGlobalSection
	GlobalSection(NestedProjects) = preSolution
		{E65847A5-6D5C-4510-AFF6-D12FD3146555} = {8C0E6601-CC7E-4A02-91B1-1E2BF93DBF9E}
		{30130916-223A-444F-B321-5FF023F5B73A} = {17EC73D7-89DD-4A26-BC01-F34900140409}
		{CDFBDF7F-A64D-4B2C-A06C-1BF62B449918} = {17EC73D7-89DD-4A26-BC01-F34900140409}
		{FBC24547-609E-4FEE-A21E-E91C1E931BEC} = {8C0E6601-CC7E-4A02-91B1-1E2BF93DBF9E}
		{03343080-05E7-4EF1-9262-3F5DD98C7F94} = {17EC73D7-89DD-4A26-BC01-F34900140409}
		{BC8D2130-282B-4360-ACBE-866A8D59E841} = {8C0E6601-CC7E-4A02-91B1-1E2BF93DBF9E}
		{6D3D6602-D8C1-4E81-8044-74D4A32983BC} = {8C0E6601-CC7E-4A02-91B1-1E2BF93DBF9E}
		{9B3305D7-0814-4806-B071-12933F7E5E66} = {17EC73D7-89DD-4A26-BC01-F34900140409}
		{E54D6EFE-AAF4-460F-A06A-961EC66121DA} = {17EC73D7-89DD-4A26-BC01-F34900140409}
		{A82C8CEE-BF1F-4CBE-9DC7-C8E16489CD6B} = {8C0E6601-CC7E-4A02-91B1-1E2BF93DBF9E}
		{9F52A57F-8133-434E-A42B-CB9859001042} = {17EC73D7-89DD-4A26-BC01-F34900140409}
		{D0154ED3-B274-4C3F-BB05-9EB838184BAD} = {8C0E6601-CC7E-4A02-91B1-1E2BF93DBF9E}
		{65B05CBE-D2DD-485D-8B5B-931185F432F8} = {17EC73D7-89DD-4A26-BC01-F34900140409}
		{A512025B-72F4-4D72-8504-0FDCB2EEE4AD} = {8C0E6601-CC7E-4A02-91B1-1E2BF93DBF9E}
		{CF0D5CE0-ADAF-44B7-9AF9-C1C5644FC0B3} = {17EC73D7-89DD-4A26-BC01-F34900140409}
		{03570766-26F8-4C25-AABB-A83FAC007CD8} = {DA72FD0C-6B60-455A-9A07-7CA9D9064402}
		{6B3A7468-43CB-46B0-B286-BB78EA855776} = {DA72FD0C-6B60-455A-9A07-7CA9D9064402}
		{E56065C1-8400-4308-8145-F22DE901DD6A} = {DA72FD0C-6B60-455A-9A07-7CA9D9064402}
		{74220B81-17A4-41A6-970F-666B3E46F08B} = {8C0E6601-CC7E-4A02-91B1-1E2BF93DBF9E}
		{E4ECFA96-F9C1-4097-9FD4-4C818C8867CD} = {DA72FD0C-6B60-455A-9A07-7CA9D9064402}
		{796D483D-19B5-473B-A88C-C28E470ECEE4} = {8C0E6601-CC7E-4A02-91B1-1E2BF93DBF9E}
		{6615411E-9FDB-4D54-97C8-6330213DC240} = {17EC73D7-89DD-4A26-BC01-F34900140409}
		{AD7090F3-3118-4B8A-9CB6-32ECDF0D8815} = {8C0E6601-CC7E-4A02-91B1-1E2BF93DBF9E}
		{83E6F364-36C7-4FAC-B43A-771FD6E60EEC} = {17EC73D7-89DD-4A26-BC01-F34900140409}
		{752FCD11-DC90-4F83-AA04-CA6BEEAAAE3E} = {DA72FD0C-6B60-455A-9A07-7CA9D9064402}
		{A5FE676F-2C5A-40F2-BEA2-D03C8D5C05AB} = {DA72FD0C-6B60-455A-9A07-7CA9D9064402}
		{6E06F0EF-4A90-43D1-AA61-FC5E09EB0877} = {DA72FD0C-6B60-455A-9A07-7CA9D9064402}
		{6332A007-D01B-4CF9-BE09-BFB954FC9306} = {DA72FD0C-6B60-455A-9A07-7CA9D9064402}
		{C2F6F69B-4E0C-46D8-BAA6-A4A3BDEE4E8C} = {DA72FD0C-6B60-455A-9A07-7CA9D9064402}
		{BBE564CB-CA97-46C4-BE5C-5F718FDE700A} = {8C0E6601-CC7E-4A02-91B1-1E2BF93DBF9E}
		{BA56CBD5-A9B0-4EE0-974C-33FAE072A8AB} = {17EC73D7-89DD-4A26-BC01-F34900140409}
		{9CB2D71B-1BE7-4927-87D8-7EB1469E2855} = {8C0E6601-CC7E-4A02-91B1-1E2BF93DBF9E}
		{5AA87F5D-CD54-47CA-91BE-DA41733D44A8} = {17EC73D7-89DD-4A26-BC01-F34900140409}
		{8A0ED31C-4228-4322-901B-827138F72722} = {DA72FD0C-6B60-455A-9A07-7CA9D9064402}
		{22A69DF6-566C-4043-8156-95E801ED232A} = {DA72FD0C-6B60-455A-9A07-7CA9D9064402}
		{5DE83707-A7A6-4624-B8A3-4EB7CFD00D70} = {DA72FD0C-6B60-455A-9A07-7CA9D9064402}
		{F0AE06D6-C815-421E-BCEA-DA4FF9BE8357} = {DA72FD0C-6B60-455A-9A07-7CA9D9064402}
		{F3D90FC9-FAB5-49EB-9A4D-BBF28F8116AA} = {DA72FD0C-6B60-455A-9A07-7CA9D9064402}
	EndGlobalSection
	GlobalSection(ExtensibilityGlobals) = postSolution
		SolutionGuid = {FF622C8D-0862-46BD-806B-1624BEC226E5}
	EndGlobalSection
EndGlobal
