
Microsoft Visual Studio Solution File, Format Version 12.00
# Visual Studio 15
VisualStudioVersion = 15.0.27130.2010
MinimumVisualStudioVersion = 10.0.40219.1
Project("{2150E333-8FDC-42A3-9474-1A3956D46DE8}") = "src", "src", "{8C0E6601-CC7E-4A02-91B1-1E2BF93DBF9E}"
EndProject
Project("{2150E333-8FDC-42A3-9474-1A3956D46DE8}") = "test", "test", "{17EC73D7-89DD-4A26-BC01-F34900140409}"
EndProject
Project("{2150E333-8FDC-42A3-9474-1A3956D46DE8}") = "config", "config", "{2D89EFD8-0718-443C-B615-AF6C4D6DFB8D}"
	ProjectSection(SolutionItems) = preProject
		config\versions-dev.props = config\versions-dev.props
		config\versions-master.props = config\versions-master.props
		config\versions.props = config\versions.props
	EndProjectSection
EndProject
Project("{9A19103F-16F7-4668-BE54-9A1E7A4F7556}") = "Steeltoe.Extensions.Configuration.CloudFoundryAutofac", "src\Steeltoe.Extensions.Configuration.CloudFoundryAutofac\Steeltoe.Extensions.Configuration.CloudFoundryAutofac.csproj", "{B5189734-AA9B-4B98-ADBE-16EF97F0C12D}"
EndProject
Project("{9A19103F-16F7-4668-BE54-9A1E7A4F7556}") = "Steeltoe.Extensions.Configuration.CloudFoundryCore", "src\Steeltoe.Extensions.Configuration.CloudFoundryCore\Steeltoe.Extensions.Configuration.CloudFoundryCore.csproj", "{E65847A5-6D5C-4510-AFF6-D12FD3146555}"
EndProject
Project("{9A19103F-16F7-4668-BE54-9A1E7A4F7556}") = "Steeltoe.Extensions.Configuration.CloudFoundryCore.Test", "test\Steeltoe.Extensions.Configuration.CloudFoundryCore.Test\Steeltoe.Extensions.Configuration.CloudFoundryCore.Test.csproj", "{30130916-223A-444F-B321-5FF023F5B73A}"
EndProject
Project("{9A19103F-16F7-4668-BE54-9A1E7A4F7556}") = "Steeltoe.Extensions.Configuration.ConfigServer.ITest", "test\Steeltoe.Extensions.Configuration.ConfigServer.ITest\Steeltoe.Extensions.Configuration.ConfigServer.ITest.csproj", "{CDFBDF7F-A64D-4B2C-A06C-1BF62B449918}"
EndProject
Project("{9A19103F-16F7-4668-BE54-9A1E7A4F7556}") = "Steeltoe.Extensions.Configuration.ConfigServerCore", "src\Steeltoe.Extensions.Configuration.ConfigServerCore\Steeltoe.Extensions.Configuration.ConfigServerCore.csproj", "{FBC24547-609E-4FEE-A21E-E91C1E931BEC}"
EndProject
Project("{9A19103F-16F7-4668-BE54-9A1E7A4F7556}") = "Steeltoe.Extensions.Configuration.ConfigServerCore.Test", "test\Steeltoe.Extensions.Configuration.ConfigServerCore.Test\Steeltoe.Extensions.Configuration.ConfigServerCore.Test.csproj", "{03343080-05E7-4EF1-9262-3F5DD98C7F94}"
EndProject
Project("{9A19103F-16F7-4668-BE54-9A1E7A4F7556}") = "Steeltoe.Extensions.Configuration.ConfigServerAutofac", "src\Steeltoe.Extensions.Configuration.ConfigServerAutofac\Steeltoe.Extensions.Configuration.ConfigServerAutofac.csproj", "{4FEF04FD-CB3E-4313-9A94-FC0DC06F364B}"
EndProject
Project("{2150E333-8FDC-42A3-9474-1A3956D46DE8}") = "Solution Items", "Solution Items", "{FCAA7882-AB30-4C61-9C14-989D77A69E33}"
	ProjectSection(SolutionItems) = preProject
		.appveyor.yml = .appveyor.yml
		.travis.yml = .travis.yml
		nuget.config = nuget.config
		README.md = README.md
		stylecop.json = stylecop.json
	EndProjectSection
EndProject
Project("{9A19103F-16F7-4668-BE54-9A1E7A4F7556}") = "Steeltoe.Extensions.Configuration.CloudFoundryAutofac.Test", "test\Steeltoe.Extensions.Configuration.CloudFoundryAutofac.Test\Steeltoe.Extensions.Configuration.CloudFoundryAutofac.Test.csproj", "{25EDCCCB-769D-47A5-840D-743536783C0C}"
EndProject
Project("{9A19103F-16F7-4668-BE54-9A1E7A4F7556}") = "Steeltoe.Extensions.Configuration.ConfigServerAutofac.Test", "test\Steeltoe.Extensions.Configuration.ConfigServerAutofac.Test\Steeltoe.Extensions.Configuration.ConfigServerAutofac.Test.csproj", "{EDA41CA7-59FA-410C-B830-93822BE6A201}"
EndProject
Project("{9A19103F-16F7-4668-BE54-9A1E7A4F7556}") = "Steeltoe.Extensions.Configuration.CloudFoundryBase", "src\Steeltoe.Extensions.Configuration.CloudFoundryBase\Steeltoe.Extensions.Configuration.CloudFoundryBase.csproj", "{BC8D2130-282B-4360-ACBE-866A8D59E841}"
EndProject
Project("{9A19103F-16F7-4668-BE54-9A1E7A4F7556}") = "Steeltoe.Extensions.Configuration.ConfigServerBase", "src\Steeltoe.Extensions.Configuration.ConfigServerBase\Steeltoe.Extensions.Configuration.ConfigServerBase.csproj", "{6D3D6602-D8C1-4E81-8044-74D4A32983BC}"
EndProject
Project("{9A19103F-16F7-4668-BE54-9A1E7A4F7556}") = "Steeltoe.Extensions.Configuration.CloudFoundryBase.Test", "test\Steeltoe.Extensions.Configuration.CloudFoundryBase.Test\Steeltoe.Extensions.Configuration.CloudFoundryBase.Test.csproj", "{9B3305D7-0814-4806-B071-12933F7E5E66}"
EndProject
Project("{9A19103F-16F7-4668-BE54-9A1E7A4F7556}") = "Steeltoe.Extensions.Configuration.ConfigServerBase.Test", "test\Steeltoe.Extensions.Configuration.ConfigServerBase.Test\Steeltoe.Extensions.Configuration.ConfigServerBase.Test.csproj", "{E54D6EFE-AAF4-460F-A06A-961EC66121DA}"
EndProject
Global
	GlobalSection(SolutionConfigurationPlatforms) = preSolution
		Debug|Any CPU = Debug|Any CPU
		Release|Any CPU = Release|Any CPU
	EndGlobalSection
	GlobalSection(ProjectConfigurationPlatforms) = postSolution
		{B5189734-AA9B-4B98-ADBE-16EF97F0C12D}.Debug|Any CPU.ActiveCfg = Debug|Any CPU
		{B5189734-AA9B-4B98-ADBE-16EF97F0C12D}.Debug|Any CPU.Build.0 = Debug|Any CPU
		{B5189734-AA9B-4B98-ADBE-16EF97F0C12D}.Release|Any CPU.ActiveCfg = Release|Any CPU
		{B5189734-AA9B-4B98-ADBE-16EF97F0C12D}.Release|Any CPU.Build.0 = Release|Any CPU
		{E65847A5-6D5C-4510-AFF6-D12FD3146555}.Debug|Any CPU.ActiveCfg = Debug|Any CPU
		{E65847A5-6D5C-4510-AFF6-D12FD3146555}.Debug|Any CPU.Build.0 = Debug|Any CPU
		{E65847A5-6D5C-4510-AFF6-D12FD3146555}.Release|Any CPU.ActiveCfg = Release|Any CPU
		{E65847A5-6D5C-4510-AFF6-D12FD3146555}.Release|Any CPU.Build.0 = Release|Any CPU
		{30130916-223A-444F-B321-5FF023F5B73A}.Debug|Any CPU.ActiveCfg = Debug|Any CPU
		{30130916-223A-444F-B321-5FF023F5B73A}.Debug|Any CPU.Build.0 = Debug|Any CPU
		{30130916-223A-444F-B321-5FF023F5B73A}.Release|Any CPU.ActiveCfg = Release|Any CPU
		{30130916-223A-444F-B321-5FF023F5B73A}.Release|Any CPU.Build.0 = Release|Any CPU
		{CDFBDF7F-A64D-4B2C-A06C-1BF62B449918}.Debug|Any CPU.ActiveCfg = Debug|Any CPU
		{CDFBDF7F-A64D-4B2C-A06C-1BF62B449918}.Debug|Any CPU.Build.0 = Debug|Any CPU
		{CDFBDF7F-A64D-4B2C-A06C-1BF62B449918}.Release|Any CPU.ActiveCfg = Release|Any CPU
		{CDFBDF7F-A64D-4B2C-A06C-1BF62B449918}.Release|Any CPU.Build.0 = Release|Any CPU
		{FBC24547-609E-4FEE-A21E-E91C1E931BEC}.Debug|Any CPU.ActiveCfg = Debug|Any CPU
		{FBC24547-609E-4FEE-A21E-E91C1E931BEC}.Debug|Any CPU.Build.0 = Debug|Any CPU
		{FBC24547-609E-4FEE-A21E-E91C1E931BEC}.Release|Any CPU.ActiveCfg = Release|Any CPU
		{FBC24547-609E-4FEE-A21E-E91C1E931BEC}.Release|Any CPU.Build.0 = Release|Any CPU
		{03343080-05E7-4EF1-9262-3F5DD98C7F94}.Debug|Any CPU.ActiveCfg = Debug|Any CPU
		{03343080-05E7-4EF1-9262-3F5DD98C7F94}.Debug|Any CPU.Build.0 = Debug|Any CPU
		{03343080-05E7-4EF1-9262-3F5DD98C7F94}.Release|Any CPU.ActiveCfg = Release|Any CPU
		{03343080-05E7-4EF1-9262-3F5DD98C7F94}.Release|Any CPU.Build.0 = Release|Any CPU
		{4FEF04FD-CB3E-4313-9A94-FC0DC06F364B}.Debug|Any CPU.ActiveCfg = Debug|Any CPU
		{4FEF04FD-CB3E-4313-9A94-FC0DC06F364B}.Debug|Any CPU.Build.0 = Debug|Any CPU
		{4FEF04FD-CB3E-4313-9A94-FC0DC06F364B}.Release|Any CPU.ActiveCfg = Release|Any CPU
		{4FEF04FD-CB3E-4313-9A94-FC0DC06F364B}.Release|Any CPU.Build.0 = Release|Any CPU
		{25EDCCCB-769D-47A5-840D-743536783C0C}.Debug|Any CPU.ActiveCfg = Debug|Any CPU
		{25EDCCCB-769D-47A5-840D-743536783C0C}.Debug|Any CPU.Build.0 = Debug|Any CPU
		{25EDCCCB-769D-47A5-840D-743536783C0C}.Release|Any CPU.ActiveCfg = Release|Any CPU
		{25EDCCCB-769D-47A5-840D-743536783C0C}.Release|Any CPU.Build.0 = Release|Any CPU
		{EDA41CA7-59FA-410C-B830-93822BE6A201}.Debug|Any CPU.ActiveCfg = Debug|Any CPU
		{EDA41CA7-59FA-410C-B830-93822BE6A201}.Debug|Any CPU.Build.0 = Debug|Any CPU
		{EDA41CA7-59FA-410C-B830-93822BE6A201}.Release|Any CPU.ActiveCfg = Release|Any CPU
		{EDA41CA7-59FA-410C-B830-93822BE6A201}.Release|Any CPU.Build.0 = Release|Any CPU
		{BC8D2130-282B-4360-ACBE-866A8D59E841}.Debug|Any CPU.ActiveCfg = Debug|Any CPU
		{BC8D2130-282B-4360-ACBE-866A8D59E841}.Debug|Any CPU.Build.0 = Debug|Any CPU
		{BC8D2130-282B-4360-ACBE-866A8D59E841}.Release|Any CPU.ActiveCfg = Release|Any CPU
		{BC8D2130-282B-4360-ACBE-866A8D59E841}.Release|Any CPU.Build.0 = Release|Any CPU
		{6D3D6602-D8C1-4E81-8044-74D4A32983BC}.Debug|Any CPU.ActiveCfg = Debug|Any CPU
		{6D3D6602-D8C1-4E81-8044-74D4A32983BC}.Debug|Any CPU.Build.0 = Debug|Any CPU
		{6D3D6602-D8C1-4E81-8044-74D4A32983BC}.Release|Any CPU.ActiveCfg = Release|Any CPU
		{6D3D6602-D8C1-4E81-8044-74D4A32983BC}.Release|Any CPU.Build.0 = Release|Any CPU
		{9B3305D7-0814-4806-B071-12933F7E5E66}.Debug|Any CPU.ActiveCfg = Debug|Any CPU
		{9B3305D7-0814-4806-B071-12933F7E5E66}.Debug|Any CPU.Build.0 = Debug|Any CPU
		{9B3305D7-0814-4806-B071-12933F7E5E66}.Release|Any CPU.ActiveCfg = Release|Any CPU
		{9B3305D7-0814-4806-B071-12933F7E5E66}.Release|Any CPU.Build.0 = Release|Any CPU
		{E54D6EFE-AAF4-460F-A06A-961EC66121DA}.Debug|Any CPU.ActiveCfg = Debug|Any CPU
		{E54D6EFE-AAF4-460F-A06A-961EC66121DA}.Debug|Any CPU.Build.0 = Debug|Any CPU
		{E54D6EFE-AAF4-460F-A06A-961EC66121DA}.Release|Any CPU.ActiveCfg = Release|Any CPU
		{E54D6EFE-AAF4-460F-A06A-961EC66121DA}.Release|Any CPU.Build.0 = Release|Any CPU
	EndGlobalSection
	GlobalSection(SolutionProperties) = preSolution
		HideSolutionNode = FALSE
	EndGlobalSection
	GlobalSection(NestedProjects) = preSolution
		{B5189734-AA9B-4B98-ADBE-16EF97F0C12D} = {8C0E6601-CC7E-4A02-91B1-1E2BF93DBF9E}
		{E65847A5-6D5C-4510-AFF6-D12FD3146555} = {8C0E6601-CC7E-4A02-91B1-1E2BF93DBF9E}
		{30130916-223A-444F-B321-5FF023F5B73A} = {17EC73D7-89DD-4A26-BC01-F34900140409}
		{CDFBDF7F-A64D-4B2C-A06C-1BF62B449918} = {17EC73D7-89DD-4A26-BC01-F34900140409}
		{FBC24547-609E-4FEE-A21E-E91C1E931BEC} = {8C0E6601-CC7E-4A02-91B1-1E2BF93DBF9E}
		{03343080-05E7-4EF1-9262-3F5DD98C7F94} = {17EC73D7-89DD-4A26-BC01-F34900140409}
		{4FEF04FD-CB3E-4313-9A94-FC0DC06F364B} = {8C0E6601-CC7E-4A02-91B1-1E2BF93DBF9E}
		{25EDCCCB-769D-47A5-840D-743536783C0C} = {17EC73D7-89DD-4A26-BC01-F34900140409}
		{EDA41CA7-59FA-410C-B830-93822BE6A201} = {17EC73D7-89DD-4A26-BC01-F34900140409}
		{BC8D2130-282B-4360-ACBE-866A8D59E841} = {8C0E6601-CC7E-4A02-91B1-1E2BF93DBF9E}
		{6D3D6602-D8C1-4E81-8044-74D4A32983BC} = {8C0E6601-CC7E-4A02-91B1-1E2BF93DBF9E}
		{9B3305D7-0814-4806-B071-12933F7E5E66} = {17EC73D7-89DD-4A26-BC01-F34900140409}
		{E54D6EFE-AAF4-460F-A06A-961EC66121DA} = {17EC73D7-89DD-4A26-BC01-F34900140409}
	EndGlobalSection
	GlobalSection(ExtensibilityGlobals) = postSolution
		SolutionGuid = {FF622C8D-0862-46BD-806B-1624BEC226E5}
	EndGlobalSection
EndGlobal
