
Microsoft Visual Studio Solution File, Format Version 12.00
# Visual Studio Version 16
VisualStudioVersion = 16.0.28803.452
MinimumVisualStudioVersion = 10.0.40219.1
Project("{2150E333-8FDC-42A3-9474-1A3956D46DE8}") = "src", "src", "{8EB76896-49F9-4E3D-AB83-D4000736C67B}"
EndProject
Project("{2150E333-8FDC-42A3-9474-1A3956D46DE8}") = "test", "test", "{F41B6AF4-439F-4666-B5AA-298D560A4986}"
EndProject
Project("{9A19103F-16F7-4668-BE54-9A1E7A4F7556}") = "Steeltoe.Stream.Abstractions", "src\Abstractions\Steeltoe.Stream.Abstractions.csproj", "{7912F213-526F-4DF3-A69B-BC72236CB4D4}"
EndProject
Project("{9A19103F-16F7-4668-BE54-9A1E7A4F7556}") = "Steeltoe.Stream.Base", "src\Base\Steeltoe.Stream.Base.csproj", "{65844A25-D0F7-406C-B72F-CEDFFA334999}"
EndProject
Project("{2150E333-8FDC-42A3-9474-1A3956D46DE8}") = "config", "config", "{6B70EEDB-8FC9-47A2-9D8C-59123B7D390A}"
	ProjectSection(SolutionItems) = preProject
		..\..\nuget.config = ..\..\nuget.config
		..\..\sharedproject.props = ..\..\sharedproject.props
		..\..\sharedtest.props = ..\..\sharedtest.props
		..\..\stylecop.json = ..\..\stylecop.json
		..\..\targetframework.props = ..\..\targetframework.props
		..\..\versions.props = ..\..\versions.props
	EndProjectSection
EndProject
Project("{9A19103F-16F7-4668-BE54-9A1E7A4F7556}") = "Steeltoe.Stream.Base.Test", "test\Base.Test\Steeltoe.Stream.Base.Test.csproj", "{6471337E-3D99-43A6-86D0-8B7F7F5E5B94}"
	ProjectSection(ProjectDependencies) = postProject
		{283933D0-9000-4927-B281-7199C6CB0CD8} = {283933D0-9000-4927-B281-7199C6CB0CD8}
	EndProjectSection
EndProject
Project("{9A19103F-16F7-4668-BE54-9A1E7A4F7556}") = "Steeltoe.Stream.TestBinder", "test\TestBinder\Steeltoe.Stream.TestBinder.csproj", "{283933D0-9000-4927-B281-7199C6CB0CD8}"
EndProject
Project("{9A19103F-16F7-4668-BE54-9A1E7A4F7556}") = "Steeltoe.Stream.StubBinder1", "test\StubBinder1\Steeltoe.Stream.StubBinder1.csproj", "{AD7820CC-0796-442A-8F9F-84DB2066E8E0}"
EndProject
Project("{9A19103F-16F7-4668-BE54-9A1E7A4F7556}") = "Steeltoe.Stream.StubBinder2", "test\StubBinder2\Steeltoe.Stream.StubBinder2.csproj", "{D25E0E07-D62D-45B0-B7A0-042F9F508337}"
EndProject
Project("{9A19103F-16F7-4668-BE54-9A1E7A4F7556}") = "Steeltoe.Stream.MockBinder", "test\MockBinder\Steeltoe.Stream.MockBinder.csproj", "{2AB7E8ED-7A2E-433A-9137-81202068CE97}"
EndProject
Global
	GlobalSection(SolutionConfigurationPlatforms) = preSolution
		Debug|Any CPU = Debug|Any CPU
		Release|Any CPU = Release|Any CPU
	EndGlobalSection
	GlobalSection(ProjectConfigurationPlatforms) = postSolution
		{7912F213-526F-4DF3-A69B-BC72236CB4D4}.Debug|Any CPU.ActiveCfg = Debug|Any CPU
		{7912F213-526F-4DF3-A69B-BC72236CB4D4}.Debug|Any CPU.Build.0 = Debug|Any CPU
		{7912F213-526F-4DF3-A69B-BC72236CB4D4}.Release|Any CPU.ActiveCfg = Release|Any CPU
		{7912F213-526F-4DF3-A69B-BC72236CB4D4}.Release|Any CPU.Build.0 = Release|Any CPU
		{65844A25-D0F7-406C-B72F-CEDFFA334999}.Debug|Any CPU.ActiveCfg = Debug|Any CPU
		{65844A25-D0F7-406C-B72F-CEDFFA334999}.Debug|Any CPU.Build.0 = Debug|Any CPU
		{65844A25-D0F7-406C-B72F-CEDFFA334999}.Release|Any CPU.ActiveCfg = Release|Any CPU
		{65844A25-D0F7-406C-B72F-CEDFFA334999}.Release|Any CPU.Build.0 = Release|Any CPU
		{6471337E-3D99-43A6-86D0-8B7F7F5E5B94}.Debug|Any CPU.ActiveCfg = Debug|Any CPU
		{6471337E-3D99-43A6-86D0-8B7F7F5E5B94}.Debug|Any CPU.Build.0 = Debug|Any CPU
		{6471337E-3D99-43A6-86D0-8B7F7F5E5B94}.Release|Any CPU.ActiveCfg = Release|Any CPU
		{6471337E-3D99-43A6-86D0-8B7F7F5E5B94}.Release|Any CPU.Build.0 = Release|Any CPU
		{283933D0-9000-4927-B281-7199C6CB0CD8}.Debug|Any CPU.ActiveCfg = Debug|Any CPU
		{283933D0-9000-4927-B281-7199C6CB0CD8}.Debug|Any CPU.Build.0 = Debug|Any CPU
		{283933D0-9000-4927-B281-7199C6CB0CD8}.Release|Any CPU.ActiveCfg = Release|Any CPU
		{283933D0-9000-4927-B281-7199C6CB0CD8}.Release|Any CPU.Build.0 = Release|Any CPU
		{AD7820CC-0796-442A-8F9F-84DB2066E8E0}.Debug|Any CPU.ActiveCfg = Debug|Any CPU
		{AD7820CC-0796-442A-8F9F-84DB2066E8E0}.Debug|Any CPU.Build.0 = Debug|Any CPU
		{AD7820CC-0796-442A-8F9F-84DB2066E8E0}.Release|Any CPU.ActiveCfg = Release|Any CPU
		{AD7820CC-0796-442A-8F9F-84DB2066E8E0}.Release|Any CPU.Build.0 = Release|Any CPU
		{D25E0E07-D62D-45B0-B7A0-042F9F508337}.Debug|Any CPU.ActiveCfg = Debug|Any CPU
		{D25E0E07-D62D-45B0-B7A0-042F9F508337}.Debug|Any CPU.Build.0 = Debug|Any CPU
		{D25E0E07-D62D-45B0-B7A0-042F9F508337}.Release|Any CPU.ActiveCfg = Release|Any CPU
		{D25E0E07-D62D-45B0-B7A0-042F9F508337}.Release|Any CPU.Build.0 = Release|Any CPU
		{2AB7E8ED-7A2E-433A-9137-81202068CE97}.Debug|Any CPU.ActiveCfg = Debug|Any CPU
		{2AB7E8ED-7A2E-433A-9137-81202068CE97}.Debug|Any CPU.Build.0 = Debug|Any CPU
		{2AB7E8ED-7A2E-433A-9137-81202068CE97}.Release|Any CPU.ActiveCfg = Release|Any CPU
		{2AB7E8ED-7A2E-433A-9137-81202068CE97}.Release|Any CPU.Build.0 = Release|Any CPU
	EndGlobalSection
	GlobalSection(SolutionProperties) = preSolution
		HideSolutionNode = FALSE
	EndGlobalSection
	GlobalSection(NestedProjects) = preSolution
		{7912F213-526F-4DF3-A69B-BC72236CB4D4} = {8EB76896-49F9-4E3D-AB83-D4000736C67B}
		{65844A25-D0F7-406C-B72F-CEDFFA334999} = {8EB76896-49F9-4E3D-AB83-D4000736C67B}
		{6471337E-3D99-43A6-86D0-8B7F7F5E5B94} = {F41B6AF4-439F-4666-B5AA-298D560A4986}
		{283933D0-9000-4927-B281-7199C6CB0CD8} = {F41B6AF4-439F-4666-B5AA-298D560A4986}
		{AD7820CC-0796-442A-8F9F-84DB2066E8E0} = {F41B6AF4-439F-4666-B5AA-298D560A4986}
		{D25E0E07-D62D-45B0-B7A0-042F9F508337} = {F41B6AF4-439F-4666-B5AA-298D560A4986}
		{2AB7E8ED-7A2E-433A-9137-81202068CE97} = {F41B6AF4-439F-4666-B5AA-298D560A4986}
	EndGlobalSection
	GlobalSection(ExtensibilityGlobals) = postSolution
		SolutionGuid = {B1C5C304-490C-4FC9-922E-F6AE3D56E421}
	EndGlobalSection
EndGlobal
